// !$*UTF8*$!
{
	archiveVersion = 1;
	classes = {
	};
	objectVersion = 46;
	objects = {

/* Begin PBXBuildFile section */
		00C302E51ABCBA2D00DB3ED1 /* libRCTActionSheet.a in Frameworks */ = {isa = PBXBuildFile; fileRef = 00C302AC1ABCB8CE00DB3ED1 /* libRCTActionSheet.a */; };
		00C302E71ABCBA2D00DB3ED1 /* libRCTGeolocation.a in Frameworks */ = {isa = PBXBuildFile; fileRef = 00C302BA1ABCB90400DB3ED1 /* libRCTGeolocation.a */; };
		00C302E81ABCBA2D00DB3ED1 /* libRCTImage.a in Frameworks */ = {isa = PBXBuildFile; fileRef = 00C302C01ABCB91800DB3ED1 /* libRCTImage.a */; };
		00C302E91ABCBA2D00DB3ED1 /* libRCTNetwork.a in Frameworks */ = {isa = PBXBuildFile; fileRef = 00C302DC1ABCB9D200DB3ED1 /* libRCTNetwork.a */; };
		00C302EA1ABCBA2D00DB3ED1 /* libRCTVibration.a in Frameworks */ = {isa = PBXBuildFile; fileRef = 00C302E41ABCB9EE00DB3ED1 /* libRCTVibration.a */; };
		02202B821E840B07006CDA9B /* libRNMail.a in Frameworks */ = {isa = PBXBuildFile; fileRef = 02202B791E840AF7006CDA9B /* libRNMail.a */; };
		02210A811E019037006D7AC0 /* libRNSound.a in Frameworks */ = {isa = PBXBuildFile; fileRef = 02210A7F1E01902A006D7AC0 /* libRNSound.a */; };
		02210A841E0191BA006D7AC0 /* sounds in Resources */ = {isa = PBXBuildFile; fileRef = 02210A831E0191BA006D7AC0 /* sounds */; };
		0221BCD21DDC710400706A4F /* libRCTRestart.a in Frameworks */ = {isa = PBXBuildFile; fileRef = 0221BCD11DDC6D3C00706A4F /* libRCTRestart.a */; };
		0221BD371DDDC24200706A4F /* libRNImagePicker.a in Frameworks */ = {isa = PBXBuildFile; fileRef = 0221BD341DDDC22700706A4F /* libRNImagePicker.a */; };
		0222C3941E0C98B40084C586 /* libRCTPushNotification.a in Frameworks */ = {isa = PBXBuildFile; fileRef = 0222C3801E0C989D0084C586 /* libRCTPushNotification.a */; };
		02321C5B1D7F1BC100282EB1 /* MaterialIcons.ttf in Resources */ = {isa = PBXBuildFile; fileRef = 02321C5A1D7F1BC100282EB1 /* MaterialIcons.ttf */; };
		02321C5D1D80558E00282EB1 /* main.jsbundle in Resources */ = {isa = PBXBuildFile; fileRef = 02321C5C1D80558E00282EB1 /* main.jsbundle */; };
		0235B5D81E65DE4B001D77D1 /* libSQLite.a in Frameworks */ = {isa = PBXBuildFile; fileRef = 0235B5D71E65DE24001D77D1 /* libSQLite.a */; };
		0235B5DB1E65DEAF001D77D1 /* libsqlite3.0.tbd in Frameworks */ = {isa = PBXBuildFile; fileRef = 0235B5DA1E65DEAF001D77D1 /* libsqlite3.0.tbd */; };
		0235B6611E664F02001D77D1 /* libRNDeviceInfo.a in Frameworks */ = {isa = PBXBuildFile; fileRef = 0235B6561E664ECB001D77D1 /* libRNDeviceInfo.a */; };
		023A731F1DA6D58B00E47992 /* libRNRandomBytes.a in Frameworks */ = {isa = PBXBuildFile; fileRef = 02FDD4B41DA6457E004E1D5A /* libRNRandomBytes.a */; };
		0248F0721E5A59BF00C437A9 /* terms.txt in Resources */ = {isa = PBXBuildFile; fileRef = 0248F0711E5A59BF00C437A9 /* terms.txt */; };
		025373851EB3751800752E61 /* libsodium.a in Frameworks */ = {isa = PBXBuildFile; fileRef = 025373841EB3751800752E61 /* libsodium.a */; };
		0253784B1EC4E1A000752E61 /* libBVLinearGradient.a in Frameworks */ = {isa = PBXBuildFile; fileRef = 0253781E1EC4E14700752E61 /* libBVLinearGradient.a */; };
		0253BCEE20ACDE5C001A16B5 /* libKCKeepAwake.a in Frameworks */ = {isa = PBXBuildFile; fileRef = 0253BCED20ACDD5A001A16B5 /* libKCKeepAwake.a */; };
		025935601E809AAF00FAEE7E /* libInAppUtils.a in Frameworks */ = {isa = PBXBuildFile; fileRef = 0259355D1E809AA400FAEE7E /* libInAppUtils.a */; };
		0268189C1F746B9400A42812 /* libRCTCameraRoll.a in Frameworks */ = {isa = PBXBuildFile; fileRef = 026818981F742B9100A42812 /* libRCTCameraRoll.a */; };
		026A54881F9A5F8600D26E34 /* Launch Screen.storyboard in Resources */ = {isa = PBXBuildFile; fileRef = 026A54871F9A5F8600D26E34 /* Launch Screen.storyboard */; };
		026B0DA91E0384EF00B24721 /* libRCTAnimation.a in Frameworks */ = {isa = PBXBuildFile; fileRef = 026B0DA61E0384D700B24721 /* libRCTAnimation.a */; };
		02726F581EB33C7A00D82BF5 /* libsodium-ios in Resources */ = {isa = PBXBuildFile; fileRef = 02726F571EB33C7A00D82BF5 /* libsodium-ios */; };
		02726F891EB33E3000D82BF5 /* RNSodium.m in Sources */ = {isa = PBXBuildFile; fileRef = 02726F881EB33E3000D82BF5 /* RNSodium.m */; };
		029F0E641E55303400C8586F /* libRNShare.a in Frameworks */ = {isa = PBXBuildFile; fileRef = 029F0E601E55301200C8586F /* libRNShare.a */; };
		029F85611EE8052000C0CC31 /* libimageCropPicker.a in Frameworks */ = {isa = PBXBuildFile; fileRef = 029F85331EE804E500C0CC31 /* libimageCropPicker.a */; };
		029F85631EE8067E00C0CC31 /* RSKImageCropper.framework in Frameworks */ = {isa = PBXBuildFile; fileRef = 029F85621EE8067E00C0CC31 /* RSKImageCropper.framework */; };
		029F85641EE8067E00C0CC31 /* RSKImageCropper.framework in Embed Frameworks */ = {isa = PBXBuildFile; fileRef = 029F85621EE8067E00C0CC31 /* RSKImageCropper.framework */; settings = {ATTRIBUTES = (CodeSignOnCopy, RemoveHeadersOnCopy, ); }; };
		029F85671EE8068400C0CC31 /* QBImagePicker.framework in Frameworks */ = {isa = PBXBuildFile; fileRef = 029F85661EE8068400C0CC31 /* QBImagePicker.framework */; };
		029F85681EE8068400C0CC31 /* QBImagePicker.framework in Embed Frameworks */ = {isa = PBXBuildFile; fileRef = 029F85661EE8068400C0CC31 /* QBImagePicker.framework */; settings = {ATTRIBUTES = (CodeSignOnCopy, RemoveHeadersOnCopy, ); }; };
		029F85771EEBBAB400C0CC31 /* libRCTAdSupport.a in Frameworks */ = {isa = PBXBuildFile; fileRef = 029F85761EEBB59A00C0CC31 /* libRCTAdSupport.a */; };
		02A076271E6D8876008974C5 /* maincert.com.cer in Resources */ = {isa = PBXBuildFile; fileRef = 02A075FF1E6D880E008974C5 /* maincert.com.cer */; };
		02A5EE7C1ECA9ECC00ED05C1 /* RNKeychain.m in Sources */ = {isa = PBXBuildFile; fileRef = 02A5EE7B1ECA9ECC00ED05C1 /* RNKeychain.m */; };
		02ADBC5E1EDDA0D600D304BE /* libRCTContacts.a in Frameworks */ = {isa = PBXBuildFile; fileRef = 02ADBC361EDDA0C100D304BE /* libRCTContacts.a */; };
		02AF5ADD20842C18005056CF /* OpenSansSemiBold.ttf in Resources */ = {isa = PBXBuildFile; fileRef = 02AF5AD720842C18005056CF /* OpenSansSemiBold.ttf */; };
		02AF5ADE20842C18005056CF /* OpenSansItalic.ttf in Resources */ = {isa = PBXBuildFile; fileRef = 02AF5AD820842C18005056CF /* OpenSansItalic.ttf */; };
		02AF5ADF20842C18005056CF /* OpenSansSemiBoldItalic.ttf in Resources */ = {isa = PBXBuildFile; fileRef = 02AF5AD920842C18005056CF /* OpenSansSemiBoldItalic.ttf */; };
		02AF5AE020842C18005056CF /* OpenSansBoldItalic.ttf in Resources */ = {isa = PBXBuildFile; fileRef = 02AF5ADA20842C18005056CF /* OpenSansBoldItalic.ttf */; };
		02AF5AE120842C18005056CF /* OpenSans.ttf in Resources */ = {isa = PBXBuildFile; fileRef = 02AF5ADB20842C18005056CF /* OpenSans.ttf */; };
		02AF5AE220842C18005056CF /* OpenSansBold.ttf in Resources */ = {isa = PBXBuildFile; fileRef = 02AF5ADC20842C18005056CF /* OpenSansBold.ttf */; };
		02BCD7291DFDE9AF000B8FCF /* libRNFileOpener.a in Frameworks */ = {isa = PBXBuildFile; fileRef = 02BCD7281DFDE9A2000B8FCF /* libRNFileOpener.a */; };
		02BCD72D1DFE1606000B8FCF /* QuickLook.framework in Frameworks */ = {isa = PBXBuildFile; fileRef = 02BCD72C1DFE1606000B8FCF /* QuickLook.framework */; };
		02D764D31D9B13B300E7E57C /* libRNVectorIcons.a in Frameworks */ = {isa = PBXBuildFile; fileRef = 02D763F21D9918E800E7E57C /* libRNVectorIcons.a */; };
		02DB41591DCD1B1C00E04176 /* Images.xcassets in Resources */ = {isa = PBXBuildFile; fileRef = 13B07FB51A68108700A75B9A /* Images.xcassets */; };
		02E096B31DAE398B00641B85 /* locales in Resources */ = {isa = PBXBuildFile; fileRef = 02E096B21DAE398B00641B85 /* locales */; };
		02E096DA1DAE3B7600641B85 /* libRNFS.a in Frameworks */ = {isa = PBXBuildFile; fileRef = 02E096D11DAE3B3B00641B85 /* libRNFS.a */; };
		02E096DC1DAE50E100641B85 /* dict in Resources */ = {isa = PBXBuildFile; fileRef = 02E096DB1DAE50E100641B85 /* dict */; };
		02F966301E9D493900FBECFF /* libRCTPrivacySnapshot.a in Frameworks */ = {isa = PBXBuildFile; fileRef = 02F966101E9D490700FBECFF /* libRCTPrivacySnapshot.a */; };
		133E29F31AD74F7200F7D852 /* libRCTLinking.a in Frameworks */ = {isa = PBXBuildFile; fileRef = 78C398B91ACF4ADC00677621 /* libRCTLinking.a */; };
		139105C61AF99C1200B5F7CC /* libRCTSettings.a in Frameworks */ = {isa = PBXBuildFile; fileRef = 139105C11AF99BAD00B5F7CC /* libRCTSettings.a */; };
		139FDEF61B0652A700C62182 /* libRCTWebSocket.a in Frameworks */ = {isa = PBXBuildFile; fileRef = 139FDEF41B06529B00C62182 /* libRCTWebSocket.a */; };
		13B07FBC1A68108700A75B9A /* AppDelegate.m in Sources */ = {isa = PBXBuildFile; fileRef = 13B07FB01A68108700A75B9A /* AppDelegate.m */; };
		13B07FC11A68108700A75B9A /* main.m in Sources */ = {isa = PBXBuildFile; fileRef = 13B07FB71A68108700A75B9A /* main.m */; };
		1467A9A8E0304BE0953E715B /* Octicons.ttf in Resources */ = {isa = PBXBuildFile; fileRef = DE216B2DFB25438F8922A621 /* Octicons.ttf */; };
		146834051AC3E58100842450 /* libReact.a in Frameworks */ = {isa = PBXBuildFile; fileRef = 146834041AC3E56700842450 /* libReact.a */; };
		17093292DCFB4EFBB929257F /* Zocial.ttf in Resources */ = {isa = PBXBuildFile; fileRef = 1A7F1F7CA2F44844A0FC718E /* Zocial.ttf */; };
		51CAD96E068B4E2EAA239290 /* FontAwesome.ttf in Resources */ = {isa = PBXBuildFile; fileRef = A7DDFAC6A6F74107A3D45471 /* FontAwesome.ttf */; };
		832341BD1AAA6AB300B99B32 /* libRCTText.a in Frameworks */ = {isa = PBXBuildFile; fileRef = 832341B51AAA6A8300B99B32 /* libRCTText.a */; };
		8390076B9DE5486982F0EBE9 /* Ionicons.ttf in Resources */ = {isa = PBXBuildFile; fileRef = ED79A42A8D3144739CE4C04B /* Ionicons.ttf */; };
		8560D839D75A4E9590C8B1F5 /* SimpleLineIcons.ttf in Resources */ = {isa = PBXBuildFile; fileRef = 372E848CA7B444A09B937444 /* SimpleLineIcons.ttf */; };
		86F7F88564164E3CA0B1265B /* Entypo.ttf in Resources */ = {isa = PBXBuildFile; fileRef = A0F64612EAF249BC98CB3DE2 /* Entypo.ttf */; };
		B73DC4B1F0BD4E63BE1B4BD5 /* Foundation.ttf in Resources */ = {isa = PBXBuildFile; fileRef = B836295CD1B344EBB035E1B6 /* Foundation.ttf */; };
		CF69BA63107E428598B08410 /* EvilIcons.ttf in Resources */ = {isa = PBXBuildFile; fileRef = 21D883CDAA7C4E718E6EE873 /* EvilIcons.ttf */; };
		E19FDAE0C2454345A5CE2523 /* MaterialCommunityIcons.ttf in Resources */ = {isa = PBXBuildFile; fileRef = 4FC9400FF0F74C249A550AC2 /* MaterialCommunityIcons.ttf */; };
/* End PBXBuildFile section */

/* Begin PBXContainerItemProxy section */
		00C302AB1ABCB8CE00DB3ED1 /* PBXContainerItemProxy */ = {
			isa = PBXContainerItemProxy;
			containerPortal = 00C302A71ABCB8CE00DB3ED1 /* RCTActionSheet.xcodeproj */;
			proxyType = 2;
			remoteGlobalIDString = 134814201AA4EA6300B7C361;
			remoteInfo = RCTActionSheet;
		};
		00C302B91ABCB90400DB3ED1 /* PBXContainerItemProxy */ = {
			isa = PBXContainerItemProxy;
			containerPortal = 00C302B51ABCB90400DB3ED1 /* RCTGeolocation.xcodeproj */;
			proxyType = 2;
			remoteGlobalIDString = 134814201AA4EA6300B7C361;
			remoteInfo = RCTGeolocation;
		};
		00C302BF1ABCB91800DB3ED1 /* PBXContainerItemProxy */ = {
			isa = PBXContainerItemProxy;
			containerPortal = 00C302BB1ABCB91800DB3ED1 /* RCTImage.xcodeproj */;
			proxyType = 2;
			remoteGlobalIDString = 58B5115D1A9E6B3D00147676;
			remoteInfo = RCTImage;
		};
		00C302DB1ABCB9D200DB3ED1 /* PBXContainerItemProxy */ = {
			isa = PBXContainerItemProxy;
			containerPortal = 00C302D31ABCB9D200DB3ED1 /* RCTNetwork.xcodeproj */;
			proxyType = 2;
			remoteGlobalIDString = 58B511DB1A9E6C8500147676;
			remoteInfo = RCTNetwork;
		};
		00C302E31ABCB9EE00DB3ED1 /* PBXContainerItemProxy */ = {
			isa = PBXContainerItemProxy;
			containerPortal = 00C302DF1ABCB9EE00DB3ED1 /* RCTVibration.xcodeproj */;
			proxyType = 2;
			remoteGlobalIDString = 832C81801AAF6DEF007FA2F7;
			remoteInfo = RCTVibration;
		};
		02202B781E840AF7006CDA9B /* PBXContainerItemProxy */ = {
			isa = PBXContainerItemProxy;
			containerPortal = 450DEE9B4CC440CA96F796BA /* RNMail.xcodeproj */;
			proxyType = 2;
			remoteGlobalIDString = 46FEDE7F1AFF192F00D3261C;
			remoteInfo = RNMail;
		};
		02202B7A1E840AF7006CDA9B /* PBXContainerItemProxy */ = {
			isa = PBXContainerItemProxy;
			containerPortal = 450DEE9B4CC440CA96F796BA /* RNMail.xcodeproj */;
			proxyType = 2;
			remoteGlobalIDString = 46FEDE8A1AFF192F00D3261C;
			remoteInfo = RNMailTests;
		};
		02210A7E1E01902A006D7AC0 /* PBXContainerItemProxy */ = {
			isa = PBXContainerItemProxy;
			containerPortal = 02210A6A1E01902A006D7AC0 /* RNSound.xcodeproj */;
			proxyType = 2;
			remoteGlobalIDString = 19825A1E1BD4A89800EE0337;
			remoteInfo = RNSound;
		};
		0221BCD01DDC6D3C00706A4F /* PBXContainerItemProxy */ = {
			isa = PBXContainerItemProxy;
			containerPortal = 0221BCCC1DDC6D3C00706A4F /* RCTRestart.xcodeproj */;
			proxyType = 2;
			remoteGlobalIDString = 3245CDED1BFEE35C00EABF68;
			remoteInfo = RCTRestart;
		};
		0221BD331DDDC22700706A4F /* PBXContainerItemProxy */ = {
			isa = PBXContainerItemProxy;
			containerPortal = 88D6237453EF462AAED942D1 /* RNImagePicker.xcodeproj */;
			proxyType = 2;
			remoteGlobalIDString = 014A3B5C1C6CF33500B6D375;
			remoteInfo = RNImagePicker;
		};
		0222C37F1E0C989D0084C586 /* PBXContainerItemProxy */ = {
			isa = PBXContainerItemProxy;
			containerPortal = 0222C3701E0C989D0084C586 /* RCTPushNotification.xcodeproj */;
			proxyType = 2;
			remoteGlobalIDString = 134814201AA4EA6300B7C361;
			remoteInfo = RCTPushNotification;
		};
		0222C3811E0C989D0084C586 /* PBXContainerItemProxy */ = {
			isa = PBXContainerItemProxy;
			containerPortal = 0222C3701E0C989D0084C586 /* RCTPushNotification.xcodeproj */;
			proxyType = 2;
			remoteGlobalIDString = 2DD0EFE61DA8533A00B0C975;
			remoteInfo = "RCTPushNotification-tvOS";
		};
		0235B5D61E65DE24001D77D1 /* PBXContainerItemProxy */ = {
			isa = PBXContainerItemProxy;
			containerPortal = 13F5AA2EEB8241769A00F172 /* SQLite.xcodeproj */;
			proxyType = 2;
			remoteGlobalIDString = E23D7B471ACEFE2A00C59171;
			remoteInfo = SQLite;
		};
		0235B6551E664ECB001D77D1 /* PBXContainerItemProxy */ = {
			isa = PBXContainerItemProxy;
			containerPortal = 0E103048E40D48F8B3368298 /* RNDeviceInfo.xcodeproj */;
			proxyType = 2;
			remoteGlobalIDString = DA5891D81BA9A9FC002B4DB2;
			remoteInfo = RNDeviceInfo;
		};
		02445AC91EDB00B20099A0AE /* PBXContainerItemProxy */ = {
			isa = PBXContainerItemProxy;
			containerPortal = 146833FF1AC3E56700842450 /* React.xcodeproj */;
			proxyType = 2;
			remoteGlobalIDString = 139D7ECE1E25DB7D00323FB7;
			remoteInfo = "third-party";
		};
		02445ACB1EDB00B20099A0AE /* PBXContainerItemProxy */ = {
			isa = PBXContainerItemProxy;
			containerPortal = 146833FF1AC3E56700842450 /* React.xcodeproj */;
			proxyType = 2;
			remoteGlobalIDString = 139D7E881E25C6D100323FB7;
			remoteInfo = "double-conversion";
		};
		0253781D1EC4E14700752E61 /* PBXContainerItemProxy */ = {
			isa = PBXContainerItemProxy;
			containerPortal = 91AFFC53E28140839A2B4730 /* BVLinearGradient.xcodeproj */;
			proxyType = 2;
			remoteGlobalIDString = 134814201AA4EA6300B7C361;
			remoteInfo = BVLinearGradient;
		};
		0253B8101E6868F200554265 /* PBXContainerItemProxy */ = {
			isa = PBXContainerItemProxy;
			containerPortal = 146833FF1AC3E56700842450 /* React.xcodeproj */;
			proxyType = 1;
			remoteGlobalIDString = 83CBBA2D1A601D0E00E9B192;
			remoteInfo = React;
		};
		0253B82E1E6868F300554265 /* PBXContainerItemProxy */ = {
			isa = PBXContainerItemProxy;
			containerPortal = 146833FF1AC3E56700842450 /* React.xcodeproj */;
			proxyType = 2;
			remoteGlobalIDString = 3D3C059A1DE3340900C268FA;
			remoteInfo = yoga;
		};
		0253B8301E6868F300554265 /* PBXContainerItemProxy */ = {
			isa = PBXContainerItemProxy;
			containerPortal = 146833FF1AC3E56700842450 /* React.xcodeproj */;
			proxyType = 2;
			remoteGlobalIDString = 3D3C06751DE3340C00C268FA;
			remoteInfo = "yoga-tvOS";
		};
		0253B8321E6868F300554265 /* PBXContainerItemProxy */ = {
			isa = PBXContainerItemProxy;
			containerPortal = 146833FF1AC3E56700842450 /* React.xcodeproj */;
			proxyType = 2;
			remoteGlobalIDString = 3D3CD9251DE5FBEC00167DC4;
			remoteInfo = cxxreact;
		};
		0253B8341E6868F300554265 /* PBXContainerItemProxy */ = {
			isa = PBXContainerItemProxy;
			containerPortal = 146833FF1AC3E56700842450 /* React.xcodeproj */;
			proxyType = 2;
			remoteGlobalIDString = 3D3CD9321DE5FBEE00167DC4;
			remoteInfo = "cxxreact-tvOS";
		};
		0253B8361E6868F300554265 /* PBXContainerItemProxy */ = {
			isa = PBXContainerItemProxy;
			containerPortal = 146833FF1AC3E56700842450 /* React.xcodeproj */;
			proxyType = 2;
			remoteGlobalIDString = 3D3CD90B1DE5FBD600167DC4;
			remoteInfo = jschelpers;
		};
		0253B8381E6868F300554265 /* PBXContainerItemProxy */ = {
			isa = PBXContainerItemProxy;
			containerPortal = 146833FF1AC3E56700842450 /* React.xcodeproj */;
			proxyType = 2;
			remoteGlobalIDString = 3D3CD9181DE5FBD800167DC4;
			remoteInfo = "jschelpers-tvOS";
		};
		0253BCEC20ACDD5A001A16B5 /* PBXContainerItemProxy */ = {
			isa = PBXContainerItemProxy;
			containerPortal = ECF8C2AA68654A7593180257 /* KCKeepAwake.xcodeproj */;
			proxyType = 2;
			remoteGlobalIDString = 134814201AA4EA6300B7C361;
			remoteInfo = KCKeepAwake;
		};
		0259355C1E809AA400FAEE7E /* PBXContainerItemProxy */ = {
			isa = PBXContainerItemProxy;
			containerPortal = 025935571E809AA300FAEE7E /* InAppUtils.xcodeproj */;
			proxyType = 2;
			remoteGlobalIDString = 46E694321B289730000B634E;
			remoteInfo = InAppUtils;
		};
		0259355E1E809AA400FAEE7E /* PBXContainerItemProxy */ = {
			isa = PBXContainerItemProxy;
			containerPortal = 025935571E809AA300FAEE7E /* InAppUtils.xcodeproj */;
			proxyType = 2;
			remoteGlobalIDString = 46E6943D1B289730000B634E;
			remoteInfo = InAppUtilsTests;
		};
		026818971F742B9100A42812 /* PBXContainerItemProxy */ = {
			isa = PBXContainerItemProxy;
			containerPortal = 026818931F742B9100A42812 /* RCTCameraRoll.xcodeproj */;
			proxyType = 2;
			remoteGlobalIDString = 58B5115D1A9E6B3D00147676;
			remoteInfo = RCTCameraRoll;
		};
		026B0D781E037FED00B24721 /* PBXContainerItemProxy */ = {
			isa = PBXContainerItemProxy;
			containerPortal = 00C302BB1ABCB91800DB3ED1 /* RCTImage.xcodeproj */;
			proxyType = 2;
			remoteGlobalIDString = 2D2A283A1D9B042B00D4039D;
			remoteInfo = "RCTImage-tvOS";
		};
		026B0D7C1E037FED00B24721 /* PBXContainerItemProxy */ = {
			isa = PBXContainerItemProxy;
			containerPortal = 78C398B01ACF4ADC00677621 /* RCTLinking.xcodeproj */;
			proxyType = 2;
			remoteGlobalIDString = 2D2A28471D9B043800D4039D;
			remoteInfo = "RCTLinking-tvOS";
		};
		026B0D801E037FED00B24721 /* PBXContainerItemProxy */ = {
			isa = PBXContainerItemProxy;
			containerPortal = 00C302D31ABCB9D200DB3ED1 /* RCTNetwork.xcodeproj */;
			proxyType = 2;
			remoteGlobalIDString = 2D2A28541D9B044C00D4039D;
			remoteInfo = "RCTNetwork-tvOS";
		};
		026B0D851E037FED00B24721 /* PBXContainerItemProxy */ = {
			isa = PBXContainerItemProxy;
			containerPortal = 139105B61AF99BAD00B5F7CC /* RCTSettings.xcodeproj */;
			proxyType = 2;
			remoteGlobalIDString = 2D2A28611D9B046600D4039D;
			remoteInfo = "RCTSettings-tvOS";
		};
		026B0D891E037FED00B24721 /* PBXContainerItemProxy */ = {
			isa = PBXContainerItemProxy;
			containerPortal = 832341B01AAA6A8300B99B32 /* RCTText.xcodeproj */;
			proxyType = 2;
			remoteGlobalIDString = 2D2A287B1D9B048500D4039D;
			remoteInfo = "RCTText-tvOS";
		};
		026B0D8E1E037FED00B24721 /* PBXContainerItemProxy */ = {
			isa = PBXContainerItemProxy;
			containerPortal = 139FDEE61B06529A00C62182 /* RCTWebSocket.xcodeproj */;
			proxyType = 2;
			remoteGlobalIDString = 2D2A28881D9B049200D4039D;
			remoteInfo = "RCTWebSocket-tvOS";
		};
		026B0D921E037FED00B24721 /* PBXContainerItemProxy */ = {
			isa = PBXContainerItemProxy;
			containerPortal = 146833FF1AC3E56700842450 /* React.xcodeproj */;
			proxyType = 2;
			remoteGlobalIDString = 2D2A28131D9B038B00D4039D;
			remoteInfo = "React-tvOS";
		};
		026B0DA51E0384D700B24721 /* PBXContainerItemProxy */ = {
			isa = PBXContainerItemProxy;
			containerPortal = 026B0DA01E0384D600B24721 /* RCTAnimation.xcodeproj */;
			proxyType = 2;
			remoteGlobalIDString = 134814201AA4EA6300B7C361;
			remoteInfo = RCTAnimation;
		};
		026B0DA71E0384D700B24721 /* PBXContainerItemProxy */ = {
			isa = PBXContainerItemProxy;
			containerPortal = 026B0DA01E0384D600B24721 /* RCTAnimation.xcodeproj */;
			proxyType = 2;
			remoteGlobalIDString = 2D2A28201D9B03D100D4039D;
			remoteInfo = "RCTAnimation-tvOS";
		};
		029F0E5F1E55301200C8586F /* PBXContainerItemProxy */ = {
			isa = PBXContainerItemProxy;
			containerPortal = 26029CF21DF64479AF373AC9 /* RNShare.xcodeproj */;
			proxyType = 2;
			remoteGlobalIDString = 134814201AA4EA6300B7C361;
			remoteInfo = RNShare;
		};
		029F85321EE804E500C0CC31 /* PBXContainerItemProxy */ = {
			isa = PBXContainerItemProxy;
			containerPortal = 2E792C39C6774D5F9DDB3025 /* imageCropPicker.xcodeproj */;
			proxyType = 2;
			remoteGlobalIDString = 3400A8081CEB54A6008A0BC7;
			remoteInfo = imageCropPicker;
		};
		029F85751EEBB59A00C0CC31 /* PBXContainerItemProxy */ = {
			isa = PBXContainerItemProxy;
			containerPortal = 029F85711EEBB59900C0CC31 /* RCTAdSupport.xcodeproj */;
			proxyType = 2;
			remoteGlobalIDString = 832C81801AAF6DEF007FA2F7;
			remoteInfo = RCTAdSupport;
		};
		02ADBC351EDDA0C100D304BE /* PBXContainerItemProxy */ = {
			isa = PBXContainerItemProxy;
			containerPortal = EBD14F572C0F4C24BF45471F /* RCTContacts.xcodeproj */;
			proxyType = 2;
			remoteGlobalIDString = 1441618E1BD0A79300FA4F59;
			remoteInfo = RCTContacts;
		};
		02BCD7271DFDE9A2000B8FCF /* PBXContainerItemProxy */ = {
			isa = PBXContainerItemProxy;
			containerPortal = 02BCD7231DFDE9A2000B8FCF /* RNFileOpener.xcodeproj */;
			proxyType = 2;
			remoteGlobalIDString = DB8F70EF1CD3047700E71D6D;
			remoteInfo = RNFileOpener;
		};
		02D763F11D9918E800E7E57C /* PBXContainerItemProxy */ = {
			isa = PBXContainerItemProxy;
			containerPortal = 53F9542E76844F59917732EA /* RNVectorIcons.xcodeproj */;
			proxyType = 2;
			remoteGlobalIDString = 5DBEB1501B18CEA900B34395;
			remoteInfo = RNVectorIcons;
		};
		02E096D01DAE3B3B00641B85 /* PBXContainerItemProxy */ = {
			isa = PBXContainerItemProxy;
			containerPortal = 85F72AE1AB9C4B249FDE6333 /* RNFS.xcodeproj */;
			proxyType = 2;
			remoteGlobalIDString = F12AFB9B1ADAF8F800E0535D;
			remoteInfo = RNFS;
		};
		02F9660F1E9D490700FBECFF /* PBXContainerItemProxy */ = {
			isa = PBXContainerItemProxy;
			containerPortal = E324EB0D0FAE4F96A2D57F34 /* RCTPrivacySnapshot.xcodeproj */;
			proxyType = 2;
			remoteGlobalIDString = DB1744351BC4C14D00D02B05;
			remoteInfo = RCTPrivacySnapshot;
		};
		02FDD4B31DA6457E004E1D5A /* PBXContainerItemProxy */ = {
			isa = PBXContainerItemProxy;
			containerPortal = 081BA9E7BB014EC9A1CF87BA /* RNRandomBytes.xcodeproj */;
			proxyType = 2;
			remoteGlobalIDString = 73EEC9391BFE4B1D00D468EB;
			remoteInfo = RNRandomBytes;
		};
		139105C01AF99BAD00B5F7CC /* PBXContainerItemProxy */ = {
			isa = PBXContainerItemProxy;
			containerPortal = 139105B61AF99BAD00B5F7CC /* RCTSettings.xcodeproj */;
			proxyType = 2;
			remoteGlobalIDString = 134814201AA4EA6300B7C361;
			remoteInfo = RCTSettings;
		};
		139FDEF31B06529B00C62182 /* PBXContainerItemProxy */ = {
			isa = PBXContainerItemProxy;
			containerPortal = 139FDEE61B06529A00C62182 /* RCTWebSocket.xcodeproj */;
			proxyType = 2;
			remoteGlobalIDString = 3C86DF461ADF2C930047B81A;
			remoteInfo = RCTWebSocket;
		};
		146834031AC3E56700842450 /* PBXContainerItemProxy */ = {
			isa = PBXContainerItemProxy;
			containerPortal = 146833FF1AC3E56700842450 /* React.xcodeproj */;
			proxyType = 2;
			remoteGlobalIDString = 83CBBA2E1A601D0E00E9B192;
			remoteInfo = React;
		};
		78C398B81ACF4ADC00677621 /* PBXContainerItemProxy */ = {
			isa = PBXContainerItemProxy;
			containerPortal = 78C398B01ACF4ADC00677621 /* RCTLinking.xcodeproj */;
			proxyType = 2;
			remoteGlobalIDString = 134814201AA4EA6300B7C361;
			remoteInfo = RCTLinking;
		};
		832341B41AAA6A8300B99B32 /* PBXContainerItemProxy */ = {
			isa = PBXContainerItemProxy;
			containerPortal = 832341B01AAA6A8300B99B32 /* RCTText.xcodeproj */;
			proxyType = 2;
			remoteGlobalIDString = 58B5119B1A9E6C1200147676;
			remoteInfo = RCTText;
		};
/* End PBXContainerItemProxy section */

/* Begin PBXCopyFilesBuildPhase section */
		029F85651EE8067F00C0CC31 /* Embed Frameworks */ = {
			isa = PBXCopyFilesBuildPhase;
			buildActionMask = 2147483647;
			dstPath = "";
			dstSubfolderSpec = 10;
			files = (
				029F85641EE8067E00C0CC31 /* RSKImageCropper.framework in Embed Frameworks */,
				029F85681EE8068400C0CC31 /* QBImagePicker.framework in Embed Frameworks */,
			);
			name = "Embed Frameworks";
			runOnlyForDeploymentPostprocessing = 0;
		};
/* End PBXCopyFilesBuildPhase section */

/* Begin PBXFileReference section */
		00C302A71ABCB8CE00DB3ED1 /* RCTActionSheet.xcodeproj */ = {isa = PBXFileReference; lastKnownFileType = "wrapper.pb-project"; name = RCTActionSheet.xcodeproj; path = "../node_modules/react-native/Libraries/ActionSheetIOS/RCTActionSheet.xcodeproj"; sourceTree = "<group>"; };
		00C302B51ABCB90400DB3ED1 /* RCTGeolocation.xcodeproj */ = {isa = PBXFileReference; lastKnownFileType = "wrapper.pb-project"; name = RCTGeolocation.xcodeproj; path = "../node_modules/react-native/Libraries/Geolocation/RCTGeolocation.xcodeproj"; sourceTree = "<group>"; };
		00C302BB1ABCB91800DB3ED1 /* RCTImage.xcodeproj */ = {isa = PBXFileReference; lastKnownFileType = "wrapper.pb-project"; name = RCTImage.xcodeproj; path = "../node_modules/react-native/Libraries/Image/RCTImage.xcodeproj"; sourceTree = "<group>"; };
		00C302D31ABCB9D200DB3ED1 /* RCTNetwork.xcodeproj */ = {isa = PBXFileReference; lastKnownFileType = "wrapper.pb-project"; name = RCTNetwork.xcodeproj; path = "../node_modules/react-native/Libraries/Network/RCTNetwork.xcodeproj"; sourceTree = "<group>"; };
		00C302DF1ABCB9EE00DB3ED1 /* RCTVibration.xcodeproj */ = {isa = PBXFileReference; lastKnownFileType = "wrapper.pb-project"; name = RCTVibration.xcodeproj; path = "../node_modules/react-native/Libraries/Vibration/RCTVibration.xcodeproj"; sourceTree = "<group>"; };
		021C85911F70C0390046FFF4 /* libGoogleConversionTracking.a */ = {isa = PBXFileReference; lastKnownFileType = archive.ar; name = libGoogleConversionTracking.a; path = lib/libGoogleConversionTracking.a; sourceTree = "<group>"; };
		02210A6A1E01902A006D7AC0 /* RNSound.xcodeproj */ = {isa = PBXFileReference; lastKnownFileType = "wrapper.pb-project"; name = RNSound.xcodeproj; path = "../node_modules/react-native-sound/RNSound.xcodeproj"; sourceTree = "<group>"; };
		02210A831E0191BA006D7AC0 /* sounds */ = {isa = PBXFileReference; lastKnownFileType = folder; name = sounds; path = ../app/sounds; sourceTree = "<group>"; };
		0221BCCC1DDC6D3C00706A4F /* RCTRestart.xcodeproj */ = {isa = PBXFileReference; lastKnownFileType = "wrapper.pb-project"; name = RCTRestart.xcodeproj; path = "../node_modules/react-native-restart/ios/RCTRestart.xcodeproj"; sourceTree = "<group>"; };
		0222C3701E0C989D0084C586 /* RCTPushNotification.xcodeproj */ = {isa = PBXFileReference; lastKnownFileType = "wrapper.pb-project"; name = RCTPushNotification.xcodeproj; path = "../node_modules/react-native/Libraries/PushNotificationIOS/RCTPushNotification.xcodeproj"; sourceTree = "<group>"; };
		02321C5A1D7F1BC100282EB1 /* MaterialIcons.ttf */ = {isa = PBXFileReference; lastKnownFileType = file; name = MaterialIcons.ttf; path = "../node_modules/react-native-vector-icons/Fonts/MaterialIcons.ttf"; sourceTree = "<group>"; };
		02321C5C1D80558E00282EB1 /* main.jsbundle */ = {isa = PBXFileReference; fileEncoding = 4; lastKnownFileType = sourcecode.javascript; path = main.jsbundle; sourceTree = "<group>"; };
		0235B5DA1E65DEAF001D77D1 /* libsqlite3.0.tbd */ = {isa = PBXFileReference; lastKnownFileType = "sourcecode.text-based-dylib-definition"; name = libsqlite3.0.tbd; path = usr/lib/libsqlite3.0.tbd; sourceTree = SDKROOT; };
		0248F0711E5A59BF00C437A9 /* terms.txt */ = {isa = PBXFileReference; fileEncoding = 4; lastKnownFileType = text; name = terms.txt; path = ../app/assets/terms.txt; sourceTree = "<group>"; };
		025373841EB3751800752E61 /* libsodium.a */ = {isa = PBXFileReference; lastKnownFileType = archive.ar; name = libsodium.a; path = lib/libsodium.a; sourceTree = "<group>"; };
		025935571E809AA300FAEE7E /* InAppUtils.xcodeproj */ = {isa = PBXFileReference; lastKnownFileType = "wrapper.pb-project"; name = InAppUtils.xcodeproj; path = "../node_modules/react-native-in-app-utils/InAppUtils.xcodeproj"; sourceTree = "<group>"; };
		026818931F742B9100A42812 /* RCTCameraRoll.xcodeproj */ = {isa = PBXFileReference; lastKnownFileType = "wrapper.pb-project"; name = RCTCameraRoll.xcodeproj; path = "../node_modules/react-native/Libraries/CameraRoll/RCTCameraRoll.xcodeproj"; sourceTree = "<group>"; };
		026A54871F9A5F8600D26E34 /* Launch Screen.storyboard */ = {isa = PBXFileReference; lastKnownFileType = file.storyboard; path = "Launch Screen.storyboard"; sourceTree = "<group>"; };
		026B0DA01E0384D600B24721 /* RCTAnimation.xcodeproj */ = {isa = PBXFileReference; lastKnownFileType = "wrapper.pb-project"; name = RCTAnimation.xcodeproj; path = "../node_modules/react-native/Libraries/NativeAnimation/RCTAnimation.xcodeproj"; sourceTree = "<group>"; };
		02726F571EB33C7A00D82BF5 /* libsodium-ios */ = {isa = PBXFileReference; lastKnownFileType = folder; name = "libsodium-ios"; path = "peeriomobile/libsodium-ios"; sourceTree = "<group>"; };
		02726F871EB33E3000D82BF5 /* RNSodium.h */ = {isa = PBXFileReference; fileEncoding = 4; lastKnownFileType = sourcecode.c.h; name = RNSodium.h; path = peeriomobile/RNSodium.h; sourceTree = "<group>"; };
		02726F881EB33E3000D82BF5 /* RNSodium.m */ = {isa = PBXFileReference; fileEncoding = 4; lastKnownFileType = sourcecode.c.objc; name = RNSodium.m; path = peeriomobile/RNSodium.m; sourceTree = "<group>"; };
		029F85621EE8067E00C0CC31 /* RSKImageCropper.framework */ = {isa = PBXFileReference; explicitFileType = wrapper.framework; path = RSKImageCropper.framework; sourceTree = BUILT_PRODUCTS_DIR; };
		029F85661EE8068400C0CC31 /* QBImagePicker.framework */ = {isa = PBXFileReference; explicitFileType = wrapper.framework; path = QBImagePicker.framework; sourceTree = BUILT_PRODUCTS_DIR; };
		029F85711EEBB59900C0CC31 /* RCTAdSupport.xcodeproj */ = {isa = PBXFileReference; lastKnownFileType = "wrapper.pb-project"; name = RCTAdSupport.xcodeproj; path = "../node_modules/react-native/Libraries/AdSupport/RCTAdSupport.xcodeproj"; sourceTree = "<group>"; };
		02A075FF1E6D880E008974C5 /* maincert.com.cer */ = {isa = PBXFileReference; lastKnownFileType = file; name = maincert.com.cer; path = ../app/assets/maincert.com.cer; sourceTree = "<group>"; };
		02A5EE7A1ECA9EC400ED05C1 /* RNKeychain.h */ = {isa = PBXFileReference; fileEncoding = 4; lastKnownFileType = sourcecode.c.h; path = RNKeychain.h; sourceTree = "<group>"; };
		02A5EE7B1ECA9ECC00ED05C1 /* RNKeychain.m */ = {isa = PBXFileReference; fileEncoding = 4; lastKnownFileType = sourcecode.c.objc; path = RNKeychain.m; sourceTree = "<group>"; };
		02AF5AD720842C18005056CF /* OpenSansSemiBold.ttf */ = {isa = PBXFileReference; lastKnownFileType = file; name = OpenSansSemiBold.ttf; path = ../app/assets/fonts/OpenSansSemiBold.ttf; sourceTree = "<group>"; };
		02AF5AD820842C18005056CF /* OpenSansItalic.ttf */ = {isa = PBXFileReference; lastKnownFileType = file; name = OpenSansItalic.ttf; path = ../app/assets/fonts/OpenSansItalic.ttf; sourceTree = "<group>"; };
		02AF5AD920842C18005056CF /* OpenSansSemiBoldItalic.ttf */ = {isa = PBXFileReference; lastKnownFileType = file; name = OpenSansSemiBoldItalic.ttf; path = ../app/assets/fonts/OpenSansSemiBoldItalic.ttf; sourceTree = "<group>"; };
		02AF5ADA20842C18005056CF /* OpenSansBoldItalic.ttf */ = {isa = PBXFileReference; lastKnownFileType = file; name = OpenSansBoldItalic.ttf; path = ../app/assets/fonts/OpenSansBoldItalic.ttf; sourceTree = "<group>"; };
		02AF5ADB20842C18005056CF /* OpenSans.ttf */ = {isa = PBXFileReference; lastKnownFileType = file; name = OpenSans.ttf; path = ../app/assets/fonts/OpenSans.ttf; sourceTree = "<group>"; };
		02AF5ADC20842C18005056CF /* OpenSansBold.ttf */ = {isa = PBXFileReference; lastKnownFileType = file; name = OpenSansBold.ttf; path = ../app/assets/fonts/OpenSansBold.ttf; sourceTree = "<group>"; };
		02BCD7231DFDE9A2000B8FCF /* RNFileOpener.xcodeproj */ = {isa = PBXFileReference; lastKnownFileType = "wrapper.pb-project"; name = RNFileOpener.xcodeproj; path = "../node_modules/react-native-file-opener/ios/RNFileOpener.xcodeproj"; sourceTree = "<group>"; };
		02BCD72C1DFE1606000B8FCF /* QuickLook.framework */ = {isa = PBXFileReference; lastKnownFileType = wrapper.framework; name = QuickLook.framework; path = System/Library/Frameworks/QuickLook.framework; sourceTree = SDKROOT; };
		02D764581D9AAF4D00E7E57C /* peeriomobile.entitlements */ = {isa = PBXFileReference; lastKnownFileType = text.plist.entitlements; name = peeriomobile.entitlements; path = peeriomobile/peeriomobile.entitlements; sourceTree = "<group>"; };
		02E096B21DAE398B00641B85 /* locales */ = {isa = PBXFileReference; lastKnownFileType = folder; name = locales; path = ../locales; sourceTree = "<group>"; };
		02E096DB1DAE50E100641B85 /* dict */ = {isa = PBXFileReference; lastKnownFileType = folder; name = dict; path = "../node_modules/peerio-copy/phrase/dict"; sourceTree = "<group>"; };
		081BA9E7BB014EC9A1CF87BA /* RNRandomBytes.xcodeproj */ = {isa = PBXFileReference; explicitFileType = undefined; fileEncoding = 9; includeInIndex = 0; lastKnownFileType = "wrapper.pb-project"; name = RNRandomBytes.xcodeproj; path = "../node_modules/react-native-randombytes/RNRandomBytes.xcodeproj"; sourceTree = "<group>"; };
		0E103048E40D48F8B3368298 /* RNDeviceInfo.xcodeproj */ = {isa = PBXFileReference; explicitFileType = undefined; fileEncoding = 9; includeInIndex = 0; lastKnownFileType = "wrapper.pb-project"; name = RNDeviceInfo.xcodeproj; path = "../node_modules/react-native-device-info/RNDeviceInfo.xcodeproj"; sourceTree = "<group>"; };
		139105B61AF99BAD00B5F7CC /* RCTSettings.xcodeproj */ = {isa = PBXFileReference; lastKnownFileType = "wrapper.pb-project"; name = RCTSettings.xcodeproj; path = "../node_modules/react-native/Libraries/Settings/RCTSettings.xcodeproj"; sourceTree = "<group>"; };
		139FDEE61B06529A00C62182 /* RCTWebSocket.xcodeproj */ = {isa = PBXFileReference; lastKnownFileType = "wrapper.pb-project"; name = RCTWebSocket.xcodeproj; path = "../node_modules/react-native/Libraries/WebSocket/RCTWebSocket.xcodeproj"; sourceTree = "<group>"; };
		13B07F961A680F5B00A75B9A /* peeriomobile.app */ = {isa = PBXFileReference; explicitFileType = wrapper.application; includeInIndex = 0; path = peeriomobile.app; sourceTree = BUILT_PRODUCTS_DIR; };
		13B07FAF1A68108700A75B9A /* AppDelegate.h */ = {isa = PBXFileReference; fileEncoding = 4; lastKnownFileType = sourcecode.c.h; name = AppDelegate.h; path = peeriomobile/AppDelegate.h; sourceTree = "<group>"; };
		13B07FB01A68108700A75B9A /* AppDelegate.m */ = {isa = PBXFileReference; fileEncoding = 4; lastKnownFileType = sourcecode.c.objc; name = AppDelegate.m; path = peeriomobile/AppDelegate.m; sourceTree = "<group>"; };
		13B07FB51A68108700A75B9A /* Images.xcassets */ = {isa = PBXFileReference; lastKnownFileType = folder.assetcatalog; name = Images.xcassets; path = peeriomobile/Images.xcassets; sourceTree = "<group>"; };
		13B07FB61A68108700A75B9A /* Info.plist */ = {isa = PBXFileReference; fileEncoding = 4; lastKnownFileType = text.plist.xml; name = Info.plist; path = peeriomobile/Info.plist; sourceTree = "<group>"; };
		13B07FB71A68108700A75B9A /* main.m */ = {isa = PBXFileReference; fileEncoding = 4; lastKnownFileType = sourcecode.c.objc; name = main.m; path = peeriomobile/main.m; sourceTree = "<group>"; };
		13F5AA2EEB8241769A00F172 /* SQLite.xcodeproj */ = {isa = PBXFileReference; explicitFileType = undefined; fileEncoding = 9; includeInIndex = 0; lastKnownFileType = "wrapper.pb-project"; name = SQLite.xcodeproj; path = "../node_modules/react-native-sqlcipher-storage/src/ios/SQLite.xcodeproj"; sourceTree = "<group>"; };
		146833FF1AC3E56700842450 /* React.xcodeproj */ = {isa = PBXFileReference; lastKnownFileType = "wrapper.pb-project"; name = React.xcodeproj; path = "../node_modules/react-native/React/React.xcodeproj"; sourceTree = "<group>"; };
		1A7F1F7CA2F44844A0FC718E /* Zocial.ttf */ = {isa = PBXFileReference; explicitFileType = undefined; fileEncoding = 9; includeInIndex = 0; lastKnownFileType = unknown; name = Zocial.ttf; path = "../node_modules/react-native-vector-icons/Fonts/Zocial.ttf"; sourceTree = "<group>"; };
		21D883CDAA7C4E718E6EE873 /* EvilIcons.ttf */ = {isa = PBXFileReference; explicitFileType = undefined; fileEncoding = 9; includeInIndex = 0; lastKnownFileType = unknown; name = EvilIcons.ttf; path = "../node_modules/react-native-vector-icons/Fonts/EvilIcons.ttf"; sourceTree = "<group>"; };
		26029CF21DF64479AF373AC9 /* RNShare.xcodeproj */ = {isa = PBXFileReference; explicitFileType = undefined; fileEncoding = 9; includeInIndex = 0; lastKnownFileType = "wrapper.pb-project"; name = RNShare.xcodeproj; path = "../node_modules/react-native-share/ios/RNShare.xcodeproj"; sourceTree = "<group>"; };
		2E792C39C6774D5F9DDB3025 /* imageCropPicker.xcodeproj */ = {isa = PBXFileReference; explicitFileType = undefined; fileEncoding = 9; includeInIndex = 0; lastKnownFileType = "wrapper.pb-project"; name = imageCropPicker.xcodeproj; path = "../node_modules/react-native-image-crop-picker/ios/imageCropPicker.xcodeproj"; sourceTree = "<group>"; };
		372E848CA7B444A09B937444 /* SimpleLineIcons.ttf */ = {isa = PBXFileReference; explicitFileType = undefined; fileEncoding = 9; includeInIndex = 0; lastKnownFileType = unknown; name = SimpleLineIcons.ttf; path = "../node_modules/react-native-vector-icons/Fonts/SimpleLineIcons.ttf"; sourceTree = "<group>"; };
		450DEE9B4CC440CA96F796BA /* RNMail.xcodeproj */ = {isa = PBXFileReference; explicitFileType = undefined; fileEncoding = 9; includeInIndex = 0; lastKnownFileType = "wrapper.pb-project"; name = RNMail.xcodeproj; path = "../node_modules/react-native-mail/RNMail.xcodeproj"; sourceTree = "<group>"; };
		4FC9400FF0F74C249A550AC2 /* MaterialCommunityIcons.ttf */ = {isa = PBXFileReference; explicitFileType = undefined; fileEncoding = 9; includeInIndex = 0; lastKnownFileType = unknown; name = MaterialCommunityIcons.ttf; path = "../node_modules/react-native-vector-icons/Fonts/MaterialCommunityIcons.ttf"; sourceTree = "<group>"; };
		53F9542E76844F59917732EA /* RNVectorIcons.xcodeproj */ = {isa = PBXFileReference; explicitFileType = undefined; fileEncoding = 9; includeInIndex = 0; lastKnownFileType = "wrapper.pb-project"; name = RNVectorIcons.xcodeproj; path = "../node_modules/react-native-vector-icons/RNVectorIcons.xcodeproj"; sourceTree = "<group>"; };
		78C398B01ACF4ADC00677621 /* RCTLinking.xcodeproj */ = {isa = PBXFileReference; lastKnownFileType = "wrapper.pb-project"; name = RCTLinking.xcodeproj; path = "../node_modules/react-native/Libraries/LinkingIOS/RCTLinking.xcodeproj"; sourceTree = "<group>"; };
		832341B01AAA6A8300B99B32 /* RCTText.xcodeproj */ = {isa = PBXFileReference; lastKnownFileType = "wrapper.pb-project"; name = RCTText.xcodeproj; path = "../node_modules/react-native/Libraries/Text/RCTText.xcodeproj"; sourceTree = "<group>"; };
		85F72AE1AB9C4B249FDE6333 /* RNFS.xcodeproj */ = {isa = PBXFileReference; explicitFileType = undefined; fileEncoding = 9; includeInIndex = 0; lastKnownFileType = "wrapper.pb-project"; name = RNFS.xcodeproj; path = "../node_modules/react-native-fs/RNFS.xcodeproj"; sourceTree = "<group>"; };
		88D6237453EF462AAED942D1 /* RNImagePicker.xcodeproj */ = {isa = PBXFileReference; explicitFileType = undefined; fileEncoding = 9; includeInIndex = 0; lastKnownFileType = "wrapper.pb-project"; name = RNImagePicker.xcodeproj; path = "../node_modules/react-native-image-picker/ios/RNImagePicker.xcodeproj"; sourceTree = "<group>"; };
		91AFFC53E28140839A2B4730 /* BVLinearGradient.xcodeproj */ = {isa = PBXFileReference; explicitFileType = undefined; fileEncoding = 9; includeInIndex = 0; lastKnownFileType = "wrapper.pb-project"; name = BVLinearGradient.xcodeproj; path = "../node_modules/react-native-linear-gradient/BVLinearGradient.xcodeproj"; sourceTree = "<group>"; };
		A0F64612EAF249BC98CB3DE2 /* Entypo.ttf */ = {isa = PBXFileReference; explicitFileType = undefined; fileEncoding = 9; includeInIndex = 0; lastKnownFileType = unknown; name = Entypo.ttf; path = "../node_modules/react-native-vector-icons/Fonts/Entypo.ttf"; sourceTree = "<group>"; };
		A7DDFAC6A6F74107A3D45471 /* FontAwesome.ttf */ = {isa = PBXFileReference; explicitFileType = undefined; fileEncoding = 9; includeInIndex = 0; lastKnownFileType = unknown; name = FontAwesome.ttf; path = "../node_modules/react-native-vector-icons/Fonts/FontAwesome.ttf"; sourceTree = "<group>"; };
		B836295CD1B344EBB035E1B6 /* Foundation.ttf */ = {isa = PBXFileReference; explicitFileType = undefined; fileEncoding = 9; includeInIndex = 0; lastKnownFileType = unknown; name = Foundation.ttf; path = "../node_modules/react-native-vector-icons/Fonts/Foundation.ttf"; sourceTree = "<group>"; };
		D9AE8E217E044D3CBF892547 /* libKCKeepAwake.a */ = {isa = PBXFileReference; explicitFileType = undefined; fileEncoding = 9; includeInIndex = 0; lastKnownFileType = archive.ar; path = libKCKeepAwake.a; sourceTree = "<group>"; };
		DE216B2DFB25438F8922A621 /* Octicons.ttf */ = {isa = PBXFileReference; explicitFileType = undefined; fileEncoding = 9; includeInIndex = 0; lastKnownFileType = unknown; name = Octicons.ttf; path = "../node_modules/react-native-vector-icons/Fonts/Octicons.ttf"; sourceTree = "<group>"; };
		E324EB0D0FAE4F96A2D57F34 /* RCTPrivacySnapshot.xcodeproj */ = {isa = PBXFileReference; explicitFileType = undefined; fileEncoding = 9; includeInIndex = 0; lastKnownFileType = "wrapper.pb-project"; name = RCTPrivacySnapshot.xcodeproj; path = "../node_modules/react-native-privacy-snapshot/RCTPrivacySnapshot.xcodeproj"; sourceTree = "<group>"; };
		EBD14F572C0F4C24BF45471F /* RCTContacts.xcodeproj */ = {isa = PBXFileReference; explicitFileType = undefined; fileEncoding = 9; includeInIndex = 0; lastKnownFileType = "wrapper.pb-project"; name = RCTContacts.xcodeproj; path = "../node_modules/react-native-contacts/ios/RCTContacts.xcodeproj"; sourceTree = "<group>"; };
		ECF8C2AA68654A7593180257 /* KCKeepAwake.xcodeproj */ = {isa = PBXFileReference; explicitFileType = undefined; fileEncoding = 9; includeInIndex = 0; lastKnownFileType = "wrapper.pb-project"; name = KCKeepAwake.xcodeproj; path = "../node_modules/react-native-keep-awake/ios/KCKeepAwake.xcodeproj"; sourceTree = "<group>"; };
		ED79A42A8D3144739CE4C04B /* Ionicons.ttf */ = {isa = PBXFileReference; explicitFileType = undefined; fileEncoding = 9; includeInIndex = 0; lastKnownFileType = unknown; name = Ionicons.ttf; path = "../node_modules/react-native-vector-icons/Fonts/Ionicons.ttf"; sourceTree = "<group>"; };
/* End PBXFileReference section */

/* Begin PBXFrameworksBuildPhase section */
		13B07F8C1A680F5B00A75B9A /* Frameworks */ = {
			isa = PBXFrameworksBuildPhase;
			buildActionMask = 2147483647;
			files = (
				0235B5DB1E65DEAF001D77D1 /* libsqlite3.0.tbd in Frameworks */,
				02BCD72D1DFE1606000B8FCF /* QuickLook.framework in Frameworks */,
				025373851EB3751800752E61 /* libsodium.a in Frameworks */,
				146834051AC3E58100842450 /* libReact.a in Frameworks */,
				00C302E51ABCBA2D00DB3ED1 /* libRCTActionSheet.a in Frameworks */,
				00C302E71ABCBA2D00DB3ED1 /* libRCTGeolocation.a in Frameworks */,
				00C302E81ABCBA2D00DB3ED1 /* libRCTImage.a in Frameworks */,
				133E29F31AD74F7200F7D852 /* libRCTLinking.a in Frameworks */,
				00C302E91ABCBA2D00DB3ED1 /* libRCTNetwork.a in Frameworks */,
				139105C61AF99C1200B5F7CC /* libRCTSettings.a in Frameworks */,
				029F85631EE8067E00C0CC31 /* RSKImageCropper.framework in Frameworks */,
				832341BD1AAA6AB300B99B32 /* libRCTText.a in Frameworks */,
				00C302EA1ABCBA2D00DB3ED1 /* libRCTVibration.a in Frameworks */,
				139FDEF61B0652A700C62182 /* libRCTWebSocket.a in Frameworks */,
				02D764D31D9B13B300E7E57C /* libRNVectorIcons.a in Frameworks */,
				029F85671EE8068400C0CC31 /* QBImagePicker.framework in Frameworks */,
				023A731F1DA6D58B00E47992 /* libRNRandomBytes.a in Frameworks */,
				02E096DA1DAE3B7600641B85 /* libRNFS.a in Frameworks */,
				0221BCD21DDC710400706A4F /* libRCTRestart.a in Frameworks */,
				0221BD371DDDC24200706A4F /* libRNImagePicker.a in Frameworks */,
				02BCD7291DFDE9AF000B8FCF /* libRNFileOpener.a in Frameworks */,
				02210A811E019037006D7AC0 /* libRNSound.a in Frameworks */,
				026B0DA91E0384EF00B24721 /* libRCTAnimation.a in Frameworks */,
				0222C3941E0C98B40084C586 /* libRCTPushNotification.a in Frameworks */,
				029F0E641E55303400C8586F /* libRNShare.a in Frameworks */,
				0235B5D81E65DE4B001D77D1 /* libSQLite.a in Frameworks */,
				0235B6611E664F02001D77D1 /* libRNDeviceInfo.a in Frameworks */,
				025935601E809AAF00FAEE7E /* libInAppUtils.a in Frameworks */,
				02202B821E840B07006CDA9B /* libRNMail.a in Frameworks */,
				02F966301E9D493900FBECFF /* libRCTPrivacySnapshot.a in Frameworks */,
				0253784B1EC4E1A000752E61 /* libBVLinearGradient.a in Frameworks */,
				02ADBC5E1EDDA0D600D304BE /* libRCTContacts.a in Frameworks */,
				029F85611EE8052000C0CC31 /* libimageCropPicker.a in Frameworks */,
				029F85771EEBBAB400C0CC31 /* libRCTAdSupport.a in Frameworks */,
				0268189C1F746B9400A42812 /* libRCTCameraRoll.a in Frameworks */,
				0253BCEE20ACDE5C001A16B5 /* libKCKeepAwake.a in Frameworks */,
			);
			runOnlyForDeploymentPostprocessing = 0;
		};
/* End PBXFrameworksBuildPhase section */

/* Begin PBXGroup section */
		00C302A81ABCB8CE00DB3ED1 /* Products */ = {
			isa = PBXGroup;
			children = (
				00C302AC1ABCB8CE00DB3ED1 /* libRCTActionSheet.a */,
			);
			name = Products;
			sourceTree = "<group>";
		};
		00C302B61ABCB90400DB3ED1 /* Products */ = {
			isa = PBXGroup;
			children = (
				00C302BA1ABCB90400DB3ED1 /* libRCTGeolocation.a */,
			);
			name = Products;
			sourceTree = "<group>";
		};
		00C302BC1ABCB91800DB3ED1 /* Products */ = {
			isa = PBXGroup;
			children = (
				00C302C01ABCB91800DB3ED1 /* libRCTImage.a */,
				026B0D791E037FED00B24721 /* libRCTImage-tvOS.a */,
			);
			name = Products;
			sourceTree = "<group>";
		};
		00C302D41ABCB9D200DB3ED1 /* Products */ = {
			isa = PBXGroup;
			children = (
				00C302DC1ABCB9D200DB3ED1 /* libRCTNetwork.a */,
				026B0D811E037FED00B24721 /* libRCTNetwork-tvOS.a */,
			);
			name = Products;
			sourceTree = "<group>";
		};
		00C302E01ABCB9EE00DB3ED1 /* Products */ = {
			isa = PBXGroup;
			children = (
				00C302E41ABCB9EE00DB3ED1 /* libRCTVibration.a */,
			);
			name = Products;
			sourceTree = "<group>";
		};
		02202B521E840AF6006CDA9B /* Products */ = {
			isa = PBXGroup;
			children = (
				02202B791E840AF7006CDA9B /* libRNMail.a */,
				02202B7B1E840AF7006CDA9B /* RNMailTests.xctest */,
			);
			name = Products;
			sourceTree = "<group>";
		};
		02210A6B1E01902A006D7AC0 /* Products */ = {
			isa = PBXGroup;
			children = (
				02210A7F1E01902A006D7AC0 /* libRNSound.a */,
			);
			name = Products;
			sourceTree = "<group>";
		};
		0221BCCD1DDC6D3C00706A4F /* Products */ = {
			isa = PBXGroup;
			children = (
				0221BCD11DDC6D3C00706A4F /* libRCTRestart.a */,
			);
			name = Products;
			sourceTree = "<group>";
		};
		0221BD241DDDC22700706A4F /* Products */ = {
			isa = PBXGroup;
			children = (
				0221BD341DDDC22700706A4F /* libRNImagePicker.a */,
			);
			name = Products;
			sourceTree = "<group>";
		};
		0222C3711E0C989D0084C586 /* Products */ = {
			isa = PBXGroup;
			children = (
				0222C3801E0C989D0084C586 /* libRCTPushNotification.a */,
				0222C3821E0C989D0084C586 /* libRCTPushNotification-tvOS.a */,
			);
			name = Products;
			sourceTree = "<group>";
		};
		0235B5B41E65DE24001D77D1 /* Products */ = {
			isa = PBXGroup;
			children = (
				0235B5D71E65DE24001D77D1 /* libSQLite.a */,
			);
			name = Products;
			sourceTree = "<group>";
		};
		0235B63B1E664ECB001D77D1 /* Products */ = {
			isa = PBXGroup;
			children = (
				0235B6561E664ECB001D77D1 /* libRNDeviceInfo.a */,
			);
			name = Products;
			sourceTree = "<group>";
		};
		0253781A1EC4E14700752E61 /* Products */ = {
			isa = PBXGroup;
			children = (
				0253781E1EC4E14700752E61 /* libBVLinearGradient.a */,
			);
			name = Products;
			sourceTree = "<group>";
		};
		0253BCB720ACDD59001A16B5 /* Recovered References */ = {
			isa = PBXGroup;
			children = (
				D9AE8E217E044D3CBF892547 /* libKCKeepAwake.a */,
				021C85911F70C0390046FFF4 /* libGoogleConversionTracking.a */,
			);
			name = "Recovered References";
			sourceTree = "<group>";
		};
		0253BCE920ACDD5A001A16B5 /* Products */ = {
			isa = PBXGroup;
			children = (
				0253BCED20ACDD5A001A16B5 /* libKCKeepAwake.a */,
			);
			name = Products;
			sourceTree = "<group>";
		};
		025935581E809AA300FAEE7E /* Products */ = {
			isa = PBXGroup;
			children = (
				0259355D1E809AA400FAEE7E /* libInAppUtils.a */,
				0259355F1E809AA400FAEE7E /* InAppUtilsTests.xctest */,
			);
			name = Products;
			sourceTree = "<group>";
		};
		026818941F742B9100A42812 /* Products */ = {
			isa = PBXGroup;
			children = (
				026818981F742B9100A42812 /* libRCTCameraRoll.a */,
			);
			name = Products;
			sourceTree = "<group>";
		};
		026B0DA11E0384D600B24721 /* Products */ = {
			isa = PBXGroup;
			children = (
				026B0DA61E0384D700B24721 /* libRCTAnimation.a */,
				026B0DA81E0384D700B24721 /* libRCTAnimation.a */,
			);
			name = Products;
			sourceTree = "<group>";
		};
		029F0E411E55301200C8586F /* Products */ = {
			isa = PBXGroup;
			children = (
				029F0E601E55301200C8586F /* libRNShare.a */,
			);
			name = Products;
			sourceTree = "<group>";
		};
		029F852E1EE804E500C0CC31 /* Products */ = {
			isa = PBXGroup;
			children = (
				029F85331EE804E500C0CC31 /* libimageCropPicker.a */,
			);
			name = Products;
			sourceTree = "<group>";
		};
		029F85721EEBB59900C0CC31 /* Products */ = {
			isa = PBXGroup;
			children = (
				029F85761EEBB59A00C0CC31 /* libRCTAdSupport.a */,
			);
			name = Products;
			sourceTree = "<group>";
		};
		02ADBC2C1EDDA0C100D304BE /* Products */ = {
			isa = PBXGroup;
			children = (
				02ADBC361EDDA0C100D304BE /* libRCTContacts.a */,
			);
			name = Products;
			sourceTree = "<group>";
		};
		02BCD7241DFDE9A2000B8FCF /* Products */ = {
			isa = PBXGroup;
			children = (
				02BCD7281DFDE9A2000B8FCF /* libRNFileOpener.a */,
			);
			name = Products;
			sourceTree = "<group>";
		};
		02BCD72B1DFE1606000B8FCF /* Frameworks */ = {
			isa = PBXGroup;
			children = (
				025373841EB3751800752E61 /* libsodium.a */,
				0235B5DA1E65DEAF001D77D1 /* libsqlite3.0.tbd */,
				02BCD72C1DFE1606000B8FCF /* QuickLook.framework */,
			);
			name = Frameworks;
			sourceTree = "<group>";
		};
		02D763E11D9918E800E7E57C /* Products */ = {
			isa = PBXGroup;
			children = (
				02D763F21D9918E800E7E57C /* libRNVectorIcons.a */,
			);
			name = Products;
			sourceTree = "<group>";
		};
		02E096C21DAE3B3B00641B85 /* Products */ = {
			isa = PBXGroup;
			children = (
				02E096D11DAE3B3B00641B85 /* libRNFS.a */,
			);
			name = Products;
			sourceTree = "<group>";
		};
		02F966001E9D490700FBECFF /* Products */ = {
			isa = PBXGroup;
			children = (
				02F966101E9D490700FBECFF /* libRCTPrivacySnapshot.a */,
			);
			name = Products;
			sourceTree = "<group>";
		};
		02FDD4A51DA6457E004E1D5A /* Products */ = {
			isa = PBXGroup;
			children = (
				02FDD4B41DA6457E004E1D5A /* libRNRandomBytes.a */,
			);
			name = Products;
			sourceTree = "<group>";
		};
		139105B71AF99BAD00B5F7CC /* Products */ = {
			isa = PBXGroup;
			children = (
				139105C11AF99BAD00B5F7CC /* libRCTSettings.a */,
				026B0D861E037FED00B24721 /* libRCTSettings-tvOS.a */,
			);
			name = Products;
			sourceTree = "<group>";
		};
		139FDEE71B06529A00C62182 /* Products */ = {
			isa = PBXGroup;
			children = (
				139FDEF41B06529B00C62182 /* libRCTWebSocket.a */,
				026B0D8F1E037FED00B24721 /* libRCTWebSocket-tvOS.a */,
			);
			name = Products;
			sourceTree = "<group>";
		};
		13B07FAE1A68108700A75B9A /* peeriomobile */ = {
			isa = PBXGroup;
			children = (
				02726F571EB33C7A00D82BF5 /* libsodium-ios */,
				02D764581D9AAF4D00E7E57C /* peeriomobile.entitlements */,
				02321C5C1D80558E00282EB1 /* main.jsbundle */,
				02A5EE7B1ECA9ECC00ED05C1 /* RNKeychain.m */,
				02A5EE7A1ECA9EC400ED05C1 /* RNKeychain.h */,
				02726F871EB33E3000D82BF5 /* RNSodium.h */,
				02726F881EB33E3000D82BF5 /* RNSodium.m */,
				13B07FAF1A68108700A75B9A /* AppDelegate.h */,
				13B07FB01A68108700A75B9A /* AppDelegate.m */,
				13B07FB51A68108700A75B9A /* Images.xcassets */,
				13B07FB61A68108700A75B9A /* Info.plist */,
				13B07FB71A68108700A75B9A /* main.m */,
				026A54871F9A5F8600D26E34 /* Launch Screen.storyboard */,
			);
			name = peeriomobile;
			sourceTree = "<group>";
		};
		146834001AC3E56700842450 /* Products */ = {
			isa = PBXGroup;
			children = (
				146834041AC3E56700842450 /* libReact.a */,
				026B0D931E037FED00B24721 /* libReact.a */,
				0253B82F1E6868F300554265 /* libyoga.a */,
				0253B8311E6868F300554265 /* libyoga.a */,
				0253B8331E6868F300554265 /* libcxxreact.a */,
				0253B8351E6868F300554265 /* libcxxreact.a */,
				0253B8371E6868F300554265 /* libjschelpers.a */,
				0253B8391E6868F300554265 /* libjschelpers.a */,
				02445ACA1EDB00B20099A0AE /* libthird-party.a */,
				02445ACC1EDB00B20099A0AE /* libdouble-conversion.a */,
			);
			name = Products;
			sourceTree = "<group>";
		};
		78C398B11ACF4ADC00677621 /* Products */ = {
			isa = PBXGroup;
			children = (
				78C398B91ACF4ADC00677621 /* libRCTLinking.a */,
				026B0D7D1E037FED00B24721 /* libRCTLinking-tvOS.a */,
			);
			name = Products;
			sourceTree = "<group>";
		};
		832341AE1AAA6A7D00B99B32 /* Libraries */ = {
			isa = PBXGroup;
			children = (
				026818931F742B9100A42812 /* RCTCameraRoll.xcodeproj */,
				029F85711EEBB59900C0CC31 /* RCTAdSupport.xcodeproj */,
				025935571E809AA300FAEE7E /* InAppUtils.xcodeproj */,
				0222C3701E0C989D0084C586 /* RCTPushNotification.xcodeproj */,
				026B0DA01E0384D600B24721 /* RCTAnimation.xcodeproj */,
				02210A6A1E01902A006D7AC0 /* RNSound.xcodeproj */,
				02BCD7231DFDE9A2000B8FCF /* RNFileOpener.xcodeproj */,
				0221BCCC1DDC6D3C00706A4F /* RCTRestart.xcodeproj */,
				146833FF1AC3E56700842450 /* React.xcodeproj */,
				00C302A71ABCB8CE00DB3ED1 /* RCTActionSheet.xcodeproj */,
				00C302B51ABCB90400DB3ED1 /* RCTGeolocation.xcodeproj */,
				00C302BB1ABCB91800DB3ED1 /* RCTImage.xcodeproj */,
				78C398B01ACF4ADC00677621 /* RCTLinking.xcodeproj */,
				00C302D31ABCB9D200DB3ED1 /* RCTNetwork.xcodeproj */,
				139105B61AF99BAD00B5F7CC /* RCTSettings.xcodeproj */,
				832341B01AAA6A8300B99B32 /* RCTText.xcodeproj */,
				00C302DF1ABCB9EE00DB3ED1 /* RCTVibration.xcodeproj */,
				139FDEE61B06529A00C62182 /* RCTWebSocket.xcodeproj */,
				53F9542E76844F59917732EA /* RNVectorIcons.xcodeproj */,
				081BA9E7BB014EC9A1CF87BA /* RNRandomBytes.xcodeproj */,
				85F72AE1AB9C4B249FDE6333 /* RNFS.xcodeproj */,
				88D6237453EF462AAED942D1 /* RNImagePicker.xcodeproj */,
				26029CF21DF64479AF373AC9 /* RNShare.xcodeproj */,
				13F5AA2EEB8241769A00F172 /* SQLite.xcodeproj */,
				0E103048E40D48F8B3368298 /* RNDeviceInfo.xcodeproj */,
				450DEE9B4CC440CA96F796BA /* RNMail.xcodeproj */,
				E324EB0D0FAE4F96A2D57F34 /* RCTPrivacySnapshot.xcodeproj */,
				91AFFC53E28140839A2B4730 /* BVLinearGradient.xcodeproj */,
				EBD14F572C0F4C24BF45471F /* RCTContacts.xcodeproj */,
				2E792C39C6774D5F9DDB3025 /* imageCropPicker.xcodeproj */,
				ECF8C2AA68654A7593180257 /* KCKeepAwake.xcodeproj */,
			);
			name = Libraries;
			sourceTree = "<group>";
		};
		832341B11AAA6A8300B99B32 /* Products */ = {
			isa = PBXGroup;
			children = (
				832341B51AAA6A8300B99B32 /* libRCTText.a */,
				026B0D8A1E037FED00B24721 /* libRCTText-tvOS.a */,
			);
			name = Products;
			sourceTree = "<group>";
		};
		83CBB9F61A601CBA00E9B192 = {
			isa = PBXGroup;
			children = (
				029F85661EE8068400C0CC31 /* QBImagePicker.framework */,
				029F85621EE8067E00C0CC31 /* RSKImageCropper.framework */,
				13B07FAE1A68108700A75B9A /* peeriomobile */,
				832341AE1AAA6A7D00B99B32 /* Libraries */,
				83CBBA001A601CBA00E9B192 /* Products */,
				EE3B3AB15A814B41A0267C44 /* Resources */,
				02BCD72B1DFE1606000B8FCF /* Frameworks */,
				0253BCB720ACDD59001A16B5 /* Recovered References */,
			);
			indentWidth = 2;
			sourceTree = "<group>";
			tabWidth = 2;
		};
		83CBBA001A601CBA00E9B192 /* Products */ = {
			isa = PBXGroup;
			children = (
				13B07F961A680F5B00A75B9A /* peeriomobile.app */,
			);
			name = Products;
			sourceTree = "<group>";
		};
		EE3B3AB15A814B41A0267C44 /* Resources */ = {
			isa = PBXGroup;
			children = (
				02AF5ADB20842C18005056CF /* OpenSans.ttf */,
				02AF5ADC20842C18005056CF /* OpenSansBold.ttf */,
				02AF5ADA20842C18005056CF /* OpenSansBoldItalic.ttf */,
				02AF5AD820842C18005056CF /* OpenSansItalic.ttf */,
				02AF5AD720842C18005056CF /* OpenSansSemiBold.ttf */,
				02AF5AD920842C18005056CF /* OpenSansSemiBoldItalic.ttf */,
				02A075FF1E6D880E008974C5 /* maincert.com.cer */,
				02210A831E0191BA006D7AC0 /* sounds */,
				02E096DB1DAE50E100641B85 /* dict */,
				02E096B21DAE398B00641B85 /* locales */,
				02321C5A1D7F1BC100282EB1 /* MaterialIcons.ttf */,
				A0F64612EAF249BC98CB3DE2 /* Entypo.ttf */,
				21D883CDAA7C4E718E6EE873 /* EvilIcons.ttf */,
				A7DDFAC6A6F74107A3D45471 /* FontAwesome.ttf */,
				B836295CD1B344EBB035E1B6 /* Foundation.ttf */,
				ED79A42A8D3144739CE4C04B /* Ionicons.ttf */,
				DE216B2DFB25438F8922A621 /* Octicons.ttf */,
				1A7F1F7CA2F44844A0FC718E /* Zocial.ttf */,
				0248F0711E5A59BF00C437A9 /* terms.txt */,
				4FC9400FF0F74C249A550AC2 /* MaterialCommunityIcons.ttf */,
				372E848CA7B444A09B937444 /* SimpleLineIcons.ttf */,
			);
			name = Resources;
			sourceTree = "<group>";
		};
/* End PBXGroup section */

/* Begin PBXNativeTarget section */
		13B07F861A680F5B00A75B9A /* peeriomobile */ = {
			isa = PBXNativeTarget;
			buildConfigurationList = 13B07F931A680F5B00A75B9A /* Build configuration list for PBXNativeTarget "peeriomobile" */;
			buildPhases = (
				00DD1BFF1BD5951E006B06BC /* Bundle React Native code and images */,
				13B07F871A680F5B00A75B9A /* Sources */,
				13B07F8C1A680F5B00A75B9A /* Frameworks */,
				13B07F8E1A680F5B00A75B9A /* Resources */,
				029F85651EE8067F00C0CC31 /* Embed Frameworks */,
			);
			buildRules = (
			);
			dependencies = (
				0253B8111E6868F200554265 /* PBXTargetDependency */,
			);
			name = peeriomobile;
			productName = peeriomobile;
			productReference = 13B07F961A680F5B00A75B9A /* peeriomobile.app */;
			productType = "com.apple.product-type.application";
		};
/* End PBXNativeTarget section */

/* Begin PBXProject section */
		83CBB9F71A601CBA00E9B192 /* Project object */ = {
			isa = PBXProject;
			attributes = {
				LastUpgradeCheck = 800;
				ORGANIZATIONNAME = "";
				TargetAttributes = {
					13B07F861A680F5B00A75B9A = {
						DevelopmentTeam = 7L45B96YPK;
						ProvisioningStyle = Automatic;
						SystemCapabilities = {
							com.apple.DataProtection = {
								enabled = 1;
							};
							com.apple.InAppPurchase = {
								enabled = 0;
							};
							com.apple.Push = {
								enabled = 1;
							};
						};
					};
				};
			};
			buildConfigurationList = 83CBB9FA1A601CBA00E9B192 /* Build configuration list for PBXProject "peeriomobile" */;
			compatibilityVersion = "Xcode 3.2";
			developmentRegion = English;
			hasScannedForEncodings = 0;
			knownRegions = (
				en,
				Base,
			);
			mainGroup = 83CBB9F61A601CBA00E9B192;
			productRefGroup = 83CBBA001A601CBA00E9B192 /* Products */;
			projectDirPath = "";
			projectReferences = (
				{
					ProductGroup = 0253781A1EC4E14700752E61 /* Products */;
					ProjectRef = 91AFFC53E28140839A2B4730 /* BVLinearGradient.xcodeproj */;
				},
				{
					ProductGroup = 029F852E1EE804E500C0CC31 /* Products */;
					ProjectRef = 2E792C39C6774D5F9DDB3025 /* imageCropPicker.xcodeproj */;
				},
				{
					ProductGroup = 025935581E809AA300FAEE7E /* Products */;
					ProjectRef = 025935571E809AA300FAEE7E /* InAppUtils.xcodeproj */;
				},
				{
					ProductGroup = 0253BCE920ACDD5A001A16B5 /* Products */;
					ProjectRef = ECF8C2AA68654A7593180257 /* KCKeepAwake.xcodeproj */;
				},
				{
					ProductGroup = 00C302A81ABCB8CE00DB3ED1 /* Products */;
					ProjectRef = 00C302A71ABCB8CE00DB3ED1 /* RCTActionSheet.xcodeproj */;
				},
				{
					ProductGroup = 029F85721EEBB59900C0CC31 /* Products */;
					ProjectRef = 029F85711EEBB59900C0CC31 /* RCTAdSupport.xcodeproj */;
				},
				{
					ProductGroup = 026B0DA11E0384D600B24721 /* Products */;
					ProjectRef = 026B0DA01E0384D600B24721 /* RCTAnimation.xcodeproj */;
				},
				{
					ProductGroup = 026818941F742B9100A42812 /* Products */;
					ProjectRef = 026818931F742B9100A42812 /* RCTCameraRoll.xcodeproj */;
				},
				{
					ProductGroup = 02ADBC2C1EDDA0C100D304BE /* Products */;
					ProjectRef = EBD14F572C0F4C24BF45471F /* RCTContacts.xcodeproj */;
				},
				{
					ProductGroup = 00C302B61ABCB90400DB3ED1 /* Products */;
					ProjectRef = 00C302B51ABCB90400DB3ED1 /* RCTGeolocation.xcodeproj */;
				},
				{
					ProductGroup = 00C302BC1ABCB91800DB3ED1 /* Products */;
					ProjectRef = 00C302BB1ABCB91800DB3ED1 /* RCTImage.xcodeproj */;
				},
				{
					ProductGroup = 78C398B11ACF4ADC00677621 /* Products */;
					ProjectRef = 78C398B01ACF4ADC00677621 /* RCTLinking.xcodeproj */;
				},
				{
					ProductGroup = 00C302D41ABCB9D200DB3ED1 /* Products */;
					ProjectRef = 00C302D31ABCB9D200DB3ED1 /* RCTNetwork.xcodeproj */;
				},
				{
					ProductGroup = 02F966001E9D490700FBECFF /* Products */;
					ProjectRef = E324EB0D0FAE4F96A2D57F34 /* RCTPrivacySnapshot.xcodeproj */;
				},
				{
					ProductGroup = 0222C3711E0C989D0084C586 /* Products */;
					ProjectRef = 0222C3701E0C989D0084C586 /* RCTPushNotification.xcodeproj */;
				},
				{
					ProductGroup = 0221BCCD1DDC6D3C00706A4F /* Products */;
					ProjectRef = 0221BCCC1DDC6D3C00706A4F /* RCTRestart.xcodeproj */;
				},
				{
					ProductGroup = 139105B71AF99BAD00B5F7CC /* Products */;
					ProjectRef = 139105B61AF99BAD00B5F7CC /* RCTSettings.xcodeproj */;
				},
				{
					ProductGroup = 832341B11AAA6A8300B99B32 /* Products */;
					ProjectRef = 832341B01AAA6A8300B99B32 /* RCTText.xcodeproj */;
				},
				{
					ProductGroup = 00C302E01ABCB9EE00DB3ED1 /* Products */;
					ProjectRef = 00C302DF1ABCB9EE00DB3ED1 /* RCTVibration.xcodeproj */;
				},
				{
					ProductGroup = 139FDEE71B06529A00C62182 /* Products */;
					ProjectRef = 139FDEE61B06529A00C62182 /* RCTWebSocket.xcodeproj */;
				},
				{
					ProductGroup = 146834001AC3E56700842450 /* Products */;
					ProjectRef = 146833FF1AC3E56700842450 /* React.xcodeproj */;
				},
				{
					ProductGroup = 0235B63B1E664ECB001D77D1 /* Products */;
					ProjectRef = 0E103048E40D48F8B3368298 /* RNDeviceInfo.xcodeproj */;
				},
				{
					ProductGroup = 02BCD7241DFDE9A2000B8FCF /* Products */;
					ProjectRef = 02BCD7231DFDE9A2000B8FCF /* RNFileOpener.xcodeproj */;
				},
				{
					ProductGroup = 02E096C21DAE3B3B00641B85 /* Products */;
					ProjectRef = 85F72AE1AB9C4B249FDE6333 /* RNFS.xcodeproj */;
				},
				{
					ProductGroup = 0221BD241DDDC22700706A4F /* Products */;
					ProjectRef = 88D6237453EF462AAED942D1 /* RNImagePicker.xcodeproj */;
				},
				{
					ProductGroup = 02202B521E840AF6006CDA9B /* Products */;
					ProjectRef = 450DEE9B4CC440CA96F796BA /* RNMail.xcodeproj */;
				},
				{
					ProductGroup = 02FDD4A51DA6457E004E1D5A /* Products */;
					ProjectRef = 081BA9E7BB014EC9A1CF87BA /* RNRandomBytes.xcodeproj */;
				},
				{
					ProductGroup = 029F0E411E55301200C8586F /* Products */;
					ProjectRef = 26029CF21DF64479AF373AC9 /* RNShare.xcodeproj */;
				},
				{
					ProductGroup = 02210A6B1E01902A006D7AC0 /* Products */;
					ProjectRef = 02210A6A1E01902A006D7AC0 /* RNSound.xcodeproj */;
				},
				{
					ProductGroup = 02D763E11D9918E800E7E57C /* Products */;
					ProjectRef = 53F9542E76844F59917732EA /* RNVectorIcons.xcodeproj */;
				},
				{
					ProductGroup = 0235B5B41E65DE24001D77D1 /* Products */;
					ProjectRef = 13F5AA2EEB8241769A00F172 /* SQLite.xcodeproj */;
				},
			);
			projectRoot = "";
			targets = (
				13B07F861A680F5B00A75B9A /* peeriomobile */,
			);
		};
/* End PBXProject section */

/* Begin PBXReferenceProxy section */
		00C302AC1ABCB8CE00DB3ED1 /* libRCTActionSheet.a */ = {
			isa = PBXReferenceProxy;
			fileType = archive.ar;
			path = libRCTActionSheet.a;
			remoteRef = 00C302AB1ABCB8CE00DB3ED1 /* PBXContainerItemProxy */;
			sourceTree = BUILT_PRODUCTS_DIR;
		};
		00C302BA1ABCB90400DB3ED1 /* libRCTGeolocation.a */ = {
			isa = PBXReferenceProxy;
			fileType = archive.ar;
			path = libRCTGeolocation.a;
			remoteRef = 00C302B91ABCB90400DB3ED1 /* PBXContainerItemProxy */;
			sourceTree = BUILT_PRODUCTS_DIR;
		};
		00C302C01ABCB91800DB3ED1 /* libRCTImage.a */ = {
			isa = PBXReferenceProxy;
			fileType = archive.ar;
			path = libRCTImage.a;
			remoteRef = 00C302BF1ABCB91800DB3ED1 /* PBXContainerItemProxy */;
			sourceTree = BUILT_PRODUCTS_DIR;
		};
		00C302DC1ABCB9D200DB3ED1 /* libRCTNetwork.a */ = {
			isa = PBXReferenceProxy;
			fileType = archive.ar;
			path = libRCTNetwork.a;
			remoteRef = 00C302DB1ABCB9D200DB3ED1 /* PBXContainerItemProxy */;
			sourceTree = BUILT_PRODUCTS_DIR;
		};
		00C302E41ABCB9EE00DB3ED1 /* libRCTVibration.a */ = {
			isa = PBXReferenceProxy;
			fileType = archive.ar;
			path = libRCTVibration.a;
			remoteRef = 00C302E31ABCB9EE00DB3ED1 /* PBXContainerItemProxy */;
			sourceTree = BUILT_PRODUCTS_DIR;
		};
		02202B791E840AF7006CDA9B /* libRNMail.a */ = {
			isa = PBXReferenceProxy;
			fileType = archive.ar;
			path = libRNMail.a;
			remoteRef = 02202B781E840AF7006CDA9B /* PBXContainerItemProxy */;
			sourceTree = BUILT_PRODUCTS_DIR;
		};
		02202B7B1E840AF7006CDA9B /* RNMailTests.xctest */ = {
			isa = PBXReferenceProxy;
			fileType = wrapper.cfbundle;
			path = RNMailTests.xctest;
			remoteRef = 02202B7A1E840AF7006CDA9B /* PBXContainerItemProxy */;
			sourceTree = BUILT_PRODUCTS_DIR;
		};
		02210A7F1E01902A006D7AC0 /* libRNSound.a */ = {
			isa = PBXReferenceProxy;
			fileType = archive.ar;
			path = libRNSound.a;
			remoteRef = 02210A7E1E01902A006D7AC0 /* PBXContainerItemProxy */;
			sourceTree = BUILT_PRODUCTS_DIR;
		};
		0221BCD11DDC6D3C00706A4F /* libRCTRestart.a */ = {
			isa = PBXReferenceProxy;
			fileType = archive.ar;
			path = libRCTRestart.a;
			remoteRef = 0221BCD01DDC6D3C00706A4F /* PBXContainerItemProxy */;
			sourceTree = BUILT_PRODUCTS_DIR;
		};
		0221BD341DDDC22700706A4F /* libRNImagePicker.a */ = {
			isa = PBXReferenceProxy;
			fileType = archive.ar;
			path = libRNImagePicker.a;
			remoteRef = 0221BD331DDDC22700706A4F /* PBXContainerItemProxy */;
			sourceTree = BUILT_PRODUCTS_DIR;
		};
		0222C3801E0C989D0084C586 /* libRCTPushNotification.a */ = {
			isa = PBXReferenceProxy;
			fileType = archive.ar;
			path = libRCTPushNotification.a;
			remoteRef = 0222C37F1E0C989D0084C586 /* PBXContainerItemProxy */;
			sourceTree = BUILT_PRODUCTS_DIR;
		};
		0222C3821E0C989D0084C586 /* libRCTPushNotification-tvOS.a */ = {
			isa = PBXReferenceProxy;
			fileType = archive.ar;
			path = "libRCTPushNotification-tvOS.a";
			remoteRef = 0222C3811E0C989D0084C586 /* PBXContainerItemProxy */;
			sourceTree = BUILT_PRODUCTS_DIR;
		};
		0235B5D71E65DE24001D77D1 /* libSQLite.a */ = {
			isa = PBXReferenceProxy;
			fileType = archive.ar;
			path = libSQLite.a;
			remoteRef = 0235B5D61E65DE24001D77D1 /* PBXContainerItemProxy */;
			sourceTree = BUILT_PRODUCTS_DIR;
		};
		0235B6561E664ECB001D77D1 /* libRNDeviceInfo.a */ = {
			isa = PBXReferenceProxy;
			fileType = archive.ar;
			path = libRNDeviceInfo.a;
			remoteRef = 0235B6551E664ECB001D77D1 /* PBXContainerItemProxy */;
			sourceTree = BUILT_PRODUCTS_DIR;
		};
		02445ACA1EDB00B20099A0AE /* libthird-party.a */ = {
			isa = PBXReferenceProxy;
			fileType = archive.ar;
			path = "libthird-party.a";
			remoteRef = 02445AC91EDB00B20099A0AE /* PBXContainerItemProxy */;
			sourceTree = BUILT_PRODUCTS_DIR;
		};
		02445ACC1EDB00B20099A0AE /* libdouble-conversion.a */ = {
			isa = PBXReferenceProxy;
			fileType = archive.ar;
			path = "libdouble-conversion.a";
			remoteRef = 02445ACB1EDB00B20099A0AE /* PBXContainerItemProxy */;
			sourceTree = BUILT_PRODUCTS_DIR;
		};
		0253781E1EC4E14700752E61 /* libBVLinearGradient.a */ = {
			isa = PBXReferenceProxy;
			fileType = archive.ar;
			path = libBVLinearGradient.a;
			remoteRef = 0253781D1EC4E14700752E61 /* PBXContainerItemProxy */;
			sourceTree = BUILT_PRODUCTS_DIR;
		};
		0253B82F1E6868F300554265 /* libyoga.a */ = {
			isa = PBXReferenceProxy;
			fileType = archive.ar;
			path = libyoga.a;
			remoteRef = 0253B82E1E6868F300554265 /* PBXContainerItemProxy */;
			sourceTree = BUILT_PRODUCTS_DIR;
		};
		0253B8311E6868F300554265 /* libyoga.a */ = {
			isa = PBXReferenceProxy;
			fileType = archive.ar;
			path = libyoga.a;
			remoteRef = 0253B8301E6868F300554265 /* PBXContainerItemProxy */;
			sourceTree = BUILT_PRODUCTS_DIR;
		};
		0253B8331E6868F300554265 /* libcxxreact.a */ = {
			isa = PBXReferenceProxy;
			fileType = archive.ar;
			path = libcxxreact.a;
			remoteRef = 0253B8321E6868F300554265 /* PBXContainerItemProxy */;
			sourceTree = BUILT_PRODUCTS_DIR;
		};
		0253B8351E6868F300554265 /* libcxxreact.a */ = {
			isa = PBXReferenceProxy;
			fileType = archive.ar;
			path = libcxxreact.a;
			remoteRef = 0253B8341E6868F300554265 /* PBXContainerItemProxy */;
			sourceTree = BUILT_PRODUCTS_DIR;
		};
		0253B8371E6868F300554265 /* libjschelpers.a */ = {
			isa = PBXReferenceProxy;
			fileType = archive.ar;
			path = libjschelpers.a;
			remoteRef = 0253B8361E6868F300554265 /* PBXContainerItemProxy */;
			sourceTree = BUILT_PRODUCTS_DIR;
		};
		0253B8391E6868F300554265 /* libjschelpers.a */ = {
			isa = PBXReferenceProxy;
			fileType = archive.ar;
			path = libjschelpers.a;
			remoteRef = 0253B8381E6868F300554265 /* PBXContainerItemProxy */;
			sourceTree = BUILT_PRODUCTS_DIR;
		};
		0253BCED20ACDD5A001A16B5 /* libKCKeepAwake.a */ = {
			isa = PBXReferenceProxy;
			fileType = archive.ar;
			path = libKCKeepAwake.a;
			remoteRef = 0253BCEC20ACDD5A001A16B5 /* PBXContainerItemProxy */;
			sourceTree = BUILT_PRODUCTS_DIR;
		};
		0259355D1E809AA400FAEE7E /* libInAppUtils.a */ = {
			isa = PBXReferenceProxy;
			fileType = archive.ar;
			path = libInAppUtils.a;
			remoteRef = 0259355C1E809AA400FAEE7E /* PBXContainerItemProxy */;
			sourceTree = BUILT_PRODUCTS_DIR;
		};
		0259355F1E809AA400FAEE7E /* InAppUtilsTests.xctest */ = {
			isa = PBXReferenceProxy;
			fileType = wrapper.cfbundle;
			path = InAppUtilsTests.xctest;
			remoteRef = 0259355E1E809AA400FAEE7E /* PBXContainerItemProxy */;
			sourceTree = BUILT_PRODUCTS_DIR;
		};
		026818981F742B9100A42812 /* libRCTCameraRoll.a */ = {
			isa = PBXReferenceProxy;
			fileType = archive.ar;
			path = libRCTCameraRoll.a;
			remoteRef = 026818971F742B9100A42812 /* PBXContainerItemProxy */;
			sourceTree = BUILT_PRODUCTS_DIR;
		};
		026B0D791E037FED00B24721 /* libRCTImage-tvOS.a */ = {
			isa = PBXReferenceProxy;
			fileType = archive.ar;
			path = "libRCTImage-tvOS.a";
			remoteRef = 026B0D781E037FED00B24721 /* PBXContainerItemProxy */;
			sourceTree = BUILT_PRODUCTS_DIR;
		};
		026B0D7D1E037FED00B24721 /* libRCTLinking-tvOS.a */ = {
			isa = PBXReferenceProxy;
			fileType = archive.ar;
			path = "libRCTLinking-tvOS.a";
			remoteRef = 026B0D7C1E037FED00B24721 /* PBXContainerItemProxy */;
			sourceTree = BUILT_PRODUCTS_DIR;
		};
		026B0D811E037FED00B24721 /* libRCTNetwork-tvOS.a */ = {
			isa = PBXReferenceProxy;
			fileType = archive.ar;
			path = "libRCTNetwork-tvOS.a";
			remoteRef = 026B0D801E037FED00B24721 /* PBXContainerItemProxy */;
			sourceTree = BUILT_PRODUCTS_DIR;
		};
		026B0D861E037FED00B24721 /* libRCTSettings-tvOS.a */ = {
			isa = PBXReferenceProxy;
			fileType = archive.ar;
			path = "libRCTSettings-tvOS.a";
			remoteRef = 026B0D851E037FED00B24721 /* PBXContainerItemProxy */;
			sourceTree = BUILT_PRODUCTS_DIR;
		};
		026B0D8A1E037FED00B24721 /* libRCTText-tvOS.a */ = {
			isa = PBXReferenceProxy;
			fileType = archive.ar;
			path = "libRCTText-tvOS.a";
			remoteRef = 026B0D891E037FED00B24721 /* PBXContainerItemProxy */;
			sourceTree = BUILT_PRODUCTS_DIR;
		};
		026B0D8F1E037FED00B24721 /* libRCTWebSocket-tvOS.a */ = {
			isa = PBXReferenceProxy;
			fileType = archive.ar;
			path = "libRCTWebSocket-tvOS.a";
			remoteRef = 026B0D8E1E037FED00B24721 /* PBXContainerItemProxy */;
			sourceTree = BUILT_PRODUCTS_DIR;
		};
		026B0D931E037FED00B24721 /* libReact.a */ = {
			isa = PBXReferenceProxy;
			fileType = archive.ar;
			path = libReact.a;
			remoteRef = 026B0D921E037FED00B24721 /* PBXContainerItemProxy */;
			sourceTree = BUILT_PRODUCTS_DIR;
		};
		026B0DA61E0384D700B24721 /* libRCTAnimation.a */ = {
			isa = PBXReferenceProxy;
			fileType = archive.ar;
			path = libRCTAnimation.a;
			remoteRef = 026B0DA51E0384D700B24721 /* PBXContainerItemProxy */;
			sourceTree = BUILT_PRODUCTS_DIR;
		};
		026B0DA81E0384D700B24721 /* libRCTAnimation.a */ = {
			isa = PBXReferenceProxy;
			fileType = archive.ar;
			path = libRCTAnimation.a;
			remoteRef = 026B0DA71E0384D700B24721 /* PBXContainerItemProxy */;
			sourceTree = BUILT_PRODUCTS_DIR;
		};
		029F0E601E55301200C8586F /* libRNShare.a */ = {
			isa = PBXReferenceProxy;
			fileType = archive.ar;
			path = libRNShare.a;
			remoteRef = 029F0E5F1E55301200C8586F /* PBXContainerItemProxy */;
			sourceTree = BUILT_PRODUCTS_DIR;
		};
		029F85331EE804E500C0CC31 /* libimageCropPicker.a */ = {
			isa = PBXReferenceProxy;
			fileType = archive.ar;
			path = libimageCropPicker.a;
			remoteRef = 029F85321EE804E500C0CC31 /* PBXContainerItemProxy */;
			sourceTree = BUILT_PRODUCTS_DIR;
		};
		029F85761EEBB59A00C0CC31 /* libRCTAdSupport.a */ = {
			isa = PBXReferenceProxy;
			fileType = archive.ar;
			path = libRCTAdSupport.a;
			remoteRef = 029F85751EEBB59A00C0CC31 /* PBXContainerItemProxy */;
			sourceTree = BUILT_PRODUCTS_DIR;
		};
		02ADBC361EDDA0C100D304BE /* libRCTContacts.a */ = {
			isa = PBXReferenceProxy;
			fileType = archive.ar;
			path = libRCTContacts.a;
			remoteRef = 02ADBC351EDDA0C100D304BE /* PBXContainerItemProxy */;
			sourceTree = BUILT_PRODUCTS_DIR;
		};
		02BCD7281DFDE9A2000B8FCF /* libRNFileOpener.a */ = {
			isa = PBXReferenceProxy;
			fileType = archive.ar;
			path = libRNFileOpener.a;
			remoteRef = 02BCD7271DFDE9A2000B8FCF /* PBXContainerItemProxy */;
			sourceTree = BUILT_PRODUCTS_DIR;
		};
		02D763F21D9918E800E7E57C /* libRNVectorIcons.a */ = {
			isa = PBXReferenceProxy;
			fileType = archive.ar;
			path = libRNVectorIcons.a;
			remoteRef = 02D763F11D9918E800E7E57C /* PBXContainerItemProxy */;
			sourceTree = BUILT_PRODUCTS_DIR;
		};
		02E096D11DAE3B3B00641B85 /* libRNFS.a */ = {
			isa = PBXReferenceProxy;
			fileType = archive.ar;
			path = libRNFS.a;
			remoteRef = 02E096D01DAE3B3B00641B85 /* PBXContainerItemProxy */;
			sourceTree = BUILT_PRODUCTS_DIR;
		};
		02F966101E9D490700FBECFF /* libRCTPrivacySnapshot.a */ = {
			isa = PBXReferenceProxy;
			fileType = archive.ar;
			path = libRCTPrivacySnapshot.a;
			remoteRef = 02F9660F1E9D490700FBECFF /* PBXContainerItemProxy */;
			sourceTree = BUILT_PRODUCTS_DIR;
		};
		02FDD4B41DA6457E004E1D5A /* libRNRandomBytes.a */ = {
			isa = PBXReferenceProxy;
			fileType = archive.ar;
			path = libRNRandomBytes.a;
			remoteRef = 02FDD4B31DA6457E004E1D5A /* PBXContainerItemProxy */;
			sourceTree = BUILT_PRODUCTS_DIR;
		};
		139105C11AF99BAD00B5F7CC /* libRCTSettings.a */ = {
			isa = PBXReferenceProxy;
			fileType = archive.ar;
			path = libRCTSettings.a;
			remoteRef = 139105C01AF99BAD00B5F7CC /* PBXContainerItemProxy */;
			sourceTree = BUILT_PRODUCTS_DIR;
		};
		139FDEF41B06529B00C62182 /* libRCTWebSocket.a */ = {
			isa = PBXReferenceProxy;
			fileType = archive.ar;
			path = libRCTWebSocket.a;
			remoteRef = 139FDEF31B06529B00C62182 /* PBXContainerItemProxy */;
			sourceTree = BUILT_PRODUCTS_DIR;
		};
		146834041AC3E56700842450 /* libReact.a */ = {
			isa = PBXReferenceProxy;
			fileType = archive.ar;
			path = libReact.a;
			remoteRef = 146834031AC3E56700842450 /* PBXContainerItemProxy */;
			sourceTree = BUILT_PRODUCTS_DIR;
		};
		78C398B91ACF4ADC00677621 /* libRCTLinking.a */ = {
			isa = PBXReferenceProxy;
			fileType = archive.ar;
			path = libRCTLinking.a;
			remoteRef = 78C398B81ACF4ADC00677621 /* PBXContainerItemProxy */;
			sourceTree = BUILT_PRODUCTS_DIR;
		};
		832341B51AAA6A8300B99B32 /* libRCTText.a */ = {
			isa = PBXReferenceProxy;
			fileType = archive.ar;
			path = libRCTText.a;
			remoteRef = 832341B41AAA6A8300B99B32 /* PBXContainerItemProxy */;
			sourceTree = BUILT_PRODUCTS_DIR;
		};
/* End PBXReferenceProxy section */

/* Begin PBXResourcesBuildPhase section */
		13B07F8E1A680F5B00A75B9A /* Resources */ = {
			isa = PBXResourcesBuildPhase;
			buildActionMask = 2147483647;
			files = (
				02AF5AE020842C18005056CF /* OpenSansBoldItalic.ttf in Resources */,
				02210A841E0191BA006D7AC0 /* sounds in Resources */,
				02321C5D1D80558E00282EB1 /* main.jsbundle in Resources */,
				0248F0721E5A59BF00C437A9 /* terms.txt in Resources */,
				02E096B31DAE398B00641B85 /* locales in Resources */,
				02321C5B1D7F1BC100282EB1 /* MaterialIcons.ttf in Resources */,
				86F7F88564164E3CA0B1265B /* Entypo.ttf in Resources */,
				02A076271E6D8876008974C5 /* maincert.com.cer in Resources */,
				CF69BA63107E428598B08410 /* EvilIcons.ttf in Resources */,
				51CAD96E068B4E2EAA239290 /* FontAwesome.ttf in Resources */,
				B73DC4B1F0BD4E63BE1B4BD5 /* Foundation.ttf in Resources */,
				02AF5ADE20842C18005056CF /* OpenSansItalic.ttf in Resources */,
				02AF5ADF20842C18005056CF /* OpenSansSemiBoldItalic.ttf in Resources */,
				02E096DC1DAE50E100641B85 /* dict in Resources */,
				8390076B9DE5486982F0EBE9 /* Ionicons.ttf in Resources */,
				02DB41591DCD1B1C00E04176 /* Images.xcassets in Resources */,
				1467A9A8E0304BE0953E715B /* Octicons.ttf in Resources */,
				02AF5AE220842C18005056CF /* OpenSansBold.ttf in Resources */,
				02AF5AE120842C18005056CF /* OpenSans.ttf in Resources */,
				17093292DCFB4EFBB929257F /* Zocial.ttf in Resources */,
				E19FDAE0C2454345A5CE2523 /* MaterialCommunityIcons.ttf in Resources */,
				02AF5ADD20842C18005056CF /* OpenSansSemiBold.ttf in Resources */,
				02726F581EB33C7A00D82BF5 /* libsodium-ios in Resources */,
				026A54881F9A5F8600D26E34 /* Launch Screen.storyboard in Resources */,
				8560D839D75A4E9590C8B1F5 /* SimpleLineIcons.ttf in Resources */,
			);
			runOnlyForDeploymentPostprocessing = 0;
		};
/* End PBXResourcesBuildPhase section */

/* Begin PBXShellScriptBuildPhase section */
		00DD1BFF1BD5951E006B06BC /* Bundle React Native code and images */ = {
			isa = PBXShellScriptBuildPhase;
			buildActionMask = 12;
			files = (
			);
			inputPaths = (
			);
			name = "Bundle React Native code and images";
			outputPaths = (
			);
			runOnlyForDeploymentPostprocessing = 0;
			shellPath = /bin/bash;
			shellScript = "cd $SRCROOT/..\nsource env.sh\n\nif [ \"$CONFIGURATION\" == \"Debug\" ] && [ -f \"ios/main.jsbundle\" ]; then\n    if lsof -Pi :8081 -sTCP:LISTEN -t >/dev/null ; then\n        echo \"Bundle RN: running sim and packager. skipping bundler.\"\n        exit 0\n    fi\nfi\n\nexport NODE_BINARY=node\n\n# clean up\nrm -f ios/main.jsbundle\nrm -f ios/worker.jsbundle\nif [ \"$CONFIGURATION\" == \"Debug\" ]; then\n   ./node_modules/.bin/react-native bundle --entry-file index.ios.js --bundle-output ios/main.jsbundle --assets-dest \"$CONFIGURATION_BUILD_DIR/$UNLOCALIZED_RESOURCES_FOLDER_PATH\" --platform ios --reset-cache\nfi\nif [ \"$CONFIGURATION\" == \"Release\" ]; then\n    ./node_modules/.bin/react-native bundle --dev false --entry-file index.ios.js --bundle-output ios/main.jsbundle --assets-dest \"$CONFIGURATION_BUILD_DIR/$UNLOCALIZED_RESOURCES_FOLDER_PATH\" --platform ios --reset-cache\nfi\n# check that command was successful\n\nif [ ! -f ios/main.jsbundle ]; then\n    echo \"JS compilation failed. Please check the sources\"\n    exit 1\nfi\n";
		};
/* End PBXShellScriptBuildPhase section */

/* Begin PBXSourcesBuildPhase section */
		13B07F871A680F5B00A75B9A /* Sources */ = {
			isa = PBXSourcesBuildPhase;
			buildActionMask = 2147483647;
			files = (
				02A5EE7C1ECA9ECC00ED05C1 /* RNKeychain.m in Sources */,
				13B07FBC1A68108700A75B9A /* AppDelegate.m in Sources */,
				02726F891EB33E3000D82BF5 /* RNSodium.m in Sources */,
				13B07FC11A68108700A75B9A /* main.m in Sources */,
			);
			runOnlyForDeploymentPostprocessing = 0;
		};
/* End PBXSourcesBuildPhase section */

/* Begin PBXTargetDependency section */
		0253B8111E6868F200554265 /* PBXTargetDependency */ = {
			isa = PBXTargetDependency;
			name = React;
			targetProxy = 0253B8101E6868F200554265 /* PBXContainerItemProxy */;
		};
/* End PBXTargetDependency section */

/* Begin XCBuildConfiguration section */
		13B07F941A680F5B00A75B9A /* Debug */ = {
			isa = XCBuildConfiguration;
			buildSettings = {
				ASSETCATALOG_COMPILER_APPICON_NAME = AppIcon;
				ASSETCATALOG_COMPILER_LAUNCHIMAGE_NAME = LaunchImage;
				CODE_SIGN_ENTITLEMENTS = peeriomobile/peeriomobile.entitlements;
				CODE_SIGN_IDENTITY = "iPhone Developer: Samvel Avanesov (7TA58ZPZB5)";
				"CODE_SIGN_IDENTITY[sdk=iphoneos*]" = "iPhone Developer";
				CODE_SIGN_STYLE = Automatic;
				CURRENT_PROJECT_VERSION = 306;
				DEAD_CODE_STRIPPING = NO;
				DEVELOPMENT_TEAM = "";
				HEADER_SEARCH_PATHS = (
					"$(inherited)",
					/Applications/Xcode.app/Contents/Developer/Toolchains/XcodeDefault.xctoolchain/usr/include,
					"$(SRCROOT)/../node_modules/react-native/React/**",
					"$(SRCROOT)/../node_modules/react-native-autogrow-textinput/ios",
					"$(SRCROOT)/../node_modules/react-native-vector-icons/RNVectorIconsManager",
					"$(SRCROOT)/../node_modules/react-native-autogrow-textinput/ios",
					"$(SRCROOT)/../node_modules/react-native-randombytes",
					"$(SRCROOT)/../node_modules/react-native-tcp/ios/**",
					"$(SRCROOT)/../node_modules/react-native-udp/ios/**",
					"$(SRCROOT)/../node_modules/react-native-fs/**",
					"$(SRCROOT)/../node_modules/react-native-udp/ios/**",
					"$(SRCROOT)/../node_modules/react-native-auto-expanding-textinput/ios/AutoExpandingTextInput",
					"$(SRCROOT)/../node_modules/react-native-image-picker/ios",
					"$(SRCROOT)/../node_modules/react-native/Libraries/PushNotificationIOS",
					"$(SRCROOT)/../node_modules/react-native-share/ios",
					"$(SRCROOT)/../node_modules/react-native-sqlcipher-storage/src/**",
					"$(SRCROOT)/../node_modules/react-native-device-uuid",
					"$(SRCROOT)/../node_modules/react-native-linear-gradient/BVLinearGradient",
					"$(SRCROOT)/../node_modules/react-native-device-info/RNDeviceInfo",
					"$(SRCROOT)/../node_modules/react-native-picker/ios/RCTBEEPickerManager",
					"$(SRCROOT)/../node_modules/react-native-mail/RNMail",
					"$(SRCROOT)/../node_modules/rn-workers/ios/RNWorkers",
					"$(SRCROOT)/../node_modules/react-native-privacy-snapshot/RCTPrivacySnapshot",
					"$(SRCROOT)/../node_modules/react-native-linear-gradient/BVLinearGradient",
					"$(SRCROOT)/../node_modules/react-native-contacts/ios/RCTContacts",
					"$(SRCROOT)/../node_modules/react-native-image-crop-picker/ios/**",
					"$(SRCROOT)/../node_modules/react-native-print/ios/RNPrint",
					"$(SRCROOT)/../node_modules/react-native-html-to-pdf/ios/RNHTMLtoPDF/**",
					"$(SRCROOT)/../node_modules/react-native-view-shot/ios",
					"$(SRCROOT)/../node_modules/react-native-keep-awake/ios",
				);
				INFOPLIST_FILE = peeriomobile/Info.plist;
				IPHONEOS_DEPLOYMENT_TARGET = 8.0;
				LD_RUNPATH_SEARCH_PATHS = "$(inherited) @executable_path/Frameworks";
				LIBRARY_SEARCH_PATHS = (
					"$(inherited)",
					"\"$(SRCROOT)/peeriomobile\"",
					"\"$(SRCROOT)/peeriomobile\"",
					"\"$(SRCROOT)/peeriomobile\"",
					"\"$(SRCROOT)/peeriomobile\"",
					"\"$(SRCROOT)/peeriomobile\"",
					"\"$(SRCROOT)/peeriomobile\"",
					"\"$(SRCROOT)/peeriomobile\"",
					"\"$(SRCROOT)/peeriomobile\"",
					"\"$(SRCROOT)/peeriomobile\"",
					"\"$(SRCROOT)/peeriomobile\"",
					"$(PROJECT_DIR)/peeriomobile/libsodium-ios/lib",
					"$(PROJECT_DIR)/lib",
					"\"$(SRCROOT)/peeriomobile\"",
					"\"$(SRCROOT)/peeriomobile\"",
					"\"$(SRCROOT)/peeriomobile\"",
					"\"$(SRCROOT)/peeriomobile\"",
					"\"$(SRCROOT)/peeriomobile\"",
					"\"$(SRCROOT)/peeriomobile\"",
					"\"$(SRCROOT)/peeriomobile\"",
				);
				OTHER_LDFLAGS = (
					"$(inherited)",
					"-ObjC",
					"-lc++",
				);
				PRODUCT_BUNDLE_IDENTIFIER = com.peerio;
				PRODUCT_NAME = peeriomobile;
				PROVISIONING_PROFILE = "";
				PROVISIONING_PROFILE_SPECIFIER = "";
			};
			name = Debug;
		};
		13B07F951A680F5B00A75B9A /* Release */ = {
			isa = XCBuildConfiguration;
			buildSettings = {
				ASSETCATALOG_COMPILER_APPICON_NAME = AppIcon;
				ASSETCATALOG_COMPILER_LAUNCHIMAGE_NAME = LaunchImage;
				CODE_SIGN_ENTITLEMENTS = peeriomobile/peeriomobile.entitlements;
				CODE_SIGN_IDENTITY = "iPhone Distribution: Technologies Peerio Inc. (7L45B96YPK)";
				"CODE_SIGN_IDENTITY[sdk=iphoneos*]" = "iPhone Developer";
				CODE_SIGN_STYLE = Automatic;
				CURRENT_PROJECT_VERSION = 306;
				DEVELOPMENT_TEAM = "";
				HEADER_SEARCH_PATHS = (
					"$(inherited)",
					/Applications/Xcode.app/Contents/Developer/Toolchains/XcodeDefault.xctoolchain/usr/include,
					"$(SRCROOT)/../node_modules/react-native/React/**",
					"$(SRCROOT)/../node_modules/react-native-autogrow-textinput/ios",
					"$(SRCROOT)/../node_modules/react-native-vector-icons/RNVectorIconsManager",
					"$(SRCROOT)/../node_modules/react-native-autogrow-textinput/ios",
					"$(SRCROOT)/../node_modules/react-native-randombytes",
					"$(SRCROOT)/../node_modules/react-native-tcp/ios/**",
					"$(SRCROOT)/../node_modules/react-native-udp/ios/**",
					"$(SRCROOT)/../node_modules/react-native-fs/**",
					"$(SRCROOT)/../node_modules/react-native-udp/ios/**",
					"$(SRCROOT)/../node_modules/react-native-auto-expanding-textinput/ios/AutoExpandingTextInput",
					"$(SRCROOT)/../node_modules/react-native-image-picker/ios",
					"$(SRCROOT)/../node_modules/react-native/Libraries/PushNotificationIOS",
					"$(SRCROOT)/../node_modules/react-native-share/ios",
					"$(SRCROOT)/../node_modules/react-native-sqlcipher-storage/src/**",
					"$(SRCROOT)/../node_modules/react-native-device-uuid",
					"$(SRCROOT)/../node_modules/react-native-linear-gradient/BVLinearGradient",
					"$(SRCROOT)/../node_modules/react-native-device-info/RNDeviceInfo",
					"$(SRCROOT)/../node_modules/react-native-picker/ios/RCTBEEPickerManager",
					"$(SRCROOT)/../node_modules/react-native-mail/RNMail",
					"$(SRCROOT)/../node_modules/rn-workers/ios/RNWorkers",
					"$(SRCROOT)/../node_modules/react-native-privacy-snapshot/RCTPrivacySnapshot",
					"$(SRCROOT)/../node_modules/react-native-linear-gradient/BVLinearGradient",
					"$(SRCROOT)/../node_modules/react-native-contacts/ios/RCTContacts",
					"$(SRCROOT)/../node_modules/react-native-image-crop-picker/ios/**",
					"$(SRCROOT)/../node_modules/react-native-print/ios/RNPrint",
					"$(SRCROOT)/../node_modules/react-native-html-to-pdf/ios/RNHTMLtoPDF/**",
					"$(SRCROOT)/../node_modules/react-native-view-shot/ios",
					"$(SRCROOT)/../node_modules/react-native-keep-awake/ios",
				);
				INFOPLIST_FILE = peeriomobile/Info.plist;
				IPHONEOS_DEPLOYMENT_TARGET = 8.0;
				LD_RUNPATH_SEARCH_PATHS = "$(inherited) @executable_path/Frameworks";
				LIBRARY_SEARCH_PATHS = (
					"$(inherited)",
					"\"$(SRCROOT)/peeriomobile\"",
					"\"$(SRCROOT)/peeriomobile\"",
					"\"$(SRCROOT)/peeriomobile\"",
					"\"$(SRCROOT)/peeriomobile\"",
					"\"$(SRCROOT)/peeriomobile\"",
					"\"$(SRCROOT)/peeriomobile\"",
					"\"$(SRCROOT)/peeriomobile\"",
					"\"$(SRCROOT)/peeriomobile\"",
					"\"$(SRCROOT)/peeriomobile\"",
					"\"$(SRCROOT)/peeriomobile\"",
					"$(PROJECT_DIR)/peeriomobile/libsodium-ios/lib",
					"$(PROJECT_DIR)/lib",
					"\"$(SRCROOT)/peeriomobile\"",
					"\"$(SRCROOT)/peeriomobile\"",
					"\"$(SRCROOT)/peeriomobile\"",
					"\"$(SRCROOT)/peeriomobile\"",
					"\"$(SRCROOT)/peeriomobile\"",
					"\"$(SRCROOT)/peeriomobile\"",
					"\"$(SRCROOT)/peeriomobile\"",
				);
				OTHER_LDFLAGS = (
					"$(inherited)",
					"-ObjC",
					"-lc++",
				);
				PRODUCT_BUNDLE_IDENTIFIER = com.peerio;
				PRODUCT_NAME = peeriomobile;
				PROVISIONING_PROFILE = "";
				PROVISIONING_PROFILE_SPECIFIER = "";
			};
			name = Release;
		};
		83CBBA201A601CBA00E9B192 /* Debug */ = {
			isa = XCBuildConfiguration;
			buildSettings = {
				ALWAYS_SEARCH_USER_PATHS = NO;
				CLANG_CXX_LANGUAGE_STANDARD = "gnu++0x";
				CLANG_CXX_LIBRARY = "libc++";
				CLANG_ENABLE_MODULES = YES;
				CLANG_ENABLE_OBJC_ARC = YES;
				CLANG_WARN_BOOL_CONVERSION = YES;
				CLANG_WARN_CONSTANT_CONVERSION = YES;
				CLANG_WARN_DIRECT_OBJC_ISA_USAGE = YES_ERROR;
				CLANG_WARN_EMPTY_BODY = YES;
				CLANG_WARN_ENUM_CONVERSION = YES;
				CLANG_WARN_INFINITE_RECURSION = YES;
				CLANG_WARN_INT_CONVERSION = YES;
				CLANG_WARN_OBJC_ROOT_CLASS = YES_ERROR;
				CLANG_WARN_SUSPICIOUS_MOVE = YES;
				CLANG_WARN_UNREACHABLE_CODE = YES;
				CLANG_WARN__DUPLICATE_METHOD_MATCH = YES;
				COPY_PHASE_STRIP = NO;
				DEBUG_ACTIVITY_MODE = disabled;
				ENABLE_STRICT_OBJC_MSGSEND = YES;
				ENABLE_TESTABILITY = YES;
				GCC_C_LANGUAGE_STANDARD = gnu99;
				GCC_DYNAMIC_NO_PIC = NO;
				GCC_NO_COMMON_BLOCKS = YES;
				GCC_OPTIMIZATION_LEVEL = 0;
				GCC_PREPROCESSOR_DEFINITIONS = (
					"DEBUG=1",
					"$(inherited)",
				);
				GCC_SYMBOLS_PRIVATE_EXTERN = NO;
				GCC_WARN_64_TO_32_BIT_CONVERSION = YES;
				GCC_WARN_ABOUT_RETURN_TYPE = YES_ERROR;
				GCC_WARN_UNDECLARED_SELECTOR = YES;
				GCC_WARN_UNINITIALIZED_AUTOS = YES_AGGRESSIVE;
				GCC_WARN_UNUSED_FUNCTION = YES;
				GCC_WARN_UNUSED_VARIABLE = YES;
				HEADER_SEARCH_PATHS = (
					"$(inherited)",
					/Applications/Xcode.app/Contents/Developer/Toolchains/XcodeDefault.xctoolchain/usr/include,
					"$(SRCROOT)/../node_modules/react-native/React/**",
					"$(SRCROOT)/../node_modules/react-native-autogrow-textinput/ios",
					"$(SRCROOT)/../node_modules/react-native-vector-icons/RNVectorIconsManager",
					"$(SRCROOT)/../node_modules/react-native-autogrow-textinput/ios",
					"$(SRCROOT)/../node_modules/react-native-randombytes",
					"$(SRCROOT)/../node_modules/react-native-tcp/ios/**",
					"$(SRCROOT)/../node_modules/react-native-udp/ios/**",
					"$(SRCROOT)/../node_modules/react-native-fs/**",
					"$(SRCROOT)/../node_modules/react-native-udp/ios/**",
					"$(SRCROOT)/../node_modules/react-native-auto-expanding-textinput/ios/AutoExpandingTextInput",
					"$(SRCROOT)/../node_modules/react-native-image-picker/ios",
					"$(SRCROOT)/../node_modules/react-native-share/ios",
					"$(SRCROOT)/../node_modules/react-native-sqlcipher-storage/src/**",
					"$(SRCROOT)/../node_modules/react-native-device-uuid",
					"$(SRCROOT)/../node_modules/react-native-linear-gradient/BVLinearGradient",
					"$(SRCROOT)/../node_modules/react-native-device-info/RNDeviceInfo",
				);
				IPHONEOS_DEPLOYMENT_TARGET = 8.0;
				MTL_ENABLE_DEBUG_INFO = YES;
				ONLY_ACTIVE_ARCH = YES;
				SDKROOT = iphoneos;
			};
			name = Debug;
		};
		83CBBA211A601CBA00E9B192 /* Release */ = {
			isa = XCBuildConfiguration;
			buildSettings = {
				ALWAYS_SEARCH_USER_PATHS = NO;
				CLANG_CXX_LANGUAGE_STANDARD = "gnu++0x";
				CLANG_CXX_LIBRARY = "libc++";
				CLANG_ENABLE_MODULES = YES;
				CLANG_ENABLE_OBJC_ARC = YES;
				CLANG_WARN_BOOL_CONVERSION = YES;
				CLANG_WARN_CONSTANT_CONVERSION = YES;
				CLANG_WARN_DIRECT_OBJC_ISA_USAGE = YES_ERROR;
				CLANG_WARN_EMPTY_BODY = YES;
				CLANG_WARN_ENUM_CONVERSION = YES;
				CLANG_WARN_INFINITE_RECURSION = YES;
				CLANG_WARN_INT_CONVERSION = YES;
				CLANG_WARN_OBJC_ROOT_CLASS = YES_ERROR;
				CLANG_WARN_SUSPICIOUS_MOVE = YES;
				CLANG_WARN_UNREACHABLE_CODE = YES;
				CLANG_WARN__DUPLICATE_METHOD_MATCH = YES;
				COPY_PHASE_STRIP = YES;
				DEBUG_ACTIVITY_MODE = "";
				ENABLE_NS_ASSERTIONS = NO;
				ENABLE_STRICT_OBJC_MSGSEND = YES;
				GCC_C_LANGUAGE_STANDARD = gnu99;
				GCC_NO_COMMON_BLOCKS = YES;
				GCC_WARN_64_TO_32_BIT_CONVERSION = YES;
				GCC_WARN_ABOUT_RETURN_TYPE = YES_ERROR;
				GCC_WARN_UNDECLARED_SELECTOR = YES;
				GCC_WARN_UNINITIALIZED_AUTOS = YES_AGGRESSIVE;
				GCC_WARN_UNUSED_FUNCTION = YES;
				GCC_WARN_UNUSED_VARIABLE = YES;
				HEADER_SEARCH_PATHS = (
					"$(inherited)",
					/Applications/Xcode.app/Contents/Developer/Toolchains/XcodeDefault.xctoolchain/usr/include,
					"$(SRCROOT)/../node_modules/react-native/React/**",
					"$(SRCROOT)/../node_modules/react-native-autogrow-textinput/ios",
					"$(SRCROOT)/../node_modules/react-native-vector-icons/RNVectorIconsManager",
					"$(SRCROOT)/../node_modules/react-native-autogrow-textinput/ios",
					"$(SRCROOT)/../node_modules/react-native-randombytes",
					"$(SRCROOT)/../node_modules/react-native-tcp/ios/**",
					"$(SRCROOT)/../node_modules/react-native-udp/ios/**",
					"$(SRCROOT)/../node_modules/react-native-fs/**",
					"$(SRCROOT)/../node_modules/react-native-udp/ios/**",
					"$(SRCROOT)/../node_modules/react-native-auto-expanding-textinput/ios/AutoExpandingTextInput",
					"$(SRCROOT)/../node_modules/react-native-image-picker/ios",
					"$(SRCROOT)/../node_modules/react-native-share/ios",
					"$(SRCROOT)/../node_modules/react-native-sqlcipher-storage/src/**",
					"$(SRCROOT)/../node_modules/react-native-device-uuid",
					"$(SRCROOT)/../node_modules/react-native-linear-gradient/BVLinearGradient",
					"$(SRCROOT)/../node_modules/react-native-device-info/RNDeviceInfo",
				);
				IPHONEOS_DEPLOYMENT_TARGET = 8.0;
				MTL_ENABLE_DEBUG_INFO = NO;
				SDKROOT = iphoneos;
				VALIDATE_PRODUCT = YES;
			};
			name = Release;
		};
/* End XCBuildConfiguration section */

/* Begin XCConfigurationList section */
		13B07F931A680F5B00A75B9A /* Build configuration list for PBXNativeTarget "peeriomobile" */ = {
			isa = XCConfigurationList;
			buildConfigurations = (
				13B07F941A680F5B00A75B9A /* Debug */,
				13B07F951A680F5B00A75B9A /* Release */,
			);
			defaultConfigurationIsVisible = 0;
			defaultConfigurationName = Release;
		};
		83CBB9FA1A601CBA00E9B192 /* Build configuration list for PBXProject "peeriomobile" */ = {
			isa = XCConfigurationList;
			buildConfigurations = (
				83CBBA201A601CBA00E9B192 /* Debug */,
				83CBBA211A601CBA00E9B192 /* Release */,
			);
			defaultConfigurationIsVisible = 0;
			defaultConfigurationName = Release;
		};
/* End XCConfigurationList section */
	};
	rootObject = 83CBB9F71A601CBA00E9B192 /* Project object */;
}
