// !$*UTF8*$!
{
	archiveVersion = 1;
	classes = {
	};
	objectVersion = 46;
	objects = {

/* Begin PBXBuildFile section */
		00C302E51ABCBA2D00DB3ED1 /* libRCTActionSheet.a in Frameworks */ = {isa = PBXBuildFile; fileRef = 00C302AC1ABCB8CE00DB3ED1 /* libRCTActionSheet.a */; };
		00C302E71ABCBA2D00DB3ED1 /* libRCTGeolocation.a in Frameworks */ = {isa = PBXBuildFile; fileRef = 00C302BA1ABCB90400DB3ED1 /* libRCTGeolocation.a */; };
		00C302E81ABCBA2D00DB3ED1 /* libRCTImage.a in Frameworks */ = {isa = PBXBuildFile; fileRef = 00C302C01ABCB91800DB3ED1 /* libRCTImage.a */; };
		00C302E91ABCBA2D00DB3ED1 /* libRCTNetwork.a in Frameworks */ = {isa = PBXBuildFile; fileRef = 00C302DC1ABCB9D200DB3ED1 /* libRCTNetwork.a */; };
		00C302EA1ABCBA2D00DB3ED1 /* libRCTVibration.a in Frameworks */ = {isa = PBXBuildFile; fileRef = 00C302E41ABCB9EE00DB3ED1 /* libRCTVibration.a */; };
		0210710E1E03967000687D5E /* libRNFetchBlob.a in Frameworks */ = {isa = PBXBuildFile; fileRef = 0210710D1E03965C00687D5E /* libRNFetchBlob.a */; };
		0210710F1E03967600687D5E /* libRNFetchBlob.a in Frameworks */ = {isa = PBXBuildFile; fileRef = 0210710D1E03965C00687D5E /* libRNFetchBlob.a */; };
		02210A811E019037006D7AC0 /* libRNSound.a in Frameworks */ = {isa = PBXBuildFile; fileRef = 02210A7F1E01902A006D7AC0 /* libRNSound.a */; };
		02210A821E01903D006D7AC0 /* libRNSound.a in Frameworks */ = {isa = PBXBuildFile; fileRef = 02210A7F1E01902A006D7AC0 /* libRNSound.a */; };
		02210A841E0191BA006D7AC0 /* sounds in Resources */ = {isa = PBXBuildFile; fileRef = 02210A831E0191BA006D7AC0 /* sounds */; };
		02210A851E0191BA006D7AC0 /* sounds in Resources */ = {isa = PBXBuildFile; fileRef = 02210A831E0191BA006D7AC0 /* sounds */; };
		0221BCD21DDC710400706A4F /* libRCTRestart.a in Frameworks */ = {isa = PBXBuildFile; fileRef = 0221BCD11DDC6D3C00706A4F /* libRCTRestart.a */; };
		0221BCD31DDC710E00706A4F /* libRCTRestart.a in Frameworks */ = {isa = PBXBuildFile; fileRef = 0221BCD11DDC6D3C00706A4F /* libRCTRestart.a */; };
		0221BD371DDDC24200706A4F /* libRNImagePicker.a in Frameworks */ = {isa = PBXBuildFile; fileRef = 0221BD341DDDC22700706A4F /* libRNImagePicker.a */; };
		0221BD381DDDC24900706A4F /* libRNImagePicker.a in Frameworks */ = {isa = PBXBuildFile; fileRef = 0221BD341DDDC22700706A4F /* libRNImagePicker.a */; };
		0222C3941E0C98B40084C586 /* libRCTPushNotification.a in Frameworks */ = {isa = PBXBuildFile; fileRef = 0222C3801E0C989D0084C586 /* libRCTPushNotification.a */; };
		0222C3951E0C98B90084C586 /* libRCTPushNotification.a in Frameworks */ = {isa = PBXBuildFile; fileRef = 0222C3801E0C989D0084C586 /* libRCTPushNotification.a */; };
		02277B151D6AEDC50020B31A /* StoreKit.framework in Frameworks */ = {isa = PBXBuildFile; fileRef = 02277B141D6AEDC50020B31A /* StoreKit.framework */; };
		02321C5B1D7F1BC100282EB1 /* MaterialIcons.ttf in Resources */ = {isa = PBXBuildFile; fileRef = 02321C5A1D7F1BC100282EB1 /* MaterialIcons.ttf */; };
		02321C5D1D80558E00282EB1 /* main.jsbundle in Resources */ = {isa = PBXBuildFile; fileRef = 02321C5C1D80558E00282EB1 /* main.jsbundle */; };
		023A731F1DA6D58B00E47992 /* libRNRandomBytes.a in Frameworks */ = {isa = PBXBuildFile; fileRef = 02FDD4B41DA6457E004E1D5A /* libRNRandomBytes.a */; };
		026B0DA91E0384EF00B24721 /* libRCTAnimation.a in Frameworks */ = {isa = PBXBuildFile; fileRef = 026B0DA61E0384D700B24721 /* libRCTAnimation.a */; };
		026B0DAA1E0384F300B24721 /* libRCTAnimation.a in Frameworks */ = {isa = PBXBuildFile; fileRef = 026B0DA61E0384D700B24721 /* libRCTAnimation.a */; };
		02BB9BCC1E416954004AF2AC /* libRNTouchIDValue.a in Frameworks */ = {isa = PBXBuildFile; fileRef = 02CC88771E1E87D7002BB078 /* libRNTouchIDValue.a */; };
		02BCD7291DFDE9AF000B8FCF /* libRNFileOpener.a in Frameworks */ = {isa = PBXBuildFile; fileRef = 02BCD7281DFDE9A2000B8FCF /* libRNFileOpener.a */; };
		02BCD72A1DFDE9B3000B8FCF /* libRNFileOpener.a in Frameworks */ = {isa = PBXBuildFile; fileRef = 02BCD7281DFDE9A2000B8FCF /* libRNFileOpener.a */; };
		02BCD72D1DFE1606000B8FCF /* QuickLook.framework in Frameworks */ = {isa = PBXBuildFile; fileRef = 02BCD72C1DFE1606000B8FCF /* QuickLook.framework */; };
		02BCD72E1DFE1610000B8FCF /* QuickLook.framework in Frameworks */ = {isa = PBXBuildFile; fileRef = 02BCD72C1DFE1606000B8FCF /* QuickLook.framework */; };
		02CC88781E1E8988002BB078 /* libRNTouchIDValue.a in Frameworks */ = {isa = PBXBuildFile; fileRef = 02CC88771E1E87D7002BB078 /* libRNTouchIDValue.a */; };
		02D764D31D9B13B300E7E57C /* libRNVectorIcons.a in Frameworks */ = {isa = PBXBuildFile; fileRef = 02D763F21D9918E800E7E57C /* libRNVectorIcons.a */; };
		02DB41591DCD1B1C00E04176 /* Images.xcassets in Resources */ = {isa = PBXBuildFile; fileRef = 13B07FB51A68108700A75B9A /* Images.xcassets */; };
		02DB415E1DCD1DB000E04176 /* AppDelegate.m in Sources */ = {isa = PBXBuildFile; fileRef = 13B07FB01A68108700A75B9A /* AppDelegate.m */; };
		02DB415F1DCD1DB000E04176 /* main.m in Sources */ = {isa = PBXBuildFile; fileRef = 13B07FB71A68108700A75B9A /* main.m */; };
		02DB41611DCD1DB000E04176 /* libReact.a in Frameworks */ = {isa = PBXBuildFile; fileRef = 146834041AC3E56700842450 /* libReact.a */; };
		02DB41621DCD1DB000E04176 /* libRCTActionSheet.a in Frameworks */ = {isa = PBXBuildFile; fileRef = 00C302AC1ABCB8CE00DB3ED1 /* libRCTActionSheet.a */; };
		02DB41631DCD1DB000E04176 /* libRCTGeolocation.a in Frameworks */ = {isa = PBXBuildFile; fileRef = 00C302BA1ABCB90400DB3ED1 /* libRCTGeolocation.a */; };
		02DB41641DCD1DB000E04176 /* libRCTImage.a in Frameworks */ = {isa = PBXBuildFile; fileRef = 00C302C01ABCB91800DB3ED1 /* libRCTImage.a */; };
		02DB41651DCD1DB000E04176 /* libRCTLinking.a in Frameworks */ = {isa = PBXBuildFile; fileRef = 78C398B91ACF4ADC00677621 /* libRCTLinking.a */; };
		02DB41661DCD1DB000E04176 /* libRCTNetwork.a in Frameworks */ = {isa = PBXBuildFile; fileRef = 00C302DC1ABCB9D200DB3ED1 /* libRCTNetwork.a */; };
		02DB41671DCD1DB000E04176 /* libRCTSettings.a in Frameworks */ = {isa = PBXBuildFile; fileRef = 139105C11AF99BAD00B5F7CC /* libRCTSettings.a */; };
		02DB41681DCD1DB000E04176 /* libRCTText.a in Frameworks */ = {isa = PBXBuildFile; fileRef = 832341B51AAA6A8300B99B32 /* libRCTText.a */; };
		02DB41691DCD1DB000E04176 /* libRCTVibration.a in Frameworks */ = {isa = PBXBuildFile; fileRef = 00C302E41ABCB9EE00DB3ED1 /* libRCTVibration.a */; };
		02DB416A1DCD1DB000E04176 /* libRCTWebSocket.a in Frameworks */ = {isa = PBXBuildFile; fileRef = 139FDEF41B06529B00C62182 /* libRCTWebSocket.a */; };
		02DB416B1DCD1DB000E04176 /* StoreKit.framework in Frameworks */ = {isa = PBXBuildFile; fileRef = 02277B141D6AEDC50020B31A /* StoreKit.framework */; };
		02DB416C1DCD1DB000E04176 /* libRNVectorIcons.a in Frameworks */ = {isa = PBXBuildFile; fileRef = 02D763F21D9918E800E7E57C /* libRNVectorIcons.a */; };
		02DB416D1DCD1DB000E04176 /* libRNRandomBytes.a in Frameworks */ = {isa = PBXBuildFile; fileRef = 02FDD4B41DA6457E004E1D5A /* libRNRandomBytes.a */; };
		02DB416E1DCD1DB000E04176 /* libRNFS.a in Frameworks */ = {isa = PBXBuildFile; fileRef = 02E096D11DAE3B3B00641B85 /* libRNFS.a */; };
		02DB41701DCD1DB000E04176 /* main.jsbundle in Resources */ = {isa = PBXBuildFile; fileRef = 02321C5C1D80558E00282EB1 /* main.jsbundle */; };
		02DB41711DCD1DB000E04176 /* locales in Resources */ = {isa = PBXBuildFile; fileRef = 02E096B21DAE398B00641B85 /* locales */; };
		02DB41721DCD1DB000E04176 /* MaterialIcons.ttf in Resources */ = {isa = PBXBuildFile; fileRef = 02321C5A1D7F1BC100282EB1 /* MaterialIcons.ttf */; };
		02DB41731DCD1DB000E04176 /* Entypo.ttf in Resources */ = {isa = PBXBuildFile; fileRef = A0F64612EAF249BC98CB3DE2 /* Entypo.ttf */; };
		02DB41741DCD1DB000E04176 /* EvilIcons.ttf in Resources */ = {isa = PBXBuildFile; fileRef = 21D883CDAA7C4E718E6EE873 /* EvilIcons.ttf */; };
		02DB41751DCD1DB000E04176 /* FontAwesome.ttf in Resources */ = {isa = PBXBuildFile; fileRef = A7DDFAC6A6F74107A3D45471 /* FontAwesome.ttf */; };
		02DB41761DCD1DB000E04176 /* Foundation.ttf in Resources */ = {isa = PBXBuildFile; fileRef = B836295CD1B344EBB035E1B6 /* Foundation.ttf */; };
		02DB41771DCD1DB000E04176 /* dict in Resources */ = {isa = PBXBuildFile; fileRef = 02E096DB1DAE50E100641B85 /* dict */; };
		02DB41781DCD1DB000E04176 /* Ionicons.ttf in Resources */ = {isa = PBXBuildFile; fileRef = ED79A42A8D3144739CE4C04B /* Ionicons.ttf */; };
		02DB41791DCD1DB000E04176 /* Images.xcassets in Resources */ = {isa = PBXBuildFile; fileRef = 13B07FB51A68108700A75B9A /* Images.xcassets */; };
		02DB417A1DCD1DB000E04176 /* Octicons.ttf in Resources */ = {isa = PBXBuildFile; fileRef = DE216B2DFB25438F8922A621 /* Octicons.ttf */; };
		02DB417B1DCD1DB000E04176 /* Zocial.ttf in Resources */ = {isa = PBXBuildFile; fileRef = 1A7F1F7CA2F44844A0FC718E /* Zocial.ttf */; };
		02E096B31DAE398B00641B85 /* locales in Resources */ = {isa = PBXBuildFile; fileRef = 02E096B21DAE398B00641B85 /* locales */; };
		02E096DA1DAE3B7600641B85 /* libRNFS.a in Frameworks */ = {isa = PBXBuildFile; fileRef = 02E096D11DAE3B3B00641B85 /* libRNFS.a */; };
		02E096DC1DAE50E100641B85 /* dict in Resources */ = {isa = PBXBuildFile; fileRef = 02E096DB1DAE50E100641B85 /* dict */; };
		133E29F31AD74F7200F7D852 /* libRCTLinking.a in Frameworks */ = {isa = PBXBuildFile; fileRef = 78C398B91ACF4ADC00677621 /* libRCTLinking.a */; };
		139105C61AF99C1200B5F7CC /* libRCTSettings.a in Frameworks */ = {isa = PBXBuildFile; fileRef = 139105C11AF99BAD00B5F7CC /* libRCTSettings.a */; };
		139FDEF61B0652A700C62182 /* libRCTWebSocket.a in Frameworks */ = {isa = PBXBuildFile; fileRef = 139FDEF41B06529B00C62182 /* libRCTWebSocket.a */; };
		13B07FBC1A68108700A75B9A /* AppDelegate.m in Sources */ = {isa = PBXBuildFile; fileRef = 13B07FB01A68108700A75B9A /* AppDelegate.m */; };
		13B07FC11A68108700A75B9A /* main.m in Sources */ = {isa = PBXBuildFile; fileRef = 13B07FB71A68108700A75B9A /* main.m */; };
		1467A9A8E0304BE0953E715B /* Octicons.ttf in Resources */ = {isa = PBXBuildFile; fileRef = DE216B2DFB25438F8922A621 /* Octicons.ttf */; };
		146834051AC3E58100842450 /* libReact.a in Frameworks */ = {isa = PBXBuildFile; fileRef = 146834041AC3E56700842450 /* libReact.a */; };
		17093292DCFB4EFBB929257F /* Zocial.ttf in Resources */ = {isa = PBXBuildFile; fileRef = 1A7F1F7CA2F44844A0FC718E /* Zocial.ttf */; };
		51CAD96E068B4E2EAA239290 /* FontAwesome.ttf in Resources */ = {isa = PBXBuildFile; fileRef = A7DDFAC6A6F74107A3D45471 /* FontAwesome.ttf */; };
		832341BD1AAA6AB300B99B32 /* libRCTText.a in Frameworks */ = {isa = PBXBuildFile; fileRef = 832341B51AAA6A8300B99B32 /* libRCTText.a */; };
		8390076B9DE5486982F0EBE9 /* Ionicons.ttf in Resources */ = {isa = PBXBuildFile; fileRef = ED79A42A8D3144739CE4C04B /* Ionicons.ttf */; };
		86F7F88564164E3CA0B1265B /* Entypo.ttf in Resources */ = {isa = PBXBuildFile; fileRef = A0F64612EAF249BC98CB3DE2 /* Entypo.ttf */; };
		B73DC4B1F0BD4E63BE1B4BD5 /* Foundation.ttf in Resources */ = {isa = PBXBuildFile; fileRef = B836295CD1B344EBB035E1B6 /* Foundation.ttf */; };
		CF69BA63107E428598B08410 /* EvilIcons.ttf in Resources */ = {isa = PBXBuildFile; fileRef = 21D883CDAA7C4E718E6EE873 /* EvilIcons.ttf */; };
/* End PBXBuildFile section */

/* Begin PBXContainerItemProxy section */
		00C302AB1ABCB8CE00DB3ED1 /* PBXContainerItemProxy */ = {
			isa = PBXContainerItemProxy;
			containerPortal = 00C302A71ABCB8CE00DB3ED1 /* RCTActionSheet.xcodeproj */;
			proxyType = 2;
			remoteGlobalIDString = 134814201AA4EA6300B7C361;
			remoteInfo = RCTActionSheet;
		};
		00C302B91ABCB90400DB3ED1 /* PBXContainerItemProxy */ = {
			isa = PBXContainerItemProxy;
			containerPortal = 00C302B51ABCB90400DB3ED1 /* RCTGeolocation.xcodeproj */;
			proxyType = 2;
			remoteGlobalIDString = 134814201AA4EA6300B7C361;
			remoteInfo = RCTGeolocation;
		};
		00C302BF1ABCB91800DB3ED1 /* PBXContainerItemProxy */ = {
			isa = PBXContainerItemProxy;
			containerPortal = 00C302BB1ABCB91800DB3ED1 /* RCTImage.xcodeproj */;
			proxyType = 2;
			remoteGlobalIDString = 58B5115D1A9E6B3D00147676;
			remoteInfo = RCTImage;
		};
		00C302DB1ABCB9D200DB3ED1 /* PBXContainerItemProxy */ = {
			isa = PBXContainerItemProxy;
			containerPortal = 00C302D31ABCB9D200DB3ED1 /* RCTNetwork.xcodeproj */;
			proxyType = 2;
			remoteGlobalIDString = 58B511DB1A9E6C8500147676;
			remoteInfo = RCTNetwork;
		};
		00C302E31ABCB9EE00DB3ED1 /* PBXContainerItemProxy */ = {
			isa = PBXContainerItemProxy;
			containerPortal = 00C302DF1ABCB9EE00DB3ED1 /* RCTVibration.xcodeproj */;
			proxyType = 2;
			remoteGlobalIDString = 832C81801AAF6DEF007FA2F7;
			remoteInfo = RCTVibration;
		};
		0210710C1E03965C00687D5E /* PBXContainerItemProxy */ = {
			isa = PBXContainerItemProxy;
			containerPortal = 021071081E03965C00687D5E /* RNFetchBlob.xcodeproj */;
			proxyType = 2;
			remoteGlobalIDString = A15C300E1CD25C330074CB35;
			remoteInfo = RNFetchBlob;
		};
		02210A7E1E01902A006D7AC0 /* PBXContainerItemProxy */ = {
			isa = PBXContainerItemProxy;
			containerPortal = 02210A6A1E01902A006D7AC0 /* RNSound.xcodeproj */;
			proxyType = 2;
			remoteGlobalIDString = 19825A1E1BD4A89800EE0337;
			remoteInfo = RNSound;
		};
		0221BCD01DDC6D3C00706A4F /* PBXContainerItemProxy */ = {
			isa = PBXContainerItemProxy;
			containerPortal = 0221BCCC1DDC6D3C00706A4F /* RCTRestart.xcodeproj */;
			proxyType = 2;
			remoteGlobalIDString = 3245CDED1BFEE35C00EABF68;
			remoteInfo = RCTRestart;
		};
		0221BD331DDDC22700706A4F /* PBXContainerItemProxy */ = {
			isa = PBXContainerItemProxy;
			containerPortal = 88D6237453EF462AAED942D1 /* RNImagePicker.xcodeproj */;
			proxyType = 2;
			remoteGlobalIDString = 014A3B5C1C6CF33500B6D375;
			remoteInfo = RNImagePicker;
		};
		0222C37F1E0C989D0084C586 /* PBXContainerItemProxy */ = {
			isa = PBXContainerItemProxy;
			containerPortal = 0222C3701E0C989D0084C586 /* RCTPushNotification.xcodeproj */;
			proxyType = 2;
			remoteGlobalIDString = 134814201AA4EA6300B7C361;
			remoteInfo = RCTPushNotification;
		};
		0222C3811E0C989D0084C586 /* PBXContainerItemProxy */ = {
			isa = PBXContainerItemProxy;
			containerPortal = 0222C3701E0C989D0084C586 /* RCTPushNotification.xcodeproj */;
			proxyType = 2;
			remoteGlobalIDString = 2DD0EFE61DA8533A00B0C975;
			remoteInfo = "RCTPushNotification-tvOS";
		};
		026B0D781E037FED00B24721 /* PBXContainerItemProxy */ = {
			isa = PBXContainerItemProxy;
			containerPortal = 00C302BB1ABCB91800DB3ED1 /* RCTImage.xcodeproj */;
			proxyType = 2;
			remoteGlobalIDString = 2D2A283A1D9B042B00D4039D;
			remoteInfo = "RCTImage-tvOS";
		};
		026B0D7C1E037FED00B24721 /* PBXContainerItemProxy */ = {
			isa = PBXContainerItemProxy;
			containerPortal = 78C398B01ACF4ADC00677621 /* RCTLinking.xcodeproj */;
			proxyType = 2;
			remoteGlobalIDString = 2D2A28471D9B043800D4039D;
			remoteInfo = "RCTLinking-tvOS";
		};
		026B0D801E037FED00B24721 /* PBXContainerItemProxy */ = {
			isa = PBXContainerItemProxy;
			containerPortal = 00C302D31ABCB9D200DB3ED1 /* RCTNetwork.xcodeproj */;
			proxyType = 2;
			remoteGlobalIDString = 2D2A28541D9B044C00D4039D;
			remoteInfo = "RCTNetwork-tvOS";
		};
		026B0D851E037FED00B24721 /* PBXContainerItemProxy */ = {
			isa = PBXContainerItemProxy;
			containerPortal = 139105B61AF99BAD00B5F7CC /* RCTSettings.xcodeproj */;
			proxyType = 2;
			remoteGlobalIDString = 2D2A28611D9B046600D4039D;
			remoteInfo = "RCTSettings-tvOS";
		};
		026B0D891E037FED00B24721 /* PBXContainerItemProxy */ = {
			isa = PBXContainerItemProxy;
			containerPortal = 832341B01AAA6A8300B99B32 /* RCTText.xcodeproj */;
			proxyType = 2;
			remoteGlobalIDString = 2D2A287B1D9B048500D4039D;
			remoteInfo = "RCTText-tvOS";
		};
		026B0D8E1E037FED00B24721 /* PBXContainerItemProxy */ = {
			isa = PBXContainerItemProxy;
			containerPortal = 139FDEE61B06529A00C62182 /* RCTWebSocket.xcodeproj */;
			proxyType = 2;
			remoteGlobalIDString = 2D2A28881D9B049200D4039D;
			remoteInfo = "RCTWebSocket-tvOS";
		};
		026B0D921E037FED00B24721 /* PBXContainerItemProxy */ = {
			isa = PBXContainerItemProxy;
			containerPortal = 146833FF1AC3E56700842450 /* React.xcodeproj */;
			proxyType = 2;
			remoteGlobalIDString = 2D2A28131D9B038B00D4039D;
			remoteInfo = "React-tvOS";
		};
		026B0DA51E0384D700B24721 /* PBXContainerItemProxy */ = {
			isa = PBXContainerItemProxy;
			containerPortal = 026B0DA01E0384D600B24721 /* RCTAnimation.xcodeproj */;
			proxyType = 2;
			remoteGlobalIDString = 134814201AA4EA6300B7C361;
			remoteInfo = RCTAnimation;
		};
		026B0DA71E0384D700B24721 /* PBXContainerItemProxy */ = {
			isa = PBXContainerItemProxy;
			containerPortal = 026B0DA01E0384D600B24721 /* RCTAnimation.xcodeproj */;
			proxyType = 2;
			remoteGlobalIDString = 2D2A28201D9B03D100D4039D;
			remoteInfo = "RCTAnimation-tvOS";
		};
		02BCD7271DFDE9A2000B8FCF /* PBXContainerItemProxy */ = {
			isa = PBXContainerItemProxy;
			containerPortal = 02BCD7231DFDE9A2000B8FCF /* RNFileOpener.xcodeproj */;
			proxyType = 2;
			remoteGlobalIDString = DB8F70EF1CD3047700E71D6D;
			remoteInfo = RNFileOpener;
		};
		02CC88761E1E87D7002BB078 /* PBXContainerItemProxy */ = {
			isa = PBXContainerItemProxy;
			containerPortal = 02CC88721E1E87D7002BB078 /* RNTouchIDValue.xcodeproj */;
			proxyType = 2;
			remoteGlobalIDString = 5DBEB1501B18CEA900B34395;
			remoteInfo = RNTouchIDValue;
		};
		02D763F11D9918E800E7E57C /* PBXContainerItemProxy */ = {
			isa = PBXContainerItemProxy;
			containerPortal = 53F9542E76844F59917732EA /* RNVectorIcons.xcodeproj */;
			proxyType = 2;
			remoteGlobalIDString = 5DBEB1501B18CEA900B34395;
			remoteInfo = RNVectorIcons;
		};
		02E096D01DAE3B3B00641B85 /* PBXContainerItemProxy */ = {
			isa = PBXContainerItemProxy;
			containerPortal = 85F72AE1AB9C4B249FDE6333 /* RNFS.xcodeproj */;
			proxyType = 2;
			remoteGlobalIDString = F12AFB9B1ADAF8F800E0535D;
			remoteInfo = RNFS;
		};
		02FDD4B31DA6457E004E1D5A /* PBXContainerItemProxy */ = {
			isa = PBXContainerItemProxy;
			containerPortal = 081BA9E7BB014EC9A1CF87BA /* RNRandomBytes.xcodeproj */;
			proxyType = 2;
			remoteGlobalIDString = 73EEC9391BFE4B1D00D468EB;
			remoteInfo = RNRandomBytes;
		};
		139105C01AF99BAD00B5F7CC /* PBXContainerItemProxy */ = {
			isa = PBXContainerItemProxy;
			containerPortal = 139105B61AF99BAD00B5F7CC /* RCTSettings.xcodeproj */;
			proxyType = 2;
			remoteGlobalIDString = 134814201AA4EA6300B7C361;
			remoteInfo = RCTSettings;
		};
		139FDEF31B06529B00C62182 /* PBXContainerItemProxy */ = {
			isa = PBXContainerItemProxy;
			containerPortal = 139FDEE61B06529A00C62182 /* RCTWebSocket.xcodeproj */;
			proxyType = 2;
			remoteGlobalIDString = 3C86DF461ADF2C930047B81A;
			remoteInfo = RCTWebSocket;
		};
		146834031AC3E56700842450 /* PBXContainerItemProxy */ = {
			isa = PBXContainerItemProxy;
			containerPortal = 146833FF1AC3E56700842450 /* React.xcodeproj */;
			proxyType = 2;
			remoteGlobalIDString = 83CBBA2E1A601D0E00E9B192;
			remoteInfo = React;
		};
		78C398B81ACF4ADC00677621 /* PBXContainerItemProxy */ = {
			isa = PBXContainerItemProxy;
			containerPortal = 78C398B01ACF4ADC00677621 /* RCTLinking.xcodeproj */;
			proxyType = 2;
			remoteGlobalIDString = 134814201AA4EA6300B7C361;
			remoteInfo = RCTLinking;
		};
		832341B41AAA6A8300B99B32 /* PBXContainerItemProxy */ = {
			isa = PBXContainerItemProxy;
			containerPortal = 832341B01AAA6A8300B99B32 /* RCTText.xcodeproj */;
			proxyType = 2;
			remoteGlobalIDString = 58B5119B1A9E6C1200147676;
			remoteInfo = RCTText;
		};
/* End PBXContainerItemProxy section */

/* Begin PBXFileReference section */
		00C302A71ABCB8CE00DB3ED1 /* RCTActionSheet.xcodeproj */ = {isa = PBXFileReference; lastKnownFileType = "wrapper.pb-project"; name = RCTActionSheet.xcodeproj; path = "../node_modules/react-native/Libraries/ActionSheetIOS/RCTActionSheet.xcodeproj"; sourceTree = "<group>"; };
		00C302B51ABCB90400DB3ED1 /* RCTGeolocation.xcodeproj */ = {isa = PBXFileReference; lastKnownFileType = "wrapper.pb-project"; name = RCTGeolocation.xcodeproj; path = "../node_modules/react-native/Libraries/Geolocation/RCTGeolocation.xcodeproj"; sourceTree = "<group>"; };
		00C302BB1ABCB91800DB3ED1 /* RCTImage.xcodeproj */ = {isa = PBXFileReference; lastKnownFileType = "wrapper.pb-project"; name = RCTImage.xcodeproj; path = "../node_modules/react-native/Libraries/Image/RCTImage.xcodeproj"; sourceTree = "<group>"; };
		00C302D31ABCB9D200DB3ED1 /* RCTNetwork.xcodeproj */ = {isa = PBXFileReference; lastKnownFileType = "wrapper.pb-project"; name = RCTNetwork.xcodeproj; path = "../node_modules/react-native/Libraries/Network/RCTNetwork.xcodeproj"; sourceTree = "<group>"; };
		00C302DF1ABCB9EE00DB3ED1 /* RCTVibration.xcodeproj */ = {isa = PBXFileReference; lastKnownFileType = "wrapper.pb-project"; name = RCTVibration.xcodeproj; path = "../node_modules/react-native/Libraries/Vibration/RCTVibration.xcodeproj"; sourceTree = "<group>"; };
		021071081E03965C00687D5E /* RNFetchBlob.xcodeproj */ = {isa = PBXFileReference; lastKnownFileType = "wrapper.pb-project"; name = RNFetchBlob.xcodeproj; path = "../node_modules/peerio-react-native-fetch-blob/ios/RNFetchBlob.xcodeproj"; sourceTree = "<group>"; };
		02210A6A1E01902A006D7AC0 /* RNSound.xcodeproj */ = {isa = PBXFileReference; lastKnownFileType = "wrapper.pb-project"; name = RNSound.xcodeproj; path = "../node_modules/react-native-sound/RNSound.xcodeproj"; sourceTree = "<group>"; };
		02210A831E0191BA006D7AC0 /* sounds */ = {isa = PBXFileReference; lastKnownFileType = folder; name = sounds; path = ../app/sounds; sourceTree = "<group>"; };
		0221BCCC1DDC6D3C00706A4F /* RCTRestart.xcodeproj */ = {isa = PBXFileReference; lastKnownFileType = "wrapper.pb-project"; name = RCTRestart.xcodeproj; path = "../node_modules/react-native-restart/ios/RCTRestart.xcodeproj"; sourceTree = "<group>"; };
		0222C3701E0C989D0084C586 /* RCTPushNotification.xcodeproj */ = {isa = PBXFileReference; lastKnownFileType = "wrapper.pb-project"; name = RCTPushNotification.xcodeproj; path = "../node_modules/react-native/Libraries/PushNotificationIOS/RCTPushNotification.xcodeproj"; sourceTree = "<group>"; };
		02277B141D6AEDC50020B31A /* StoreKit.framework */ = {isa = PBXFileReference; lastKnownFileType = wrapper.framework; name = StoreKit.framework; path = System/Library/Frameworks/StoreKit.framework; sourceTree = SDKROOT; };
		02321C5A1D7F1BC100282EB1 /* MaterialIcons.ttf */ = {isa = PBXFileReference; lastKnownFileType = file; name = MaterialIcons.ttf; path = "../node_modules/react-native-vector-icons/Fonts/MaterialIcons.ttf"; sourceTree = "<group>"; };
		02321C5C1D80558E00282EB1 /* main.jsbundle */ = {isa = PBXFileReference; fileEncoding = 4; lastKnownFileType = sourcecode.javascript; path = main.jsbundle; sourceTree = "<group>"; };
		026B0DA01E0384D600B24721 /* RCTAnimation.xcodeproj */ = {isa = PBXFileReference; lastKnownFileType = "wrapper.pb-project"; name = RCTAnimation.xcodeproj; path = "../node_modules/react-native/Libraries/NativeAnimation/RCTAnimation.xcodeproj"; sourceTree = "<group>"; };
		02BCD7231DFDE9A2000B8FCF /* RNFileOpener.xcodeproj */ = {isa = PBXFileReference; lastKnownFileType = "wrapper.pb-project"; name = RNFileOpener.xcodeproj; path = "../node_modules/react-native-file-opener/ios/RNFileOpener.xcodeproj"; sourceTree = "<group>"; };
		02BCD72C1DFE1606000B8FCF /* QuickLook.framework */ = {isa = PBXFileReference; lastKnownFileType = wrapper.framework; name = QuickLook.framework; path = System/Library/Frameworks/QuickLook.framework; sourceTree = SDKROOT; };
		02CC88721E1E87D7002BB078 /* RNTouchIDValue.xcodeproj */ = {isa = PBXFileReference; lastKnownFileType = "wrapper.pb-project"; name = RNTouchIDValue.xcodeproj; path = "../node_modules/react-native-touch-id-value/RNTouchIDValue.xcodeproj"; sourceTree = "<group>"; };
		02D764581D9AAF4D00E7E57C /* peeriomobile.entitlements */ = {isa = PBXFileReference; lastKnownFileType = text.plist.entitlements; name = peeriomobile.entitlements; path = peeriomobile/peeriomobile.entitlements; sourceTree = "<group>"; };
		02DB417F1DCD1DB000E04176 /* expandoo.app */ = {isa = PBXFileReference; explicitFileType = wrapper.application; includeInIndex = 0; path = expandoo.app; sourceTree = BUILT_PRODUCTS_DIR; };
		02E096B21DAE398B00641B85 /* locales */ = {isa = PBXFileReference; lastKnownFileType = folder; name = locales; path = ../locales; sourceTree = "<group>"; };
		02E096DB1DAE50E100641B85 /* dict */ = {isa = PBXFileReference; lastKnownFileType = folder; name = dict; path = "../node_modules/peerio-copy/phrase/dict"; sourceTree = "<group>"; };
		081BA9E7BB014EC9A1CF87BA /* RNRandomBytes.xcodeproj */ = {isa = PBXFileReference; explicitFileType = undefined; fileEncoding = 9; includeInIndex = 0; lastKnownFileType = "wrapper.pb-project"; name = RNRandomBytes.xcodeproj; path = "../node_modules/react-native-randombytes/RNRandomBytes.xcodeproj"; sourceTree = "<group>"; };
		139105B61AF99BAD00B5F7CC /* RCTSettings.xcodeproj */ = {isa = PBXFileReference; lastKnownFileType = "wrapper.pb-project"; name = RCTSettings.xcodeproj; path = "../node_modules/react-native/Libraries/Settings/RCTSettings.xcodeproj"; sourceTree = "<group>"; };
		139FDEE61B06529A00C62182 /* RCTWebSocket.xcodeproj */ = {isa = PBXFileReference; lastKnownFileType = "wrapper.pb-project"; name = RCTWebSocket.xcodeproj; path = "../node_modules/react-native/Libraries/WebSocket/RCTWebSocket.xcodeproj"; sourceTree = "<group>"; };
		13B07F961A680F5B00A75B9A /* peeriomobile.app */ = {isa = PBXFileReference; explicitFileType = wrapper.application; includeInIndex = 0; path = peeriomobile.app; sourceTree = BUILT_PRODUCTS_DIR; };
		13B07FAF1A68108700A75B9A /* AppDelegate.h */ = {isa = PBXFileReference; fileEncoding = 4; lastKnownFileType = sourcecode.c.h; name = AppDelegate.h; path = peeriomobile/AppDelegate.h; sourceTree = "<group>"; };
		13B07FB01A68108700A75B9A /* AppDelegate.m */ = {isa = PBXFileReference; fileEncoding = 4; lastKnownFileType = sourcecode.c.objc; name = AppDelegate.m; path = peeriomobile/AppDelegate.m; sourceTree = "<group>"; };
		13B07FB51A68108700A75B9A /* Images.xcassets */ = {isa = PBXFileReference; lastKnownFileType = folder.assetcatalog; name = Images.xcassets; path = peeriomobile/Images.xcassets; sourceTree = "<group>"; };
		13B07FB61A68108700A75B9A /* Info.plist */ = {isa = PBXFileReference; fileEncoding = 4; lastKnownFileType = text.plist.xml; name = Info.plist; path = peeriomobile/Info.plist; sourceTree = "<group>"; };
		13B07FB71A68108700A75B9A /* main.m */ = {isa = PBXFileReference; fileEncoding = 4; lastKnownFileType = sourcecode.c.objc; name = main.m; path = peeriomobile/main.m; sourceTree = "<group>"; };
		146833FF1AC3E56700842450 /* React.xcodeproj */ = {isa = PBXFileReference; lastKnownFileType = "wrapper.pb-project"; name = React.xcodeproj; path = "../node_modules/react-native/React/React.xcodeproj"; sourceTree = "<group>"; };
		1A7F1F7CA2F44844A0FC718E /* Zocial.ttf */ = {isa = PBXFileReference; explicitFileType = undefined; fileEncoding = 9; includeInIndex = 0; lastKnownFileType = unknown; name = Zocial.ttf; path = "../node_modules/react-native-vector-icons/Fonts/Zocial.ttf"; sourceTree = "<group>"; };
		21D883CDAA7C4E718E6EE873 /* EvilIcons.ttf */ = {isa = PBXFileReference; explicitFileType = undefined; fileEncoding = 9; includeInIndex = 0; lastKnownFileType = unknown; name = EvilIcons.ttf; path = "../node_modules/react-native-vector-icons/Fonts/EvilIcons.ttf"; sourceTree = "<group>"; };
		53F9542E76844F59917732EA /* RNVectorIcons.xcodeproj */ = {isa = PBXFileReference; explicitFileType = undefined; fileEncoding = 9; includeInIndex = 0; lastKnownFileType = "wrapper.pb-project"; name = RNVectorIcons.xcodeproj; path = "../node_modules/react-native-vector-icons/RNVectorIcons.xcodeproj"; sourceTree = "<group>"; };
		78C398B01ACF4ADC00677621 /* RCTLinking.xcodeproj */ = {isa = PBXFileReference; lastKnownFileType = "wrapper.pb-project"; name = RCTLinking.xcodeproj; path = "../node_modules/react-native/Libraries/LinkingIOS/RCTLinking.xcodeproj"; sourceTree = "<group>"; };
		832341B01AAA6A8300B99B32 /* RCTText.xcodeproj */ = {isa = PBXFileReference; lastKnownFileType = "wrapper.pb-project"; name = RCTText.xcodeproj; path = "../node_modules/react-native/Libraries/Text/RCTText.xcodeproj"; sourceTree = "<group>"; };
		85F72AE1AB9C4B249FDE6333 /* RNFS.xcodeproj */ = {isa = PBXFileReference; explicitFileType = undefined; fileEncoding = 9; includeInIndex = 0; lastKnownFileType = "wrapper.pb-project"; name = RNFS.xcodeproj; path = "../node_modules/react-native-fs/RNFS.xcodeproj"; sourceTree = "<group>"; };
		88D6237453EF462AAED942D1 /* RNImagePicker.xcodeproj */ = {isa = PBXFileReference; explicitFileType = undefined; fileEncoding = 9; includeInIndex = 0; lastKnownFileType = "wrapper.pb-project"; name = RNImagePicker.xcodeproj; path = "../node_modules/react-native-image-picker/ios/RNImagePicker.xcodeproj"; sourceTree = "<group>"; };
		A0F64612EAF249BC98CB3DE2 /* Entypo.ttf */ = {isa = PBXFileReference; explicitFileType = undefined; fileEncoding = 9; includeInIndex = 0; lastKnownFileType = unknown; name = Entypo.ttf; path = "../node_modules/react-native-vector-icons/Fonts/Entypo.ttf"; sourceTree = "<group>"; };
		A7DDFAC6A6F74107A3D45471 /* FontAwesome.ttf */ = {isa = PBXFileReference; explicitFileType = undefined; fileEncoding = 9; includeInIndex = 0; lastKnownFileType = unknown; name = FontAwesome.ttf; path = "../node_modules/react-native-vector-icons/Fonts/FontAwesome.ttf"; sourceTree = "<group>"; };
		B836295CD1B344EBB035E1B6 /* Foundation.ttf */ = {isa = PBXFileReference; explicitFileType = undefined; fileEncoding = 9; includeInIndex = 0; lastKnownFileType = unknown; name = Foundation.ttf; path = "../node_modules/react-native-vector-icons/Fonts/Foundation.ttf"; sourceTree = "<group>"; };
		DE216B2DFB25438F8922A621 /* Octicons.ttf */ = {isa = PBXFileReference; explicitFileType = undefined; fileEncoding = 9; includeInIndex = 0; lastKnownFileType = unknown; name = Octicons.ttf; path = "../node_modules/react-native-vector-icons/Fonts/Octicons.ttf"; sourceTree = "<group>"; };
		ED79A42A8D3144739CE4C04B /* Ionicons.ttf */ = {isa = PBXFileReference; explicitFileType = undefined; fileEncoding = 9; includeInIndex = 0; lastKnownFileType = unknown; name = Ionicons.ttf; path = "../node_modules/react-native-vector-icons/Fonts/Ionicons.ttf"; sourceTree = "<group>"; };
/* End PBXFileReference section */

/* Begin PBXFrameworksBuildPhase section */
		02DB41601DCD1DB000E04176 /* Frameworks */ = {
			isa = PBXFrameworksBuildPhase;
			buildActionMask = 2147483647;
			files = (
				02BCD72E1DFE1610000B8FCF /* QuickLook.framework in Frameworks */,
				02DB41611DCD1DB000E04176 /* libReact.a in Frameworks */,
				02DB41621DCD1DB000E04176 /* libRCTActionSheet.a in Frameworks */,
				02DB41631DCD1DB000E04176 /* libRCTGeolocation.a in Frameworks */,
				02DB41641DCD1DB000E04176 /* libRCTImage.a in Frameworks */,
				02DB41651DCD1DB000E04176 /* libRCTLinking.a in Frameworks */,
				02DB41661DCD1DB000E04176 /* libRCTNetwork.a in Frameworks */,
				02DB41671DCD1DB000E04176 /* libRCTSettings.a in Frameworks */,
				02DB41681DCD1DB000E04176 /* libRCTText.a in Frameworks */,
				02DB41691DCD1DB000E04176 /* libRCTVibration.a in Frameworks */,
				02DB416A1DCD1DB000E04176 /* libRCTWebSocket.a in Frameworks */,
				02DB416B1DCD1DB000E04176 /* StoreKit.framework in Frameworks */,
				02DB416C1DCD1DB000E04176 /* libRNVectorIcons.a in Frameworks */,
				02DB416D1DCD1DB000E04176 /* libRNRandomBytes.a in Frameworks */,
				02DB416E1DCD1DB000E04176 /* libRNFS.a in Frameworks */,
				0221BCD31DDC710E00706A4F /* libRCTRestart.a in Frameworks */,
				0221BD381DDDC24900706A4F /* libRNImagePicker.a in Frameworks */,
				02BCD72A1DFDE9B3000B8FCF /* libRNFileOpener.a in Frameworks */,
				02210A821E01903D006D7AC0 /* libRNSound.a in Frameworks */,
				026B0DAA1E0384F300B24721 /* libRCTAnimation.a in Frameworks */,
				0210710F1E03967600687D5E /* libRNFetchBlob.a in Frameworks */,
				0222C3951E0C98B90084C586 /* libRCTPushNotification.a in Frameworks */,
				02BB9BCC1E416954004AF2AC /* libRNTouchIDValue.a in Frameworks */,
			);
			runOnlyForDeploymentPostprocessing = 0;
		};
		13B07F8C1A680F5B00A75B9A /* Frameworks */ = {
			isa = PBXFrameworksBuildPhase;
			buildActionMask = 2147483647;
			files = (
				02BCD72D1DFE1606000B8FCF /* QuickLook.framework in Frameworks */,
				146834051AC3E58100842450 /* libReact.a in Frameworks */,
				00C302E51ABCBA2D00DB3ED1 /* libRCTActionSheet.a in Frameworks */,
				00C302E71ABCBA2D00DB3ED1 /* libRCTGeolocation.a in Frameworks */,
				00C302E81ABCBA2D00DB3ED1 /* libRCTImage.a in Frameworks */,
				133E29F31AD74F7200F7D852 /* libRCTLinking.a in Frameworks */,
				00C302E91ABCBA2D00DB3ED1 /* libRCTNetwork.a in Frameworks */,
				139105C61AF99C1200B5F7CC /* libRCTSettings.a in Frameworks */,
				832341BD1AAA6AB300B99B32 /* libRCTText.a in Frameworks */,
				00C302EA1ABCBA2D00DB3ED1 /* libRCTVibration.a in Frameworks */,
				139FDEF61B0652A700C62182 /* libRCTWebSocket.a in Frameworks */,
				02277B151D6AEDC50020B31A /* StoreKit.framework in Frameworks */,
				02D764D31D9B13B300E7E57C /* libRNVectorIcons.a in Frameworks */,
				023A731F1DA6D58B00E47992 /* libRNRandomBytes.a in Frameworks */,
				02E096DA1DAE3B7600641B85 /* libRNFS.a in Frameworks */,
				0221BCD21DDC710400706A4F /* libRCTRestart.a in Frameworks */,
				0221BD371DDDC24200706A4F /* libRNImagePicker.a in Frameworks */,
				02BCD7291DFDE9AF000B8FCF /* libRNFileOpener.a in Frameworks */,
				02210A811E019037006D7AC0 /* libRNSound.a in Frameworks */,
				026B0DA91E0384EF00B24721 /* libRCTAnimation.a in Frameworks */,
				0210710E1E03967000687D5E /* libRNFetchBlob.a in Frameworks */,
				0222C3941E0C98B40084C586 /* libRCTPushNotification.a in Frameworks */,
				02CC88781E1E8988002BB078 /* libRNTouchIDValue.a in Frameworks */,
			);
			runOnlyForDeploymentPostprocessing = 0;
		};
/* End PBXFrameworksBuildPhase section */

/* Begin PBXGroup section */
		00C302A81ABCB8CE00DB3ED1 /* Products */ = {
			isa = PBXGroup;
			children = (
				00C302AC1ABCB8CE00DB3ED1 /* libRCTActionSheet.a */,
			);
			name = Products;
			sourceTree = "<group>";
		};
		00C302B61ABCB90400DB3ED1 /* Products */ = {
			isa = PBXGroup;
			children = (
				00C302BA1ABCB90400DB3ED1 /* libRCTGeolocation.a */,
			);
			name = Products;
			sourceTree = "<group>";
		};
		00C302BC1ABCB91800DB3ED1 /* Products */ = {
			isa = PBXGroup;
			children = (
				00C302C01ABCB91800DB3ED1 /* libRCTImage.a */,
				026B0D791E037FED00B24721 /* libRCTImage-tvOS.a */,
			);
			name = Products;
			sourceTree = "<group>";
		};
		00C302D41ABCB9D200DB3ED1 /* Products */ = {
			isa = PBXGroup;
			children = (
				00C302DC1ABCB9D200DB3ED1 /* libRCTNetwork.a */,
				026B0D811E037FED00B24721 /* libRCTNetwork-tvOS.a */,
			);
			name = Products;
			sourceTree = "<group>";
		};
		00C302E01ABCB9EE00DB3ED1 /* Products */ = {
			isa = PBXGroup;
			children = (
				00C302E41ABCB9EE00DB3ED1 /* libRCTVibration.a */,
			);
			name = Products;
			sourceTree = "<group>";
		};
		021071091E03965C00687D5E /* Products */ = {
			isa = PBXGroup;
			children = (
				0210710D1E03965C00687D5E /* libRNFetchBlob.a */,
			);
			name = Products;
			sourceTree = "<group>";
		};
		02210A6B1E01902A006D7AC0 /* Products */ = {
			isa = PBXGroup;
			children = (
				02210A7F1E01902A006D7AC0 /* libRNSound.a */,
			);
			name = Products;
			sourceTree = "<group>";
		};
		0221BCCD1DDC6D3C00706A4F /* Products */ = {
			isa = PBXGroup;
			children = (
				0221BCD11DDC6D3C00706A4F /* libRCTRestart.a */,
			);
			name = Products;
			sourceTree = "<group>";
		};
		0221BD241DDDC22700706A4F /* Products */ = {
			isa = PBXGroup;
			children = (
				0221BD341DDDC22700706A4F /* libRNImagePicker.a */,
			);
			name = Products;
			sourceTree = "<group>";
		};
		0222C3711E0C989D0084C586 /* Products */ = {
			isa = PBXGroup;
			children = (
				0222C3801E0C989D0084C586 /* libRCTPushNotification.a */,
				0222C3821E0C989D0084C586 /* libRCTPushNotification-tvOS.a */,
			);
			name = Products;
			sourceTree = "<group>";
		};
		026B0DA11E0384D600B24721 /* Products */ = {
			isa = PBXGroup;
			children = (
				026B0DA61E0384D700B24721 /* libRCTAnimation.a */,
				026B0DA81E0384D700B24721 /* libRCTAnimation-tvOS.a */,
			);
			name = Products;
			sourceTree = "<group>";
		};
		02BCD7241DFDE9A2000B8FCF /* Products */ = {
			isa = PBXGroup;
			children = (
				02BCD7281DFDE9A2000B8FCF /* libRNFileOpener.a */,
			);
			name = Products;
			sourceTree = "<group>";
		};
		02BCD72B1DFE1606000B8FCF /* Frameworks */ = {
			isa = PBXGroup;
			children = (
				02BCD72C1DFE1606000B8FCF /* QuickLook.framework */,
			);
			name = Frameworks;
			sourceTree = "<group>";
		};
		02CC88731E1E87D7002BB078 /* Products */ = {
			isa = PBXGroup;
			children = (
				02CC88771E1E87D7002BB078 /* libRNTouchIDValue.a */,
			);
			name = Products;
			sourceTree = "<group>";
		};
		02D763E11D9918E800E7E57C /* Products */ = {
			isa = PBXGroup;
			children = (
				02D763F21D9918E800E7E57C /* libRNVectorIcons.a */,
			);
			name = Products;
			sourceTree = "<group>";
		};
		02E096C21DAE3B3B00641B85 /* Products */ = {
			isa = PBXGroup;
			children = (
				02E096D11DAE3B3B00641B85 /* libRNFS.a */,
			);
			name = Products;
			sourceTree = "<group>";
		};
		02FDD4A51DA6457E004E1D5A /* Products */ = {
			isa = PBXGroup;
			children = (
				02FDD4B41DA6457E004E1D5A /* libRNRandomBytes.a */,
			);
			name = Products;
			sourceTree = "<group>";
		};
		139105B71AF99BAD00B5F7CC /* Products */ = {
			isa = PBXGroup;
			children = (
				139105C11AF99BAD00B5F7CC /* libRCTSettings.a */,
				026B0D861E037FED00B24721 /* libRCTSettings-tvOS.a */,
			);
			name = Products;
			sourceTree = "<group>";
		};
		139FDEE71B06529A00C62182 /* Products */ = {
			isa = PBXGroup;
			children = (
				139FDEF41B06529B00C62182 /* libRCTWebSocket.a */,
				026B0D8F1E037FED00B24721 /* libRCTWebSocket-tvOS.a */,
			);
			name = Products;
			sourceTree = "<group>";
		};
		13B07FAE1A68108700A75B9A /* peeriomobile */ = {
			isa = PBXGroup;
			children = (
				02D764581D9AAF4D00E7E57C /* peeriomobile.entitlements */,
				02321C5C1D80558E00282EB1 /* main.jsbundle */,
				13B07FAF1A68108700A75B9A /* AppDelegate.h */,
				13B07FB01A68108700A75B9A /* AppDelegate.m */,
				13B07FB51A68108700A75B9A /* Images.xcassets */,
				13B07FB61A68108700A75B9A /* Info.plist */,
				13B07FB71A68108700A75B9A /* main.m */,
			);
			name = peeriomobile;
			sourceTree = "<group>";
		};
		146834001AC3E56700842450 /* Products */ = {
			isa = PBXGroup;
			children = (
				146834041AC3E56700842450 /* libReact.a */,
				026B0D931E037FED00B24721 /* libReact-tvOS.a */,
			);
			name = Products;
			sourceTree = "<group>";
		};
		78C398B11ACF4ADC00677621 /* Products */ = {
			isa = PBXGroup;
			children = (
				78C398B91ACF4ADC00677621 /* libRCTLinking.a */,
				026B0D7D1E037FED00B24721 /* libRCTLinking-tvOS.a */,
			);
			name = Products;
			sourceTree = "<group>";
		};
		832341AE1AAA6A7D00B99B32 /* Libraries */ = {
			isa = PBXGroup;
			children = (
				02CC88721E1E87D7002BB078 /* RNTouchIDValue.xcodeproj */,
				0222C3701E0C989D0084C586 /* RCTPushNotification.xcodeproj */,
				021071081E03965C00687D5E /* RNFetchBlob.xcodeproj */,
				026B0DA01E0384D600B24721 /* RCTAnimation.xcodeproj */,
				02210A6A1E01902A006D7AC0 /* RNSound.xcodeproj */,
				02BCD7231DFDE9A2000B8FCF /* RNFileOpener.xcodeproj */,
				0221BCCC1DDC6D3C00706A4F /* RCTRestart.xcodeproj */,
				146833FF1AC3E56700842450 /* React.xcodeproj */,
				00C302A71ABCB8CE00DB3ED1 /* RCTActionSheet.xcodeproj */,
				00C302B51ABCB90400DB3ED1 /* RCTGeolocation.xcodeproj */,
				00C302BB1ABCB91800DB3ED1 /* RCTImage.xcodeproj */,
				78C398B01ACF4ADC00677621 /* RCTLinking.xcodeproj */,
				00C302D31ABCB9D200DB3ED1 /* RCTNetwork.xcodeproj */,
				139105B61AF99BAD00B5F7CC /* RCTSettings.xcodeproj */,
				832341B01AAA6A8300B99B32 /* RCTText.xcodeproj */,
				00C302DF1ABCB9EE00DB3ED1 /* RCTVibration.xcodeproj */,
				139FDEE61B06529A00C62182 /* RCTWebSocket.xcodeproj */,
				53F9542E76844F59917732EA /* RNVectorIcons.xcodeproj */,
				081BA9E7BB014EC9A1CF87BA /* RNRandomBytes.xcodeproj */,
				85F72AE1AB9C4B249FDE6333 /* RNFS.xcodeproj */,
				88D6237453EF462AAED942D1 /* RNImagePicker.xcodeproj */,
			);
			name = Libraries;
			sourceTree = "<group>";
		};
		832341B11AAA6A8300B99B32 /* Products */ = {
			isa = PBXGroup;
			children = (
				832341B51AAA6A8300B99B32 /* libRCTText.a */,
				026B0D8A1E037FED00B24721 /* libRCTText-tvOS.a */,
			);
			name = Products;
			sourceTree = "<group>";
		};
		83CBB9F61A601CBA00E9B192 = {
			isa = PBXGroup;
			children = (
				02277B141D6AEDC50020B31A /* StoreKit.framework */,
				13B07FAE1A68108700A75B9A /* peeriomobile */,
				832341AE1AAA6A7D00B99B32 /* Libraries */,
				83CBBA001A601CBA00E9B192 /* Products */,
				EE3B3AB15A814B41A0267C44 /* Resources */,
				02BCD72B1DFE1606000B8FCF /* Frameworks */,
			);
			indentWidth = 2;
			sourceTree = "<group>";
			tabWidth = 2;
		};
		83CBBA001A601CBA00E9B192 /* Products */ = {
			isa = PBXGroup;
			children = (
				13B07F961A680F5B00A75B9A /* peeriomobile.app */,
				02DB417F1DCD1DB000E04176 /* expandoo.app */,
			);
			name = Products;
			sourceTree = "<group>";
		};
		EE3B3AB15A814B41A0267C44 /* Resources */ = {
			isa = PBXGroup;
			children = (
				02210A831E0191BA006D7AC0 /* sounds */,
				02E096DB1DAE50E100641B85 /* dict */,
				02E096B21DAE398B00641B85 /* locales */,
				02321C5A1D7F1BC100282EB1 /* MaterialIcons.ttf */,
				A0F64612EAF249BC98CB3DE2 /* Entypo.ttf */,
				21D883CDAA7C4E718E6EE873 /* EvilIcons.ttf */,
				A7DDFAC6A6F74107A3D45471 /* FontAwesome.ttf */,
				B836295CD1B344EBB035E1B6 /* Foundation.ttf */,
				ED79A42A8D3144739CE4C04B /* Ionicons.ttf */,
				DE216B2DFB25438F8922A621 /* Octicons.ttf */,
				1A7F1F7CA2F44844A0FC718E /* Zocial.ttf */,
			);
			name = Resources;
			sourceTree = "<group>";
		};
/* End PBXGroup section */

/* Begin PBXNativeTarget section */
		02DB415A1DCD1DB000E04176 /* expandoo */ = {
			isa = PBXNativeTarget;
			buildConfigurationList = 02DB417C1DCD1DB000E04176 /* Build configuration list for PBXNativeTarget "expandoo" */;
			buildPhases = (
				02DB415B1DCD1DB000E04176 /* Bundle React Native code and images */,
				02DB415C1DCD1DB000E04176 /* Sources */,
				02DB41601DCD1DB000E04176 /* Frameworks */,
				02DB416F1DCD1DB000E04176 /* Resources */,
			);
			buildRules = (
			);
			dependencies = (
			);
			name = expandoo;
			productName = "Hello World";
			productReference = 02DB417F1DCD1DB000E04176 /* expandoo.app */;
			productType = "com.apple.product-type.application";
		};
		13B07F861A680F5B00A75B9A /* peeriomobile */ = {
			isa = PBXNativeTarget;
			buildConfigurationList = 13B07F931A680F5B00A75B9A /* Build configuration list for PBXNativeTarget "peeriomobile" */;
			buildPhases = (
				00DD1BFF1BD5951E006B06BC /* Bundle React Native code and images */,
				13B07F871A680F5B00A75B9A /* Sources */,
				13B07F8C1A680F5B00A75B9A /* Frameworks */,
				13B07F8E1A680F5B00A75B9A /* Resources */,
			);
			buildRules = (
			);
			dependencies = (
			);
			name = peeriomobile;
			productName = "Hello World";
			productReference = 13B07F961A680F5B00A75B9A /* peeriomobile.app */;
			productType = "com.apple.product-type.application";
		};
/* End PBXNativeTarget section */

/* Begin PBXProject section */
		83CBB9F71A601CBA00E9B192 /* Project object */ = {
			isa = PBXProject;
			attributes = {
				LastUpgradeCheck = 800;
				ORGANIZATIONNAME = Facebook;
				TargetAttributes = {
					02DB415A1DCD1DB000E04176 = {
						DevelopmentTeam = 492SG86Y5S;
						ProvisioningStyle = Automatic;
					};
					13B07F861A680F5B00A75B9A = {
						DevelopmentTeam = 7L45B96YPK;
						ProvisioningStyle = Manual;
						SystemCapabilities = {
							com.apple.DataProtection = {
								enabled = 1;
							};
							com.apple.InAppPurchase = {
								enabled = 1;
							};
							com.apple.Push = {
								enabled = 1;
							};
						};
					};
				};
			};
			buildConfigurationList = 83CBB9FA1A601CBA00E9B192 /* Build configuration list for PBXProject "peeriomobile" */;
			compatibilityVersion = "Xcode 3.2";
			developmentRegion = English;
			hasScannedForEncodings = 0;
			knownRegions = (
				en,
				Base,
			);
			mainGroup = 83CBB9F61A601CBA00E9B192;
			productRefGroup = 83CBBA001A601CBA00E9B192 /* Products */;
			projectDirPath = "";
			projectReferences = (
				{
					ProductGroup = 00C302A81ABCB8CE00DB3ED1 /* Products */;
					ProjectRef = 00C302A71ABCB8CE00DB3ED1 /* RCTActionSheet.xcodeproj */;
				},
				{
					ProductGroup = 026B0DA11E0384D600B24721 /* Products */;
					ProjectRef = 026B0DA01E0384D600B24721 /* RCTAnimation.xcodeproj */;
				},
				{
					ProductGroup = 00C302B61ABCB90400DB3ED1 /* Products */;
					ProjectRef = 00C302B51ABCB90400DB3ED1 /* RCTGeolocation.xcodeproj */;
				},
				{
					ProductGroup = 00C302BC1ABCB91800DB3ED1 /* Products */;
					ProjectRef = 00C302BB1ABCB91800DB3ED1 /* RCTImage.xcodeproj */;
				},
				{
					ProductGroup = 78C398B11ACF4ADC00677621 /* Products */;
					ProjectRef = 78C398B01ACF4ADC00677621 /* RCTLinking.xcodeproj */;
				},
				{
					ProductGroup = 00C302D41ABCB9D200DB3ED1 /* Products */;
					ProjectRef = 00C302D31ABCB9D200DB3ED1 /* RCTNetwork.xcodeproj */;
				},
				{
					ProductGroup = 0222C3711E0C989D0084C586 /* Products */;
					ProjectRef = 0222C3701E0C989D0084C586 /* RCTPushNotification.xcodeproj */;
				},
				{
					ProductGroup = 0221BCCD1DDC6D3C00706A4F /* Products */;
					ProjectRef = 0221BCCC1DDC6D3C00706A4F /* RCTRestart.xcodeproj */;
				},
				{
					ProductGroup = 139105B71AF99BAD00B5F7CC /* Products */;
					ProjectRef = 139105B61AF99BAD00B5F7CC /* RCTSettings.xcodeproj */;
				},
				{
					ProductGroup = 832341B11AAA6A8300B99B32 /* Products */;
					ProjectRef = 832341B01AAA6A8300B99B32 /* RCTText.xcodeproj */;
				},
				{
					ProductGroup = 00C302E01ABCB9EE00DB3ED1 /* Products */;
					ProjectRef = 00C302DF1ABCB9EE00DB3ED1 /* RCTVibration.xcodeproj */;
				},
				{
					ProductGroup = 139FDEE71B06529A00C62182 /* Products */;
					ProjectRef = 139FDEE61B06529A00C62182 /* RCTWebSocket.xcodeproj */;
				},
				{
					ProductGroup = 146834001AC3E56700842450 /* Products */;
					ProjectRef = 146833FF1AC3E56700842450 /* React.xcodeproj */;
				},
				{
					ProductGroup = 021071091E03965C00687D5E /* Products */;
					ProjectRef = 021071081E03965C00687D5E /* RNFetchBlob.xcodeproj */;
				},
				{
					ProductGroup = 02BCD7241DFDE9A2000B8FCF /* Products */;
					ProjectRef = 02BCD7231DFDE9A2000B8FCF /* RNFileOpener.xcodeproj */;
				},
				{
					ProductGroup = 02E096C21DAE3B3B00641B85 /* Products */;
					ProjectRef = 85F72AE1AB9C4B249FDE6333 /* RNFS.xcodeproj */;
				},
				{
					ProductGroup = 0221BD241DDDC22700706A4F /* Products */;
					ProjectRef = 88D6237453EF462AAED942D1 /* RNImagePicker.xcodeproj */;
				},
				{
					ProductGroup = 02FDD4A51DA6457E004E1D5A /* Products */;
					ProjectRef = 081BA9E7BB014EC9A1CF87BA /* RNRandomBytes.xcodeproj */;
				},
				{
					ProductGroup = 02210A6B1E01902A006D7AC0 /* Products */;
					ProjectRef = 02210A6A1E01902A006D7AC0 /* RNSound.xcodeproj */;
				},
				{
					ProductGroup = 02CC88731E1E87D7002BB078 /* Products */;
					ProjectRef = 02CC88721E1E87D7002BB078 /* RNTouchIDValue.xcodeproj */;
				},
				{
					ProductGroup = 02D763E11D9918E800E7E57C /* Products */;
					ProjectRef = 53F9542E76844F59917732EA /* RNVectorIcons.xcodeproj */;
				},
			);
			projectRoot = "";
			targets = (
				13B07F861A680F5B00A75B9A /* peeriomobile */,
				02DB415A1DCD1DB000E04176 /* expandoo */,
			);
		};
/* End PBXProject section */

/* Begin PBXReferenceProxy section */
		00C302AC1ABCB8CE00DB3ED1 /* libRCTActionSheet.a */ = {
			isa = PBXReferenceProxy;
			fileType = archive.ar;
			path = libRCTActionSheet.a;
			remoteRef = 00C302AB1ABCB8CE00DB3ED1 /* PBXContainerItemProxy */;
			sourceTree = BUILT_PRODUCTS_DIR;
		};
		00C302BA1ABCB90400DB3ED1 /* libRCTGeolocation.a */ = {
			isa = PBXReferenceProxy;
			fileType = archive.ar;
			path = libRCTGeolocation.a;
			remoteRef = 00C302B91ABCB90400DB3ED1 /* PBXContainerItemProxy */;
			sourceTree = BUILT_PRODUCTS_DIR;
		};
		00C302C01ABCB91800DB3ED1 /* libRCTImage.a */ = {
			isa = PBXReferenceProxy;
			fileType = archive.ar;
			path = libRCTImage.a;
			remoteRef = 00C302BF1ABCB91800DB3ED1 /* PBXContainerItemProxy */;
			sourceTree = BUILT_PRODUCTS_DIR;
		};
		00C302DC1ABCB9D200DB3ED1 /* libRCTNetwork.a */ = {
			isa = PBXReferenceProxy;
			fileType = archive.ar;
			path = libRCTNetwork.a;
			remoteRef = 00C302DB1ABCB9D200DB3ED1 /* PBXContainerItemProxy */;
			sourceTree = BUILT_PRODUCTS_DIR;
		};
		00C302E41ABCB9EE00DB3ED1 /* libRCTVibration.a */ = {
			isa = PBXReferenceProxy;
			fileType = archive.ar;
			path = libRCTVibration.a;
			remoteRef = 00C302E31ABCB9EE00DB3ED1 /* PBXContainerItemProxy */;
			sourceTree = BUILT_PRODUCTS_DIR;
		};
		0210710D1E03965C00687D5E /* libRNFetchBlob.a */ = {
			isa = PBXReferenceProxy;
			fileType = archive.ar;
			path = libRNFetchBlob.a;
			remoteRef = 0210710C1E03965C00687D5E /* PBXContainerItemProxy */;
			sourceTree = BUILT_PRODUCTS_DIR;
		};
		02210A7F1E01902A006D7AC0 /* libRNSound.a */ = {
			isa = PBXReferenceProxy;
			fileType = archive.ar;
			path = libRNSound.a;
			remoteRef = 02210A7E1E01902A006D7AC0 /* PBXContainerItemProxy */;
			sourceTree = BUILT_PRODUCTS_DIR;
		};
		0221BCD11DDC6D3C00706A4F /* libRCTRestart.a */ = {
			isa = PBXReferenceProxy;
			fileType = archive.ar;
			path = libRCTRestart.a;
			remoteRef = 0221BCD01DDC6D3C00706A4F /* PBXContainerItemProxy */;
			sourceTree = BUILT_PRODUCTS_DIR;
		};
		0221BD341DDDC22700706A4F /* libRNImagePicker.a */ = {
			isa = PBXReferenceProxy;
			fileType = archive.ar;
			path = libRNImagePicker.a;
			remoteRef = 0221BD331DDDC22700706A4F /* PBXContainerItemProxy */;
			sourceTree = BUILT_PRODUCTS_DIR;
		};
		0222C3801E0C989D0084C586 /* libRCTPushNotification.a */ = {
			isa = PBXReferenceProxy;
			fileType = archive.ar;
			path = libRCTPushNotification.a;
			remoteRef = 0222C37F1E0C989D0084C586 /* PBXContainerItemProxy */;
			sourceTree = BUILT_PRODUCTS_DIR;
		};
		0222C3821E0C989D0084C586 /* libRCTPushNotification-tvOS.a */ = {
			isa = PBXReferenceProxy;
			fileType = archive.ar;
			path = "libRCTPushNotification-tvOS.a";
			remoteRef = 0222C3811E0C989D0084C586 /* PBXContainerItemProxy */;
			sourceTree = BUILT_PRODUCTS_DIR;
		};
		026B0D791E037FED00B24721 /* libRCTImage-tvOS.a */ = {
			isa = PBXReferenceProxy;
			fileType = archive.ar;
			path = "libRCTImage-tvOS.a";
			remoteRef = 026B0D781E037FED00B24721 /* PBXContainerItemProxy */;
			sourceTree = BUILT_PRODUCTS_DIR;
		};
		026B0D7D1E037FED00B24721 /* libRCTLinking-tvOS.a */ = {
			isa = PBXReferenceProxy;
			fileType = archive.ar;
			path = "libRCTLinking-tvOS.a";
			remoteRef = 026B0D7C1E037FED00B24721 /* PBXContainerItemProxy */;
			sourceTree = BUILT_PRODUCTS_DIR;
		};
		026B0D811E037FED00B24721 /* libRCTNetwork-tvOS.a */ = {
			isa = PBXReferenceProxy;
			fileType = archive.ar;
			path = "libRCTNetwork-tvOS.a";
			remoteRef = 026B0D801E037FED00B24721 /* PBXContainerItemProxy */;
			sourceTree = BUILT_PRODUCTS_DIR;
		};
		026B0D861E037FED00B24721 /* libRCTSettings-tvOS.a */ = {
			isa = PBXReferenceProxy;
			fileType = archive.ar;
			path = "libRCTSettings-tvOS.a";
			remoteRef = 026B0D851E037FED00B24721 /* PBXContainerItemProxy */;
			sourceTree = BUILT_PRODUCTS_DIR;
		};
		026B0D8A1E037FED00B24721 /* libRCTText-tvOS.a */ = {
			isa = PBXReferenceProxy;
			fileType = archive.ar;
			path = "libRCTText-tvOS.a";
			remoteRef = 026B0D891E037FED00B24721 /* PBXContainerItemProxy */;
			sourceTree = BUILT_PRODUCTS_DIR;
		};
		026B0D8F1E037FED00B24721 /* libRCTWebSocket-tvOS.a */ = {
			isa = PBXReferenceProxy;
			fileType = archive.ar;
			path = "libRCTWebSocket-tvOS.a";
			remoteRef = 026B0D8E1E037FED00B24721 /* PBXContainerItemProxy */;
			sourceTree = BUILT_PRODUCTS_DIR;
		};
		026B0D931E037FED00B24721 /* libReact-tvOS.a */ = {
			isa = PBXReferenceProxy;
			fileType = archive.ar;
			path = "libReact-tvOS.a";
			remoteRef = 026B0D921E037FED00B24721 /* PBXContainerItemProxy */;
			sourceTree = BUILT_PRODUCTS_DIR;
		};
		026B0DA61E0384D700B24721 /* libRCTAnimation.a */ = {
			isa = PBXReferenceProxy;
			fileType = archive.ar;
			path = libRCTAnimation.a;
			remoteRef = 026B0DA51E0384D700B24721 /* PBXContainerItemProxy */;
			sourceTree = BUILT_PRODUCTS_DIR;
		};
		026B0DA81E0384D700B24721 /* libRCTAnimation-tvOS.a */ = {
			isa = PBXReferenceProxy;
			fileType = archive.ar;
			path = "libRCTAnimation-tvOS.a";
			remoteRef = 026B0DA71E0384D700B24721 /* PBXContainerItemProxy */;
			sourceTree = BUILT_PRODUCTS_DIR;
		};
		02BCD7281DFDE9A2000B8FCF /* libRNFileOpener.a */ = {
			isa = PBXReferenceProxy;
			fileType = archive.ar;
			path = libRNFileOpener.a;
			remoteRef = 02BCD7271DFDE9A2000B8FCF /* PBXContainerItemProxy */;
			sourceTree = BUILT_PRODUCTS_DIR;
		};
		02CC88771E1E87D7002BB078 /* libRNTouchIDValue.a */ = {
			isa = PBXReferenceProxy;
			fileType = archive.ar;
			path = libRNTouchIDValue.a;
			remoteRef = 02CC88761E1E87D7002BB078 /* PBXContainerItemProxy */;
			sourceTree = BUILT_PRODUCTS_DIR;
		};
		02D763F21D9918E800E7E57C /* libRNVectorIcons.a */ = {
			isa = PBXReferenceProxy;
			fileType = archive.ar;
			path = libRNVectorIcons.a;
			remoteRef = 02D763F11D9918E800E7E57C /* PBXContainerItemProxy */;
			sourceTree = BUILT_PRODUCTS_DIR;
		};
		02E096D11DAE3B3B00641B85 /* libRNFS.a */ = {
			isa = PBXReferenceProxy;
			fileType = archive.ar;
			path = libRNFS.a;
			remoteRef = 02E096D01DAE3B3B00641B85 /* PBXContainerItemProxy */;
			sourceTree = BUILT_PRODUCTS_DIR;
		};
		02FDD4B41DA6457E004E1D5A /* libRNRandomBytes.a */ = {
			isa = PBXReferenceProxy;
			fileType = archive.ar;
			path = libRNRandomBytes.a;
			remoteRef = 02FDD4B31DA6457E004E1D5A /* PBXContainerItemProxy */;
			sourceTree = BUILT_PRODUCTS_DIR;
		};
		139105C11AF99BAD00B5F7CC /* libRCTSettings.a */ = {
			isa = PBXReferenceProxy;
			fileType = archive.ar;
			path = libRCTSettings.a;
			remoteRef = 139105C01AF99BAD00B5F7CC /* PBXContainerItemProxy */;
			sourceTree = BUILT_PRODUCTS_DIR;
		};
		139FDEF41B06529B00C62182 /* libRCTWebSocket.a */ = {
			isa = PBXReferenceProxy;
			fileType = archive.ar;
			path = libRCTWebSocket.a;
			remoteRef = 139FDEF31B06529B00C62182 /* PBXContainerItemProxy */;
			sourceTree = BUILT_PRODUCTS_DIR;
		};
		146834041AC3E56700842450 /* libReact.a */ = {
			isa = PBXReferenceProxy;
			fileType = archive.ar;
			path = libReact.a;
			remoteRef = 146834031AC3E56700842450 /* PBXContainerItemProxy */;
			sourceTree = BUILT_PRODUCTS_DIR;
		};
		78C398B91ACF4ADC00677621 /* libRCTLinking.a */ = {
			isa = PBXReferenceProxy;
			fileType = archive.ar;
			path = libRCTLinking.a;
			remoteRef = 78C398B81ACF4ADC00677621 /* PBXContainerItemProxy */;
			sourceTree = BUILT_PRODUCTS_DIR;
		};
		832341B51AAA6A8300B99B32 /* libRCTText.a */ = {
			isa = PBXReferenceProxy;
			fileType = archive.ar;
			path = libRCTText.a;
			remoteRef = 832341B41AAA6A8300B99B32 /* PBXContainerItemProxy */;
			sourceTree = BUILT_PRODUCTS_DIR;
		};
/* End PBXReferenceProxy section */

/* Begin PBXResourcesBuildPhase section */
		02DB416F1DCD1DB000E04176 /* Resources */ = {
			isa = PBXResourcesBuildPhase;
			buildActionMask = 2147483647;
			files = (
				02210A851E0191BA006D7AC0 /* sounds in Resources */,
				02DB41701DCD1DB000E04176 /* main.jsbundle in Resources */,
				02DB41711DCD1DB000E04176 /* locales in Resources */,
				02DB41721DCD1DB000E04176 /* MaterialIcons.ttf in Resources */,
				02DB41731DCD1DB000E04176 /* Entypo.ttf in Resources */,
				02DB41741DCD1DB000E04176 /* EvilIcons.ttf in Resources */,
				02DB41751DCD1DB000E04176 /* FontAwesome.ttf in Resources */,
				02DB41761DCD1DB000E04176 /* Foundation.ttf in Resources */,
				02DB41771DCD1DB000E04176 /* dict in Resources */,
				02DB41781DCD1DB000E04176 /* Ionicons.ttf in Resources */,
				02DB41791DCD1DB000E04176 /* Images.xcassets in Resources */,
				02DB417A1DCD1DB000E04176 /* Octicons.ttf in Resources */,
				02DB417B1DCD1DB000E04176 /* Zocial.ttf in Resources */,
			);
			runOnlyForDeploymentPostprocessing = 0;
		};
		13B07F8E1A680F5B00A75B9A /* Resources */ = {
			isa = PBXResourcesBuildPhase;
			buildActionMask = 2147483647;
			files = (
				02210A841E0191BA006D7AC0 /* sounds in Resources */,
				02321C5D1D80558E00282EB1 /* main.jsbundle in Resources */,
				02E096B31DAE398B00641B85 /* locales in Resources */,
				02321C5B1D7F1BC100282EB1 /* MaterialIcons.ttf in Resources */,
				86F7F88564164E3CA0B1265B /* Entypo.ttf in Resources */,
				CF69BA63107E428598B08410 /* EvilIcons.ttf in Resources */,
				51CAD96E068B4E2EAA239290 /* FontAwesome.ttf in Resources */,
				B73DC4B1F0BD4E63BE1B4BD5 /* Foundation.ttf in Resources */,
				02E096DC1DAE50E100641B85 /* dict in Resources */,
				8390076B9DE5486982F0EBE9 /* Ionicons.ttf in Resources */,
				02DB41591DCD1B1C00E04176 /* Images.xcassets in Resources */,
				1467A9A8E0304BE0953E715B /* Octicons.ttf in Resources */,
				17093292DCFB4EFBB929257F /* Zocial.ttf in Resources */,
			);
			runOnlyForDeploymentPostprocessing = 0;
		};
/* End PBXResourcesBuildPhase section */

/* Begin PBXShellScriptBuildPhase section */
		00DD1BFF1BD5951E006B06BC /* Bundle React Native code and images */ = {
			isa = PBXShellScriptBuildPhase;
			buildActionMask = 12;
			files = (
			);
			inputPaths = (
			);
			name = "Bundle React Native code and images";
			outputPaths = (
			);
			runOnlyForDeploymentPostprocessing = 0;
			shellPath = /bin/bash;
			shellScript = "cd $SRCROOT/..\nsource env.sh\n\nif [ \"$CONFIGURATION\" == \"Debug\" ] && [ -f \"ios/main.jsbundle\" ]; then\n    if lsof -Pi :8081 -sTCP:LISTEN -t >/dev/null ; then\n        echo \"Bundle RN: running sim and packager. skipping bundler.\"\n        exit 0\n    fi\nfi\n\nexport NODE_BINARY=node\n\n# clean up\nrm -f ios/main.jsbundle\nif [ \"$CONFIGURATION\" == \"Debug\" ]; then\n   ./node_modules/.bin/react-native bundle --entry-file index.ios.js --bundle-output ios/main.jsbundle --assets-dest \"$CONFIGURATION_BUILD_DIR/$UNLOCALIZED_RESOURCES_FOLDER_PATH\" --platform ios --reset-cache\nfi\nif [ \"$CONFIGURATION\" == \"Release\" ]; then\n    ./node_modules/.bin/react-native bundle --dev false --entry-file index.ios.js --bundle-output ios/main.jsbundle --assets-dest \"$CONFIGURATION_BUILD_DIR/$UNLOCALIZED_RESOURCES_FOLDER_PATH\" --platform ios --reset-cache\nfi\n# check that command was successful\n\nif [ ! -f ios/main.jsbundle ]; then\n    echo \"JS compilation failed. Please check the sources\"\n    exit 1\nfi\n";
		};
		02DB415B1DCD1DB000E04176 /* Bundle React Native code and images */ = {
			isa = PBXShellScriptBuildPhase;
			buildActionMask = 12;
			files = (
			);
			inputPaths = (
			);
			name = "Bundle React Native code and images";
			outputPaths = (
			);
			runOnlyForDeploymentPostprocessing = 0;
			shellPath = /bin/sh;
			shellScript = "export NODE_BINARY=node\n# ../node_modules/react-native/packager/react-native-xcode.sh\ncd $SRCROOT/..\nsource env-expandoo.sh\n# clean up\nrm -f ios/main.jsbundle\nif [ \"$CONFIGURATION\" == \"Debug\" ]; then\n     ./node_modules/.bin/react-native bundle --entry-file index.ios.js --bundle-output ios/main.jsbundle --assets-dest \"$CONFIGURATION_BUILD_DIR/$UNLOCALIZED_RESOURCES_FOLDER_PATH\" --platform ios --reset-cache\nfi\nif [ \"$CONFIGURATION\" == \"Release\" ]; then\n    ./node_modules/.bin/react-native bundle --dev false --entry-file index.ios.js --bundle-output ios/main.jsbundle --assets-dest \"$CONFIGURATION_BUILD_DIR/$UNLOCALIZED_RESOURCES_FOLDER_PATH\" --platform ios --reset-cache\nfi\n# check that command was successful\n\nif [ ! -f ios/main.jsbundle ]; then\n    echo \"JS compilation failed. Please check the sources\"\n    exit 1\nfi";
		};
/* End PBXShellScriptBuildPhase section */

/* Begin PBXSourcesBuildPhase section */
		02DB415C1DCD1DB000E04176 /* Sources */ = {
			isa = PBXSourcesBuildPhase;
			buildActionMask = 2147483647;
			files = (
				02DB415E1DCD1DB000E04176 /* AppDelegate.m in Sources */,
				02DB415F1DCD1DB000E04176 /* main.m in Sources */,
			);
			runOnlyForDeploymentPostprocessing = 0;
		};
		13B07F871A680F5B00A75B9A /* Sources */ = {
			isa = PBXSourcesBuildPhase;
			buildActionMask = 2147483647;
			files = (
				13B07FBC1A68108700A75B9A /* AppDelegate.m in Sources */,
				13B07FC11A68108700A75B9A /* main.m in Sources */,
			);
			runOnlyForDeploymentPostprocessing = 0;
		};
/* End PBXSourcesBuildPhase section */

/* Begin XCBuildConfiguration section */
		02DB417D1DCD1DB000E04176 /* Debug */ = {
			isa = XCBuildConfiguration;
			buildSettings = {
				ASSETCATALOG_COMPILER_APPICON_NAME = "AppIcon-2";
				ASSETCATALOG_COMPILER_LAUNCHIMAGE_NAME = "LaunchImage-1";
				CODE_SIGN_ENTITLEMENTS = peeriomobile/peeriomobile.entitlements;
				CODE_SIGN_IDENTITY = "iPhone Developer";
				"CODE_SIGN_IDENTITY[sdk=iphoneos*]" = "iPhone Developer";
				DEAD_CODE_STRIPPING = NO;
				DEVELOPMENT_TEAM = 492SG86Y5S;
				HEADER_SEARCH_PATHS = (
					"$(inherited)",
					/Applications/Xcode.app/Contents/Developer/Toolchains/XcodeDefault.xctoolchain/usr/include,
					"$(SRCROOT)/../node_modules/react-native/React/**",
					"$(SRCROOT)/../node_modules/react-native-autogrow-textinput/ios",
					"$(SRCROOT)/../node_modules/react-native-vector-icons/RNVectorIconsManager",
					"$(SRCROOT)/../node_modules/react-native-autogrow-textinput/ios",
					"$(SRCROOT)/../node_modules/react-native-randombytes",
					"$(SRCROOT)/../node_modules/react-native-tcp/ios/**",
					"$(SRCROOT)/../node_modules/react-native-udp/ios/**",
					"$(SRCROOT)/../node_modules/react-native-fs/**",
					"$(SRCROOT)/../node_modules/react-native-udp/ios/**",
					"$(SRCROOT)/../node_modules/react-native-auto-expanding-textinput/ios/AutoExpandingTextInput",
					"$(SRCROOT)/../node_modules/react-native-image-picker/ios",
					"$(SRCROOT)/../node_modules/react-native/Libraries/PushNotificationIOS",
				);
				INFOPLIST_FILE = "peeriomobile/Info-Expandoo.plist";
				IPHONEOS_DEPLOYMENT_TARGET = 8.0;
				LD_RUNPATH_SEARCH_PATHS = "$(inherited) @executable_path/Frameworks";
				LIBRARY_SEARCH_PATHS = (
					"$(inherited)",
					"\"$(SRCROOT)/peeriomobile\"",
					"\"$(SRCROOT)/peeriomobile\"",
					"\"$(SRCROOT)/peeriomobile\"",
					"\"$(SRCROOT)/peeriomobile\"",
					"\"$(SRCROOT)/peeriomobile\"",
					"\"$(SRCROOT)/peeriomobile\"",
					"\"$(SRCROOT)/peeriomobile\"",
					"\"$(SRCROOT)/peeriomobile\"",
					"\"$(SRCROOT)/$(TARGET_NAME)\"",
				);
				OTHER_LDFLAGS = (
					"$(inherited)",
					"-ObjC",
					"-lc++",
				);
				PRODUCT_BUNDLE_IDENTIFIER = com.expandoo;
				PRODUCT_NAME = "$(TARGET_NAME)";
				PROVISIONING_PROFILE = "";
				PROVISIONING_PROFILE_SPECIFIER = "";
				SYMROOT = build/Build/Products;
			};
			name = Debug;
		};
		02DB417E1DCD1DB000E04176 /* Release */ = {
			isa = XCBuildConfiguration;
			buildSettings = {
				ASSETCATALOG_COMPILER_APPICON_NAME = "AppIcon-2";
				ASSETCATALOG_COMPILER_LAUNCHIMAGE_NAME = "LaunchImage-1";
				CODE_SIGN_ENTITLEMENTS = peeriomobile/peeriomobile.entitlements;
				CODE_SIGN_IDENTITY = "iPhone Developer";
				"CODE_SIGN_IDENTITY[sdk=iphoneos*]" = "iPhone Developer";
				DEVELOPMENT_TEAM = 492SG86Y5S;
				HEADER_SEARCH_PATHS = (
					"$(inherited)",
					/Applications/Xcode.app/Contents/Developer/Toolchains/XcodeDefault.xctoolchain/usr/include,
					"$(SRCROOT)/../node_modules/react-native/React/**",
					"$(SRCROOT)/../node_modules/react-native-autogrow-textinput/ios",
					"$(SRCROOT)/../node_modules/react-native-vector-icons/RNVectorIconsManager",
					"$(SRCROOT)/../node_modules/react-native-autogrow-textinput/ios",
					"$(SRCROOT)/../node_modules/react-native-randombytes",
					"$(SRCROOT)/../node_modules/react-native-tcp/ios/**",
					"$(SRCROOT)/../node_modules/react-native-udp/ios/**",
					"$(SRCROOT)/../node_modules/react-native-fs/**",
					"$(SRCROOT)/../node_modules/react-native-udp/ios/**",
					"$(SRCROOT)/../node_modules/react-native-auto-expanding-textinput/ios/AutoExpandingTextInput",
					"$(SRCROOT)/../node_modules/react-native-image-picker/ios",
					"$(SRCROOT)/../node_modules/react-native/Libraries/PushNotificationIOS",
				);
				INFOPLIST_FILE = "peeriomobile/Info-Expandoo.plist";
				IPHONEOS_DEPLOYMENT_TARGET = 8.0;
				LD_RUNPATH_SEARCH_PATHS = "$(inherited) @executable_path/Frameworks";
				LIBRARY_SEARCH_PATHS = (
					"$(inherited)",
					"\"$(SRCROOT)/peeriomobile\"",
					"\"$(SRCROOT)/peeriomobile\"",
					"\"$(SRCROOT)/peeriomobile\"",
					"\"$(SRCROOT)/peeriomobile\"",
					"\"$(SRCROOT)/peeriomobile\"",
					"\"$(SRCROOT)/peeriomobile\"",
					"\"$(SRCROOT)/peeriomobile\"",
					"\"$(SRCROOT)/peeriomobile\"",
					"\"$(SRCROOT)/$(TARGET_NAME)\"",
				);
				OTHER_LDFLAGS = (
					"$(inherited)",
					"-ObjC",
					"-lc++",
				);
				PRODUCT_BUNDLE_IDENTIFIER = com.expandoo;
				PRODUCT_NAME = "$(TARGET_NAME)";
				SYMROOT = build/Build/Products;
			};
			name = Release;
		};
		13B07F941A680F5B00A75B9A /* Debug */ = {
			isa = XCBuildConfiguration;
			buildSettings = {
				ASSETCATALOG_COMPILER_APPICON_NAME = AppIcon;
				ASSETCATALOG_COMPILER_LAUNCHIMAGE_NAME = LaunchImage;
				CODE_SIGN_ENTITLEMENTS = peeriomobile/peeriomobile.entitlements;
				CODE_SIGN_IDENTITY = "iPhone Developer";
				"CODE_SIGN_IDENTITY[sdk=iphoneos*]" = "iPhone Developer";
				CURRENT_PROJECT_VERSION = 238;
				DEAD_CODE_STRIPPING = NO;
				DEVELOPMENT_TEAM = 7L45B96YPK;
				HEADER_SEARCH_PATHS = (
					"$(inherited)",
					/Applications/Xcode.app/Contents/Developer/Toolchains/XcodeDefault.xctoolchain/usr/include,
					"$(SRCROOT)/../node_modules/react-native/React/**",
					"$(SRCROOT)/../node_modules/react-native-autogrow-textinput/ios",
					"$(SRCROOT)/../node_modules/react-native-vector-icons/RNVectorIconsManager",
					"$(SRCROOT)/../node_modules/react-native-autogrow-textinput/ios",
					"$(SRCROOT)/../node_modules/react-native-randombytes",
					"$(SRCROOT)/../node_modules/react-native-tcp/ios/**",
					"$(SRCROOT)/../node_modules/react-native-udp/ios/**",
					"$(SRCROOT)/../node_modules/react-native-fs/**",
					"$(SRCROOT)/../node_modules/react-native-udp/ios/**",
					"$(SRCROOT)/../node_modules/react-native-auto-expanding-textinput/ios/AutoExpandingTextInput",
					"$(SRCROOT)/../node_modules/react-native-image-picker/ios",
					"$(SRCROOT)/../node_modules/react-native/Libraries/PushNotificationIOS",
				);
				INFOPLIST_FILE = peeriomobile/Info.plist;
				IPHONEOS_DEPLOYMENT_TARGET = 8.0;
				LD_RUNPATH_SEARCH_PATHS = "$(inherited) @executable_path/Frameworks";
				LIBRARY_SEARCH_PATHS = (
					"$(inherited)",
					"\"$(SRCROOT)/peeriomobile\"",
					"\"$(SRCROOT)/peeriomobile\"",
					"\"$(SRCROOT)/peeriomobile\"",
					"\"$(SRCROOT)/peeriomobile\"",
					"\"$(SRCROOT)/peeriomobile\"",
					"\"$(SRCROOT)/peeriomobile\"",
					"\"$(SRCROOT)/peeriomobile\"",
					"\"$(SRCROOT)/peeriomobile\"",
				);
				OTHER_LDFLAGS = (
					"$(inherited)",
					"-ObjC",
					"-lc++",
				);
				PRODUCT_BUNDLE_IDENTIFIER = com.peerio;
				PRODUCT_NAME = peeriomobile;
				PROVISIONING_PROFILE = "5845d9e1-1b93-4dfa-b427-ec5a08a1ae16";
				PROVISIONING_PROFILE_SPECIFIER = com.peerio.dev;
				SYMROOT = build/Build/Products;
			};
			name = Debug;
		};
		13B07F951A680F5B00A75B9A /* Release */ = {
			isa = XCBuildConfiguration;
			buildSettings = {
				ASSETCATALOG_COMPILER_APPICON_NAME = AppIcon;
				ASSETCATALOG_COMPILER_LAUNCHIMAGE_NAME = LaunchImage;
				CODE_SIGN_ENTITLEMENTS = peeriomobile/peeriomobile.entitlements;
				CODE_SIGN_IDENTITY = "iPhone Distribution: Technologies Peerio Inc. (7L45B96YPK)";
				"CODE_SIGN_IDENTITY[sdk=iphoneos*]" = "iPhone Distribution: Technologies Peerio Inc. (7L45B96YPK)";
				CURRENT_PROJECT_VERSION = 238;
				DEVELOPMENT_TEAM = 7L45B96YPK;
				HEADER_SEARCH_PATHS = (
					"$(inherited)",
					/Applications/Xcode.app/Contents/Developer/Toolchains/XcodeDefault.xctoolchain/usr/include,
					"$(SRCROOT)/../node_modules/react-native/React/**",
					"$(SRCROOT)/../node_modules/react-native-autogrow-textinput/ios",
					"$(SRCROOT)/../node_modules/react-native-vector-icons/RNVectorIconsManager",
					"$(SRCROOT)/../node_modules/react-native-autogrow-textinput/ios",
					"$(SRCROOT)/../node_modules/react-native-randombytes",
					"$(SRCROOT)/../node_modules/react-native-tcp/ios/**",
					"$(SRCROOT)/../node_modules/react-native-udp/ios/**",
					"$(SRCROOT)/../node_modules/react-native-fs/**",
					"$(SRCROOT)/../node_modules/react-native-udp/ios/**",
					"$(SRCROOT)/../node_modules/react-native-auto-expanding-textinput/ios/AutoExpandingTextInput",
					"$(SRCROOT)/../node_modules/react-native-image-picker/ios",
					"$(SRCROOT)/../node_modules/react-native/Libraries/PushNotificationIOS",
				);
				INFOPLIST_FILE = peeriomobile/Info.plist;
				IPHONEOS_DEPLOYMENT_TARGET = 8.0;
				LD_RUNPATH_SEARCH_PATHS = "$(inherited) @executable_path/Frameworks";
				LIBRARY_SEARCH_PATHS = (
					"$(inherited)",
					"\"$(SRCROOT)/peeriomobile\"",
					"\"$(SRCROOT)/peeriomobile\"",
					"\"$(SRCROOT)/peeriomobile\"",
					"\"$(SRCROOT)/peeriomobile\"",
					"\"$(SRCROOT)/peeriomobile\"",
					"\"$(SRCROOT)/peeriomobile\"",
					"\"$(SRCROOT)/peeriomobile\"",
					"\"$(SRCROOT)/peeriomobile\"",
				);
				OTHER_LDFLAGS = (
					"$(inherited)",
					"-ObjC",
					"-lc++",
				);
				PRODUCT_BUNDLE_IDENTIFIER = com.peerio;
				PRODUCT_NAME = peeriomobile;
				PROVISIONING_PROFILE = "1f70bad6-eabe-4771-adb8-bb46b73b0b2e";
				PROVISIONING_PROFILE_SPECIFIER = "com.peerio-new";
				SYMROOT = build/Build/Products;
			};
			name = Release;
		};
		83CBBA201A601CBA00E9B192 /* Debug */ = {
			isa = XCBuildConfiguration;
			buildSettings = {
				ALWAYS_SEARCH_USER_PATHS = NO;
				CLANG_CXX_LANGUAGE_STANDARD = "gnu++0x";
				CLANG_CXX_LIBRARY = "libc++";
				CLANG_ENABLE_MODULES = YES;
				CLANG_ENABLE_OBJC_ARC = YES;
				CLANG_WARN_BOOL_CONVERSION = YES;
				CLANG_WARN_CONSTANT_CONVERSION = YES;
				CLANG_WARN_DIRECT_OBJC_ISA_USAGE = YES_ERROR;
				CLANG_WARN_EMPTY_BODY = YES;
				CLANG_WARN_ENUM_CONVERSION = YES;
				CLANG_WARN_INFINITE_RECURSION = YES;
				CLANG_WARN_INT_CONVERSION = YES;
				CLANG_WARN_OBJC_ROOT_CLASS = YES_ERROR;
				CLANG_WARN_SUSPICIOUS_MOVE = YES;
				CLANG_WARN_UNREACHABLE_CODE = YES;
				CLANG_WARN__DUPLICATE_METHOD_MATCH = YES;
				"CODE_SIGN_IDENTITY[sdk=iphoneos*]" = "iPhone Developer";
				COPY_PHASE_STRIP = NO;
				ENABLE_STRICT_OBJC_MSGSEND = YES;
				ENABLE_TESTABILITY = YES;
				GCC_C_LANGUAGE_STANDARD = gnu99;
				GCC_DYNAMIC_NO_PIC = NO;
				GCC_NO_COMMON_BLOCKS = YES;
				GCC_OPTIMIZATION_LEVEL = 0;
				GCC_PREPROCESSOR_DEFINITIONS = (
					"DEBUG=1",
					"$(inherited)",
				);
				GCC_SYMBOLS_PRIVATE_EXTERN = NO;
				GCC_WARN_64_TO_32_BIT_CONVERSION = YES;
				GCC_WARN_ABOUT_RETURN_TYPE = YES_ERROR;
				GCC_WARN_UNDECLARED_SELECTOR = YES;
				GCC_WARN_UNINITIALIZED_AUTOS = YES_AGGRESSIVE;
				GCC_WARN_UNUSED_FUNCTION = YES;
				GCC_WARN_UNUSED_VARIABLE = YES;
				HEADER_SEARCH_PATHS = (
					"$(inherited)",
					/Applications/Xcode.app/Contents/Developer/Toolchains/XcodeDefault.xctoolchain/usr/include,
					"$(SRCROOT)/../node_modules/react-native/React/**",
					"$(SRCROOT)/../node_modules/react-native-autogrow-textinput/ios",
					"$(SRCROOT)/../node_modules/react-native-vector-icons/RNVectorIconsManager",
					"$(SRCROOT)/../node_modules/react-native-autogrow-textinput/ios",
					"$(SRCROOT)/../node_modules/react-native-randombytes",
					"$(SRCROOT)/../node_modules/react-native-tcp/ios/**",
					"$(SRCROOT)/../node_modules/react-native-udp/ios/**",
					"$(SRCROOT)/../node_modules/react-native-fs/**",
					"$(SRCROOT)/../node_modules/react-native-udp/ios/**",
					"$(SRCROOT)/../node_modules/react-native-auto-expanding-textinput/ios/AutoExpandingTextInput",
					"$(SRCROOT)/../node_modules/react-native-image-picker/ios",
				);
				IPHONEOS_DEPLOYMENT_TARGET = 8.0;
				MTL_ENABLE_DEBUG_INFO = YES;
				ONLY_ACTIVE_ARCH = YES;
				SDKROOT = iphoneos;
			};
			name = Debug;
		};
		83CBBA211A601CBA00E9B192 /* Release */ = {
			isa = XCBuildConfiguration;
			buildSettings = {
				ALWAYS_SEARCH_USER_PATHS = NO;
				CLANG_CXX_LANGUAGE_STANDARD = "gnu++0x";
				CLANG_CXX_LIBRARY = "libc++";
				CLANG_ENABLE_MODULES = YES;
				CLANG_ENABLE_OBJC_ARC = YES;
				CLANG_WARN_BOOL_CONVERSION = YES;
				CLANG_WARN_CONSTANT_CONVERSION = YES;
				CLANG_WARN_DIRECT_OBJC_ISA_USAGE = YES_ERROR;
				CLANG_WARN_EMPTY_BODY = YES;
				CLANG_WARN_ENUM_CONVERSION = YES;
				CLANG_WARN_INFINITE_RECURSION = YES;
				CLANG_WARN_INT_CONVERSION = YES;
				CLANG_WARN_OBJC_ROOT_CLASS = YES_ERROR;
				CLANG_WARN_SUSPICIOUS_MOVE = YES;
				CLANG_WARN_UNREACHABLE_CODE = YES;
				CLANG_WARN__DUPLICATE_METHOD_MATCH = YES;
				CODE_SIGN_IDENTITY = "iPhone Distribution";
				"CODE_SIGN_IDENTITY[sdk=iphoneos*]" = "iPhone Distribution";
				COPY_PHASE_STRIP = YES;
				ENABLE_NS_ASSERTIONS = NO;
				ENABLE_STRICT_OBJC_MSGSEND = YES;
				GCC_C_LANGUAGE_STANDARD = gnu99;
				GCC_NO_COMMON_BLOCKS = YES;
				GCC_WARN_64_TO_32_BIT_CONVERSION = YES;
				GCC_WARN_ABOUT_RETURN_TYPE = YES_ERROR;
				GCC_WARN_UNDECLARED_SELECTOR = YES;
				GCC_WARN_UNINITIALIZED_AUTOS = YES_AGGRESSIVE;
				GCC_WARN_UNUSED_FUNCTION = YES;
				GCC_WARN_UNUSED_VARIABLE = YES;
				HEADER_SEARCH_PATHS = (
					"$(inherited)",
					/Applications/Xcode.app/Contents/Developer/Toolchains/XcodeDefault.xctoolchain/usr/include,
					"$(SRCROOT)/../node_modules/react-native/React/**",
					"$(SRCROOT)/../node_modules/react-native-autogrow-textinput/ios",
					"$(SRCROOT)/../node_modules/react-native-vector-icons/RNVectorIconsManager",
					"$(SRCROOT)/../node_modules/react-native-autogrow-textinput/ios",
					"$(SRCROOT)/../node_modules/react-native-randombytes",
					"$(SRCROOT)/../node_modules/react-native-tcp/ios/**",
					"$(SRCROOT)/../node_modules/react-native-udp/ios/**",
					"$(SRCROOT)/../node_modules/react-native-fs/**",
					"$(SRCROOT)/../node_modules/react-native-udp/ios/**",
					"$(SRCROOT)/../node_modules/react-native-auto-expanding-textinput/ios/AutoExpandingTextInput",
					"$(SRCROOT)/../node_modules/react-native-image-picker/ios",
				);
				IPHONEOS_DEPLOYMENT_TARGET = 8.0;
				MTL_ENABLE_DEBUG_INFO = NO;
				SDKROOT = iphoneos;
				VALIDATE_PRODUCT = YES;
			};
			name = Release;
		};
/* End XCBuildConfiguration section */

/* Begin XCConfigurationList section */
		02DB417C1DCD1DB000E04176 /* Build configuration list for PBXNativeTarget "expandoo" */ = {
			isa = XCConfigurationList;
			buildConfigurations = (
				02DB417D1DCD1DB000E04176 /* Debug */,
				02DB417E1DCD1DB000E04176 /* Release */,
			);
			defaultConfigurationIsVisible = 0;
			defaultConfigurationName = Release;
		};
		13B07F931A680F5B00A75B9A /* Build configuration list for PBXNativeTarget "peeriomobile" */ = {
			isa = XCConfigurationList;
			buildConfigurations = (
				13B07F941A680F5B00A75B9A /* Debug */,
				13B07F951A680F5B00A75B9A /* Release */,
			);
			defaultConfigurationIsVisible = 0;
			defaultConfigurationName = Release;
		};
		83CBB9FA1A601CBA00E9B192 /* Build configuration list for PBXProject "peeriomobile" */ = {
			isa = XCConfigurationList;
			buildConfigurations = (
				83CBBA201A601CBA00E9B192 /* Debug */,
				83CBBA211A601CBA00E9B192 /* Release */,
			);
			defaultConfigurationIsVisible = 0;
			defaultConfigurationName = Release;
		};
/* End XCConfigurationList section */
	};
	rootObject = 83CBB9F71A601CBA00E9B192 /* Project object */;
}
